
Microsoft Visual Studio Solution File, Format Version 12.00
# Visual Studio 14
VisualStudioVersion = 14.0.24720.0
MinimumVisualStudioVersion = 10.0.40219.1
Project("{2150E333-8FDC-42A3-9474-1A3956D46DE8}") = "Ets.Mobile", "Ets.Mobile", "{71327AB8-5D30-486D-85AD-2F4A6A24D3BA}"
EndProject
Project("{2150E333-8FDC-42A3-9474-1A3956D46DE8}") = "Ets.Mobile.Tests", "Ets.Mobile.Tests", "{8E1D2687-AEF7-4FB6-A155-9A550615E128}"
EndProject
Project("{2150E333-8FDC-42A3-9474-1A3956D46DE8}") = "Modules", "Modules", "{0C6989AF-0235-40E5-8AA9-743684FBCA70}"
EndProject
Project("{2150E333-8FDC-42A3-9474-1A3956D46DE8}") = "WinRT", "WinRT", "{9566DD64-C8C9-48D3-A63B-0BFCF8E47A3B}"
EndProject
Project("{2150E333-8FDC-42A3-9474-1A3956D46DE8}") = "WinPhone", "WinPhone", "{CEC614B8-402F-48C7-94A2-DE460F355A01}"
EndProject
Project("{FAE04EC0-301F-11D3-BF4B-00C04F79EFBC}") = "Ets.Mobile.Business.WinPhone", "Ets.Mobile.Business.WinPhone\Ets.Mobile.Business.WinPhone.csproj", "{E222AB54-2F09-4B90-846F-B2A3EB893233}"
	ProjectSection(ProjectDependencies) = postProject
		{8070A42A-49A9-46A6-8BC1-DAA063BC3832} = {8070A42A-49A9-46A6-8BC1-DAA063BC3832}
		{B518CE6A-6381-4376-9023-D9A5710CC9DC} = {B518CE6A-6381-4376-9023-D9A5710CC9DC}
		{D09CB47F-C41A-4121-B6D8-02DD70BA9410} = {D09CB47F-C41A-4121-B6D8-02DD70BA9410}
		{CE35F282-6085-4910-BFE2-38A93C50CD8B} = {CE35F282-6085-4910-BFE2-38A93C50CD8B}
		{DB28D584-BA06-4FD9-BAA9-C593B8C57F8E} = {DB28D584-BA06-4FD9-BAA9-C593B8C57F8E}
		{F78A088C-306C-4C5D-B393-8FF9EA30ED8F} = {F78A088C-306C-4C5D-B393-8FF9EA30ED8F}
		{9413FC9E-7F92-41E5-BA27-3B29ED02FC42} = {9413FC9E-7F92-41E5-BA27-3B29ED02FC42}
		{9C143AA8-6734-4177-B131-510078CA8E12} = {9C143AA8-6734-4177-B131-510078CA8E12}
		{F30613AA-0EB9-4D44-B42F-ECAF50BDF7EC} = {F30613AA-0EB9-4D44-B42F-ECAF50BDF7EC}
		{D940F3AC-B1BF-4D18-8924-D7348F6318EA} = {D940F3AC-B1BF-4D18-8924-D7348F6318EA}
		{31018AC6-EBB8-4C95-80D8-B6529994E60B} = {31018AC6-EBB8-4C95-80D8-B6529994E60B}
	EndProjectSection
EndProject
Project("{FAE04EC0-301F-11D3-BF4B-00C04F79EFBC}") = "Ets.Mobile.Client.WinPhone", "Ets.Mobile.Client.WinPhone\Ets.Mobile.Client.WinPhone.csproj", "{7B995881-1066-4B64-9B58-92FE40397667}"
	ProjectSection(ProjectDependencies) = postProject
		{B518CE6A-6381-4376-9023-D9A5710CC9DC} = {B518CE6A-6381-4376-9023-D9A5710CC9DC}
		{F78A088C-306C-4C5D-B393-8FF9EA30ED8F} = {F78A088C-306C-4C5D-B393-8FF9EA30ED8F}
	EndProjectSection
EndProject
Project("{FAE04EC0-301F-11D3-BF4B-00C04F79EFBC}") = "Ets.Mobile.Entities.WinPhone", "Ets.Mobile.Entities.WinPhone\Ets.Mobile.Entities.WinPhone.csproj", "{CE35F282-6085-4910-BFE2-38A93C50CD8B}"
	ProjectSection(ProjectDependencies) = postProject
		{8070A42A-49A9-46A6-8BC1-DAA063BC3832} = {8070A42A-49A9-46A6-8BC1-DAA063BC3832}
		{B518CE6A-6381-4376-9023-D9A5710CC9DC} = {B518CE6A-6381-4376-9023-D9A5710CC9DC}
		{D09CB47F-C41A-4121-B6D8-02DD70BA9410} = {D09CB47F-C41A-4121-B6D8-02DD70BA9410}
		{DB28D584-BA06-4FD9-BAA9-C593B8C57F8E} = {DB28D584-BA06-4FD9-BAA9-C593B8C57F8E}
		{F78A088C-306C-4C5D-B393-8FF9EA30ED8F} = {F78A088C-306C-4C5D-B393-8FF9EA30ED8F}
		{9413FC9E-7F92-41E5-BA27-3B29ED02FC42} = {9413FC9E-7F92-41E5-BA27-3B29ED02FC42}
		{9C143AA8-6734-4177-B131-510078CA8E12} = {9C143AA8-6734-4177-B131-510078CA8E12}
		{F30613AA-0EB9-4D44-B42F-ECAF50BDF7EC} = {F30613AA-0EB9-4D44-B42F-ECAF50BDF7EC}
		{D940F3AC-B1BF-4D18-8924-D7348F6318EA} = {D940F3AC-B1BF-4D18-8924-D7348F6318EA}
		{31018AC6-EBB8-4C95-80D8-B6529994E60B} = {31018AC6-EBB8-4C95-80D8-B6529994E60B}
		{8FE53EE7-C620-4327-876A-BF2C2222CD7F} = {8FE53EE7-C620-4327-876A-BF2C2222CD7F}
	EndProjectSection
EndProject
Project("{FAE04EC0-301F-11D3-BF4B-00C04F79EFBC}") = "Ets.Mobile.ViewModel.WinPhone", "Ets.Mobile.ViewModel.WinPhone\Ets.Mobile.ViewModel.WinPhone.csproj", "{A059E0A6-8A78-4A53-B2A9-4EC0EFDFF71B}"
EndProject
Project("{FAE04EC0-301F-11D3-BF4B-00C04F79EFBC}") = "Ets.Mobile.WindowsPhone", "Ets.Mobile.WindowsPhone\Ets.Mobile.WindowsPhone.csproj", "{3E659F3B-A23D-4D6A-AD9D-684EB0C51E91}"
	ProjectSection(ProjectDependencies) = postProject
		{8070A42A-49A9-46A6-8BC1-DAA063BC3832} = {8070A42A-49A9-46A6-8BC1-DAA063BC3832}
		{B518CE6A-6381-4376-9023-D9A5710CC9DC} = {B518CE6A-6381-4376-9023-D9A5710CC9DC}
		{D09CB47F-C41A-4121-B6D8-02DD70BA9410} = {D09CB47F-C41A-4121-B6D8-02DD70BA9410}
		{DB28D584-BA06-4FD9-BAA9-C593B8C57F8E} = {DB28D584-BA06-4FD9-BAA9-C593B8C57F8E}
		{F78A088C-306C-4C5D-B393-8FF9EA30ED8F} = {F78A088C-306C-4C5D-B393-8FF9EA30ED8F}
		{AD458C94-DA3A-4940-BC31-A370AA0ADB5E} = {AD458C94-DA3A-4940-BC31-A370AA0ADB5E}
		{9413FC9E-7F92-41E5-BA27-3B29ED02FC42} = {9413FC9E-7F92-41E5-BA27-3B29ED02FC42}
		{9C143AA8-6734-4177-B131-510078CA8E12} = {9C143AA8-6734-4177-B131-510078CA8E12}
		{F30613AA-0EB9-4D44-B42F-ECAF50BDF7EC} = {F30613AA-0EB9-4D44-B42F-ECAF50BDF7EC}
		{D940F3AC-B1BF-4D18-8924-D7348F6318EA} = {D940F3AC-B1BF-4D18-8924-D7348F6318EA}
		{31018AC6-EBB8-4C95-80D8-B6529994E60B} = {31018AC6-EBB8-4C95-80D8-B6529994E60B}
		{76ED68D4-C68A-480B-94B6-22F56CB16F5F} = {76ED68D4-C68A-480B-94B6-22F56CB16F5F}
	EndProjectSection
EndProject
Project("{FAE04EC0-301F-11D3-BF4B-00C04F79EFBC}") = "Ets.Mobile.Business.WinRT", "Ets.Mobile.Business.WinRT\Ets.Mobile.Business.WinRT.csproj", "{51D4C81F-AC59-4516-B307-AFF1A779E11F}"
	ProjectSection(ProjectDependencies) = postProject
		{8070A42A-49A9-46A6-8BC1-DAA063BC3832} = {8070A42A-49A9-46A6-8BC1-DAA063BC3832}
		{9EC2ED5E-1099-4D6C-A0CA-C6D53DFEFFA4} = {9EC2ED5E-1099-4D6C-A0CA-C6D53DFEFFA4}
		{B518CE6A-6381-4376-9023-D9A5710CC9DC} = {B518CE6A-6381-4376-9023-D9A5710CC9DC}
		{D09CB47F-C41A-4121-B6D8-02DD70BA9410} = {D09CB47F-C41A-4121-B6D8-02DD70BA9410}
		{DB28D584-BA06-4FD9-BAA9-C593B8C57F8E} = {DB28D584-BA06-4FD9-BAA9-C593B8C57F8E}
		{17D45B8A-6118-4502-B079-227C45968C7C} = {17D45B8A-6118-4502-B079-227C45968C7C}
		{9413FC9E-7F92-41E5-BA27-3B29ED02FC42} = {9413FC9E-7F92-41E5-BA27-3B29ED02FC42}
		{F30613AA-0EB9-4D44-B42F-ECAF50BDF7EC} = {F30613AA-0EB9-4D44-B42F-ECAF50BDF7EC}
		{D940F3AC-B1BF-4D18-8924-D7348F6318EA} = {D940F3AC-B1BF-4D18-8924-D7348F6318EA}
		{31018AC6-EBB8-4C95-80D8-B6529994E60B} = {31018AC6-EBB8-4C95-80D8-B6529994E60B}
		{8FE53EE7-C620-4327-876A-BF2C2222CD7F} = {8FE53EE7-C620-4327-876A-BF2C2222CD7F}
	EndProjectSection
EndProject
Project("{FAE04EC0-301F-11D3-BF4B-00C04F79EFBC}") = "Ets.Mobile.Client.WinRT", "Ets.Mobile.Client.WinRT\Ets.Mobile.Client.WinRT.csproj", "{28E2EE97-79F2-4149-8DC3-CF8C93542376}"
	ProjectSection(ProjectDependencies) = postProject
		{B518CE6A-6381-4376-9023-D9A5710CC9DC} = {B518CE6A-6381-4376-9023-D9A5710CC9DC}
		{17D45B8A-6118-4502-B079-227C45968C7C} = {17D45B8A-6118-4502-B079-227C45968C7C}
		{F78A088C-306C-4C5D-B393-8FF9EA30ED8F} = {F78A088C-306C-4C5D-B393-8FF9EA30ED8F}
	EndProjectSection
EndProject
Project("{FAE04EC0-301F-11D3-BF4B-00C04F79EFBC}") = "Ets.Mobile.Entities.WinRT", "Ets.Mobile.Entities.WinRT\Ets.Mobile.Entities.WinRT.csproj", "{17D45B8A-6118-4502-B079-227C45968C7C}"
	ProjectSection(ProjectDependencies) = postProject
		{8070A42A-49A9-46A6-8BC1-DAA063BC3832} = {8070A42A-49A9-46A6-8BC1-DAA063BC3832}
		{9EC2ED5E-1099-4D6C-A0CA-C6D53DFEFFA4} = {9EC2ED5E-1099-4D6C-A0CA-C6D53DFEFFA4}
		{B518CE6A-6381-4376-9023-D9A5710CC9DC} = {B518CE6A-6381-4376-9023-D9A5710CC9DC}
		{D09CB47F-C41A-4121-B6D8-02DD70BA9410} = {D09CB47F-C41A-4121-B6D8-02DD70BA9410}
		{DB28D584-BA06-4FD9-BAA9-C593B8C57F8E} = {DB28D584-BA06-4FD9-BAA9-C593B8C57F8E}
		{F78A088C-306C-4C5D-B393-8FF9EA30ED8F} = {F78A088C-306C-4C5D-B393-8FF9EA30ED8F}
		{9413FC9E-7F92-41E5-BA27-3B29ED02FC42} = {9413FC9E-7F92-41E5-BA27-3B29ED02FC42}
		{F30613AA-0EB9-4D44-B42F-ECAF50BDF7EC} = {F30613AA-0EB9-4D44-B42F-ECAF50BDF7EC}
		{D940F3AC-B1BF-4D18-8924-D7348F6318EA} = {D940F3AC-B1BF-4D18-8924-D7348F6318EA}
		{31018AC6-EBB8-4C95-80D8-B6529994E60B} = {31018AC6-EBB8-4C95-80D8-B6529994E60B}
		{8FE53EE7-C620-4327-876A-BF2C2222CD7F} = {8FE53EE7-C620-4327-876A-BF2C2222CD7F}
	EndProjectSection
EndProject
Project("{FAE04EC0-301F-11D3-BF4B-00C04F79EFBC}") = "Ets.Mobile.ViewModel.WinRT", "Ets.Mobile.ViewModel.WinRT\Ets.Mobile.ViewModel.WinRT.csproj", "{D3500B1E-2074-4E90-BCDA-7BF56447BB2F}"
EndProject
Project("{FAE04EC0-301F-11D3-BF4B-00C04F79EFBC}") = "Ets.Mobile.Windows", "Ets.Mobile.Windows\Ets.Mobile.Windows.csproj", "{D939C457-A5A0-4E43-9259-EB0EE2245C14}"
	ProjectSection(ProjectDependencies) = postProject
		{8070A42A-49A9-46A6-8BC1-DAA063BC3832} = {8070A42A-49A9-46A6-8BC1-DAA063BC3832}
		{9EC2ED5E-1099-4D6C-A0CA-C6D53DFEFFA4} = {9EC2ED5E-1099-4D6C-A0CA-C6D53DFEFFA4}
		{B518CE6A-6381-4376-9023-D9A5710CC9DC} = {B518CE6A-6381-4376-9023-D9A5710CC9DC}
		{D09CB47F-C41A-4121-B6D8-02DD70BA9410} = {D09CB47F-C41A-4121-B6D8-02DD70BA9410}
		{DB28D584-BA06-4FD9-BAA9-C593B8C57F8E} = {DB28D584-BA06-4FD9-BAA9-C593B8C57F8E}
		{9413FC9E-7F92-41E5-BA27-3B29ED02FC42} = {9413FC9E-7F92-41E5-BA27-3B29ED02FC42}
		{F30613AA-0EB9-4D44-B42F-ECAF50BDF7EC} = {F30613AA-0EB9-4D44-B42F-ECAF50BDF7EC}
		{D940F3AC-B1BF-4D18-8924-D7348F6318EA} = {D940F3AC-B1BF-4D18-8924-D7348F6318EA}
		{31018AC6-EBB8-4C95-80D8-B6529994E60B} = {31018AC6-EBB8-4C95-80D8-B6529994E60B}
		{8FE53EE7-C620-4327-876A-BF2C2222CD7F} = {8FE53EE7-C620-4327-876A-BF2C2222CD7F}
		{F14DE3FE-015D-4D76-98A9-DC311AFCDC9B} = {F14DE3FE-015D-4D76-98A9-DC311AFCDC9B}
	EndProjectSection
EndProject
Project("{D954291E-2A0B-460D-934E-DC6B0785DB48}") = "Ets.Mobile.Shared", "Ets.Mobile.Shared\Ets.Mobile.Shared.shproj", "{8439660C-1AE2-4C77-B6C3-F12F1E66036F}"
EndProject
Project("{D954291E-2A0B-460D-934E-DC6B0785DB48}") = "Ets.Mobile.Business", "Ets.Mobile.Business\Ets.Mobile.Business.shproj", "{3C371094-033F-4F31-9E34-D52AB65DE73C}"
EndProject
Project("{D954291E-2A0B-460D-934E-DC6B0785DB48}") = "Ets.Mobile.Entities", "Ets.Mobile.Entities\Ets.Mobile.Entities.shproj", "{BD887228-1E81-4CA3-AA3E-13B82248299B}"
EndProject
Project("{D954291E-2A0B-460D-934E-DC6B0785DB48}") = "Ets.Mobile.Client", "Ets.Mobile.Client\Ets.Mobile.Client.shproj", "{60A7D9B5-1117-4146-A27A-E5E5111DF59D}"
EndProject
Project("{D954291E-2A0B-460D-934E-DC6B0785DB48}") = "Ets.Mobile.ViewModel", "Ets.Mobile.ViewModel\Ets.Mobile.ViewModel.shproj", "{C5A679B8-8F8E-451A-8A8E-45DDBEB3C57D}"
EndProject
Project("{2150E333-8FDC-42A3-9474-1A3956D46DE8}") = "WinPhone", "WinPhone", "{A03B0B09-D1F6-4017-9F46-EDBEC09D045A}"
EndProject
Project("{2150E333-8FDC-42A3-9474-1A3956D46DE8}") = "WinRT", "WinRT", "{F70AA869-67C9-4464-9E3E-88D6F06E86B2}"
EndProject
Project("{FAE04EC0-301F-11D3-BF4B-00C04F79EFBC}") = "Xaml.Converters", "Modules\Xaml.Converters\Xaml.Converters.csproj", "{D09CB47F-C41A-4121-B6D8-02DD70BA9410}"
EndProject
Project("{FAE04EC0-301F-11D3-BF4B-00C04F79EFBC}") = "Controls", "Modules\Controls\Controls.csproj", "{F30613AA-0EB9-4D44-B42F-ECAF50BDF7EC}"
EndProject
Project("{2150E333-8FDC-42A3-9474-1A3956D46DE8}") = "Logger.Crittercism", "Logger.Crittercism", "{548F1094-C26E-41B1-9502-51CB77201E46}"
EndProject
Project("{2150E333-8FDC-42A3-9474-1A3956D46DE8}") = "WinPhone", "WinPhone", "{7FFA7020-1E39-4418-92F7-C1DECFD14117}"
EndProject
Project("{2150E333-8FDC-42A3-9474-1A3956D46DE8}") = "WinRT", "WinRT", "{B794C1F3-2FBD-4F73-A2D1-6B7ED876EC24}"
EndProject
Project("{FAE04EC0-301F-11D3-BF4B-00C04F79EFBC}") = "Localization", "Modules\Localization\Localization.csproj", "{8070A42A-49A9-46A6-8BC1-DAA063BC3832}"
EndProject
Project("{FAE04EC0-301F-11D3-BF4B-00C04F79EFBC}") = "Logger", "Modules\Logger\Logger.csproj", "{DB28D584-BA06-4FD9-BAA9-C593B8C57F8E}"
EndProject
Project("{2150E333-8FDC-42A3-9474-1A3956D46DE8}") = "Messaging", "Messaging", "{15EB3C1C-0848-4FC6-A35D-8DEDAC16B13F}"
EndProject
Project("{FAE04EC0-301F-11D3-BF4B-00C04F79EFBC}") = "Messaging.Interfaces", "Modules\Messaging\Messaging.Interfaces\Messaging.Interfaces.csproj", "{B518CE6A-6381-4376-9023-D9A5710CC9DC}"
EndProject
Project("{2150E333-8FDC-42A3-9474-1A3956D46DE8}") = "Implementations", "Implementations", "{AEB622F4-F0F2-47C0-8DA3-F2D5BEAFECD5}"
EndProject
Project("{2150E333-8FDC-42A3-9474-1A3956D46DE8}") = "WinPhone", "WinPhone", "{CE8FDDA8-7339-4B52-9D31-DCBB1612C2D4}"
EndProject
Project("{2150E333-8FDC-42A3-9474-1A3956D46DE8}") = "WinRT", "WinRT", "{C77CE4DA-5DB5-463D-A92F-1ECA310362BF}"
EndProject
Project("{2150E333-8FDC-42A3-9474-1A3956D46DE8}") = "ReactiveUI", "ReactiveUI", "{284E8191-469E-4F5F-9AE5-FE2D34B9D62F}"
EndProject
Project("{FAE04EC0-301F-11D3-BF4B-00C04F79EFBC}") = "ReactiveUI.Extensions", "Modules\ReactiveUI\ReactiveUI.Extensions\ReactiveUI.Extensions.csproj", "{9413FC9E-7F92-41E5-BA27-3B29ED02FC42}"
EndProject
Project("{FAE04EC0-301F-11D3-BF4B-00C04F79EFBC}") = "Security", "Modules\Security\Security.csproj", "{D940F3AC-B1BF-4D18-8924-D7348F6318EA}"
EndProject
Project("{FAE04EC0-301F-11D3-BF4B-00C04F79EFBC}") = "Themes", "Modules\Themes\Themes.csproj", "{31018AC6-EBB8-4C95-80D8-B6529994E60B}"
EndProject
Project("{D954291E-2A0B-460D-934E-DC6B0785DB48}") = "Ets.Mobile.Shared.Tests", "Ets.Mobile.Tests\Ets.Mobile.Shared.Tests\Ets.Mobile.Shared.Tests.shproj", "{B9A9236C-1D52-458A-AF63-2D3DAE72EC3F}"
EndProject
Project("{D954291E-2A0B-460D-934E-DC6B0785DB48}") = "Ets.Mobile.Client.Shared.Tests", "Ets.Mobile.Tests\Ets.Mobile.Client.Shared.Tests\Ets.Mobile.Client.Shared.Tests.shproj", "{781EE956-C158-4CA0-96B0-CDAD31210026}"
EndProject
Project("{D954291E-2A0B-460D-934E-DC6B0785DB48}") = "Ets.Mobile.Business.Shared.Tests", "Ets.Mobile.Tests\Ets.Mobile.Business.Shared.Tests\Ets.Mobile.Business.Shared.Tests.shproj", "{073CFBD8-A2FB-4E23-BA1F-AFA6632CFC3E}"
EndProject
Project("{FAE04EC0-301F-11D3-BF4B-00C04F79EFBC}") = "Ets.Mobile.Business.WinRT.Tests", "Ets.Mobile.Tests\Ets.Mobile.Business.WinRT.Tests\Ets.Mobile.Business.WinRT.Tests.csproj", "{17769E85-F8B8-405A-A76A-7AADAF97BB69}"
	ProjectSection(ProjectDependencies) = postProject
		{D3500B1E-2074-4E90-BCDA-7BF56447BB2F} = {D3500B1E-2074-4E90-BCDA-7BF56447BB2F}
		{D939C457-A5A0-4E43-9259-EB0EE2245C14} = {D939C457-A5A0-4E43-9259-EB0EE2245C14}
		{B518CE6A-6381-4376-9023-D9A5710CC9DC} = {B518CE6A-6381-4376-9023-D9A5710CC9DC}
		{F78A088C-306C-4C5D-B393-8FF9EA30ED8F} = {F78A088C-306C-4C5D-B393-8FF9EA30ED8F}
		{28E2EE97-79F2-4149-8DC3-CF8C93542376} = {28E2EE97-79F2-4149-8DC3-CF8C93542376}
		{31018AC6-EBB8-4C95-80D8-B6529994E60B} = {31018AC6-EBB8-4C95-80D8-B6529994E60B}
		{8FE53EE7-C620-4327-876A-BF2C2222CD7F} = {8FE53EE7-C620-4327-876A-BF2C2222CD7F}
	EndProjectSection
EndProject
Project("{FAE04EC0-301F-11D3-BF4B-00C04F79EFBC}") = "Ets.Mobile.Client.WinRT.Tests", "Ets.Mobile.Tests\Ets.Mobile.Client.WinRT.Tests\Ets.Mobile.Client.WinRT.Tests.csproj", "{7B938688-57A4-41F9-9239-C86A4FE330B2}"
	ProjectSection(ProjectDependencies) = postProject
		{D3500B1E-2074-4E90-BCDA-7BF56447BB2F} = {D3500B1E-2074-4E90-BCDA-7BF56447BB2F}
		{D939C457-A5A0-4E43-9259-EB0EE2245C14} = {D939C457-A5A0-4E43-9259-EB0EE2245C14}
		{17769E85-F8B8-405A-A76A-7AADAF97BB69} = {17769E85-F8B8-405A-A76A-7AADAF97BB69}
		{31018AC6-EBB8-4C95-80D8-B6529994E60B} = {31018AC6-EBB8-4C95-80D8-B6529994E60B}
	EndProjectSection
EndProject
Project("{FAE04EC0-301F-11D3-BF4B-00C04F79EFBC}") = "Ets.Mobile.Business.WinPhone.Tests", "Ets.Mobile.Tests\Ets.Mobile.Business.WinPhone.Tests\Ets.Mobile.Business.WinPhone.Tests.csproj", "{82C93D76-299D-45C5-B90A-2C6C5E2FD8EF}"
	ProjectSection(ProjectDependencies) = postProject
		{7B995881-1066-4B64-9B58-92FE40397667} = {7B995881-1066-4B64-9B58-92FE40397667}
		{31018AC6-EBB8-4C95-80D8-B6529994E60B} = {31018AC6-EBB8-4C95-80D8-B6529994E60B}
	EndProjectSection
EndProject
Project("{FAE04EC0-301F-11D3-BF4B-00C04F79EFBC}") = "Universal.UI.Xaml.Controls", "Modules\Universal.UI.Xaml.Controls\Universal.UI.Xaml.Controls.csproj", "{AD458C94-DA3A-4940-BC31-A370AA0ADB5E}"
EndProject
Project("{D954291E-2A0B-460D-934E-DC6B0785DB48}") = "Ets.Mobile.Agent", "Ets.Mobile.Agent\Ets.Mobile.Agent.shproj", "{9D64D1F6-EF5F-44FD-AE78-174506B81399}"
EndProject
Project("{FAE04EC0-301F-11D3-BF4B-00C04F79EFBC}") = "Ets.Mobile.Agent.WinPhone", "Ets.Mobile.Agent.WinPhone\Ets.Mobile.Agent.WinPhone.csproj", "{DE843C4E-2EBD-43BE-BC0A-9055631AD9DD}"
EndProject
Project("{2150E333-8FDC-42A3-9474-1A3956D46DE8}") = "Logger.SplatLog", "Logger.SplatLog", "{B1A8DBF0-3CBB-4C10-B8B4-56E5EC98F692}"
EndProject
Project("{2150E333-8FDC-42A3-9474-1A3956D46DE8}") = "WinPhone", "WinPhone", "{C7C21CA7-EC99-481E-A535-CDC63A939857}"
EndProject
Project("{2150E333-8FDC-42A3-9474-1A3956D46DE8}") = "WinRT", "WinRT", "{2AE50E6A-C8DB-4CBB-9CAA-0C11896FAF22}"
EndProject
Project("{2150E333-8FDC-42A3-9474-1A3956D46DE8}") = "UWP", "UWP", "{6AC5EB5F-7CE8-45FD-AB80-58F60F871069}"
EndProject
Project("{FAE04EC0-301F-11D3-BF4B-00C04F79EFBC}") = "Ets.Mobile.Agent.UWP", "Ets.Mobile.Agent.UWP\Ets.Mobile.Agent.UWP.csproj", "{D5C136F1-423D-4F8B-8FBD-A9F7056C7A5D}"
EndProject
Project("{FAE04EC0-301F-11D3-BF4B-00C04F79EFBC}") = "Ets.Mobile.Business.UWP", "Ets.Mobile.Business.UWP\Ets.Mobile.Business.UWP.csproj", "{F4733142-7BB0-4896-9E9A-CB52B211CE77}"
EndProject
Project("{FAE04EC0-301F-11D3-BF4B-00C04F79EFBC}") = "Ets.Mobile.Client.UWP", "Ets.Mobile.Client.UWP\Ets.Mobile.Client.UWP.csproj", "{296F2129-D8D1-4609-9D8D-EFBF28C8E136}"
EndProject
Project("{FAE04EC0-301F-11D3-BF4B-00C04F79EFBC}") = "Ets.Mobile.UWP", "Ets.Mobile.UWP\Ets.Mobile.UWP.csproj", "{3212927C-3021-4B62-8152-BCC2641E6E7A}"
EndProject
Project("{FAE04EC0-301F-11D3-BF4B-00C04F79EFBC}") = "Ets.Mobile.ViewModel.UWP", "Ets.Mobile.ViewModel.UWP\Ets.Mobile.ViewModel.UWP.csproj", "{5FA26CA6-2D49-4B8A-9A64-7785B93842BE}"
EndProject
Project("{FAE04EC0-301F-11D3-BF4B-00C04F79EFBC}") = "Ets.Mobile.Entities.UWP", "Ets.Mobile.Entities.UWP\Ets.Mobile.Entities.UWP.csproj", "{CA11F29B-31A9-4545-AE6F-5A5EE41FDE72}"
EndProject
Project("{2150E333-8FDC-42A3-9474-1A3956D46DE8}") = "UWP", "UWP", "{1F9C80FB-B408-4B1B-820F-8BB39C0E68F5}"
EndProject
Project("{2150E333-8FDC-42A3-9474-1A3956D46DE8}") = "Implementations", "Implementations", "{1A8CAF73-3795-48AD-A010-41FF03D20A14}"
EndProject
Project("{2150E333-8FDC-42A3-9474-1A3956D46DE8}") = "UWP", "UWP", "{6BF9AE5F-2452-46BC-BAED-2AEE1716FCCE}"
EndProject
Project("{2150E333-8FDC-42A3-9474-1A3956D46DE8}") = "Implementations", "Implementations", "{0CD997C2-42CF-49FA-8D99-6280D7977769}"
EndProject
Project("{2150E333-8FDC-42A3-9474-1A3956D46DE8}") = "UWP", "UWP", "{075DB658-629A-477B-B252-39102AF82DA8}"
EndProject
Project("{D954291E-2A0B-460D-934E-DC6B0785DB48}") = "Logger.CrittercismLog", "Modules\Logger.Crittercism\Logger.CrittercismLog\Logger.CrittercismLog.shproj", "{FAD47FFE-D4B9-4670-BECA-A4C144CE2CF1}"
EndProject
Project("{FAE04EC0-301F-11D3-BF4B-00C04F79EFBC}") = "Logger.CrittercismLog.UWP", "Modules\Logger.Crittercism\Implementations\Logger.CrittercismLog.UWP\Logger.CrittercismLog.UWP.csproj", "{9433E83D-6018-4EBD-BC92-382CAC0C0BAE}"
EndProject
Project("{FAE04EC0-301F-11D3-BF4B-00C04F79EFBC}") = "Logger.CrittercismLog.WinPhone", "Modules\Logger.Crittercism\Implementations\Logger.CrittercismLog.WinPhone\Logger.CrittercismLog.WinPhone.csproj", "{9C143AA8-6734-4177-B131-510078CA8E12}"
EndProject
Project("{FAE04EC0-301F-11D3-BF4B-00C04F79EFBC}") = "Logger.CrittercismLog.WinRT", "Modules\Logger.Crittercism\Implementations\Logger.CrittercismLog.WinRT\Logger.CrittercismLog.WinRT.csproj", "{9EC2ED5E-1099-4D6C-A0CA-C6D53DFEFFA4}"
EndProject
Project("{D954291E-2A0B-460D-934E-DC6B0785DB48}") = "Logger.SplatLog", "Modules\Logger.SplatLog\Logger.SplatLog\Logger.SplatLog.shproj", "{B956C749-A748-428C-AD7A-E87D5EC29EBE}"
EndProject
Project("{FAE04EC0-301F-11D3-BF4B-00C04F79EFBC}") = "Logger.SplatLog.UWP", "Modules\Logger.SplatLog\Implementations\Logger.SplatLog.UWP\Logger.SplatLog.UWP.csproj", "{6CF638BE-D231-42BC-8954-0326D3FD7E44}"
EndProject
Project("{FAE04EC0-301F-11D3-BF4B-00C04F79EFBC}") = "Logger.SplatLog.WinPhone", "Modules\Logger.SplatLog\Implementations\Logger.SplatLog.WinPhone\Logger.SplatLog.WinPhone.csproj", "{76ED68D4-C68A-480B-94B6-22F56CB16F5F}"
EndProject
Project("{FAE04EC0-301F-11D3-BF4B-00C04F79EFBC}") = "Logger.SplatLog.WinRT", "Modules\Logger.SplatLog\Implementations\Logger.SplatLog.WinRT\Logger.SplatLog.WinRT.csproj", "{F14DE3FE-015D-4D76-98A9-DC311AFCDC9B}"
EndProject
Project("{D954291E-2A0B-460D-934E-DC6B0785DB48}") = "Messaging.UniversalApp", "Modules\Messaging\Implementations\Messaging.UniversalApp\Messaging.UniversalApp.shproj", "{3A40A61F-BBBF-4A75-B3E6-32D47F3DB5D0}"
EndProject
Project("{FAE04EC0-301F-11D3-BF4B-00C04F79EFBC}") = "Messaging.UniversalApp.UWP", "Modules\Messaging\Implementations\Messaging.UniversalApp.UWP\Messaging.UniversalApp.UWP.csproj", "{761A48F7-5E97-458B-8722-A09AFC7E73BE}"
EndProject
Project("{FAE04EC0-301F-11D3-BF4B-00C04F79EFBC}") = "Messaging.UniversalApp.WinPhone", "Modules\Messaging\Implementations\Messaging.UniversalApp.WinPhone\Messaging.UniversalApp.WinPhone.csproj", "{F78A088C-306C-4C5D-B393-8FF9EA30ED8F}"
EndProject
Project("{FAE04EC0-301F-11D3-BF4B-00C04F79EFBC}") = "Messaging.UniversalApp.WinRT", "Modules\Messaging\Implementations\Messaging.UniversalApp.WinRT\Messaging.UniversalApp.WinRT.csproj", "{8FE53EE7-C620-4327-876A-BF2C2222CD7F}"
EndProject
Project("{2150E333-8FDC-42A3-9474-1A3956D46DE8}") = "ReactiveUI.Xaml.Controls", "ReactiveUI.Xaml.Controls", "{590E72FF-5A39-4A9A-99E8-E11F4EFC8EBA}"
EndProject
Project("{2150E333-8FDC-42A3-9474-1A3956D46DE8}") = "UWP", "UWP", "{AC9EF09E-4AA1-4BC9-9CD4-C47DACE28CE1}"
EndProject
Project("{2150E333-8FDC-42A3-9474-1A3956D46DE8}") = "UAP", "UAP", "{7686C5FE-CC14-4EBB-BBB0-314D5CBE9BBE}"
EndProject
Project("{FAE04EC0-301F-11D3-BF4B-00C04F79EFBC}") = "ReactiveUI.Xaml.Controls.UWP", "Modules\ReactiveUI\ReactiveUI.Xaml.Controls\UWP\ReactiveUI.Xaml.Controls.UWP\ReactiveUI.Xaml.Controls.UWP.csproj", "{8588BCA2-D4E9-4B0B-B9D1-3572F03D0D64}"
EndProject
Project("{FAE04EC0-301F-11D3-BF4B-00C04F79EFBC}") = "ReactiveUI.Xaml.Controls.UAP", "Modules\ReactiveUI\ReactiveUI.Xaml.Controls\UAP\ReactiveUI.Xaml.Controls.UAP\ReactiveUI.Xaml.Controls.UAP.csproj", "{C8329A73-199D-44DE-B174-4D12189442CD}"
EndProject
Project("{D954291E-2A0B-460D-934E-DC6B0785DB48}") = "ReactiveUI.Xaml.Controls", "Modules\ReactiveUI\ReactiveUI.Xaml.Controls\ReactiveUI.Xaml.Controls\ReactiveUI.Xaml.Controls.shproj", "{69FE6DA9-0059-4835-9A82-931D20486470}"
EndProject
Project("{FAE04EC0-301F-11D3-BF4B-00C04F79EFBC}") = "Ets.Mobile.Agent.WinRT", "Ets.Mobile.Agent.WinRT\Ets.Mobile.Agent.WinRT.csproj", "{B4966A53-1581-4DAF-8A8A-F7E062CC8F05}"
EndProject
Global
	GlobalSection(SharedMSBuildProjectFiles) = preSolution
		Ets.Mobile.Tests\Ets.Mobile.Business.Shared.Tests\Ets.Mobile.Business.Shared.Tests.projitems*{82c93d76-299d-45c5-b90a-2c6c5e2fd8ef}*SharedItemsImports = 4
		Ets.Mobile.Tests\Ets.Mobile.Shared.Tests\Ets.Mobile.Shared.Tests.projitems*{82c93d76-299d-45c5-b90a-2c6c5e2fd8ef}*SharedItemsImports = 4
		Ets.Mobile.ViewModel\Ets.Mobile.ViewModel.projitems*{d3500b1e-2074-4e90-bcda-7bf56447bb2f}*SharedItemsImports = 4
		Modules\Messaging\Implementations\Messaging.UniversalApp\Messaging.UniversalApp.projitems*{761a48f7-5e97-458b-8722-a09afc7e73be}*SharedItemsImports = 4
		Ets.Mobile.Tests\Ets.Mobile.Shared.Tests\Ets.Mobile.Shared.Tests.projitems*{b9a9236c-1d52-458a-af63-2d3dae72ec3f}*SharedItemsImports = 13
		Modules\Logger.Crittercism\Logger.CrittercismLog\Logger.CrittercismLog.projitems*{fad47ffe-d4b9-4670-beca-a4c144ce2cf1}*SharedItemsImports = 13
		Modules\Logger.SplatLog\Logger.SplatLog\Logger.SplatLog.projitems*{76ed68d4-c68a-480b-94b6-22f56cb16f5f}*SharedItemsImports = 4
		Ets.Mobile.Client\Ets.Mobile.Client.projitems*{60a7d9b5-1117-4146-a27a-e5e5111df59d}*SharedItemsImports = 13
		Ets.Mobile.Tests\Ets.Mobile.Business.Shared.Tests\Ets.Mobile.Business.Shared.Tests.projitems*{17769e85-f8b8-405a-a76a-7aadaf97bb69}*SharedItemsImports = 4
		Ets.Mobile.Tests\Ets.Mobile.Shared.Tests\Ets.Mobile.Shared.Tests.projitems*{17769e85-f8b8-405a-a76a-7aadaf97bb69}*SharedItemsImports = 4
		Ets.Mobile.Entities\Ets.Mobile.Entities.projitems*{ce35f282-6085-4910-bfe2-38a93c50cd8b}*SharedItemsImports = 4
		Ets.Mobile.Shared\Ets.Mobile.Shared.projitems*{d939c457-a5a0-4e43-9259-eb0ee2245c14}*SharedItemsImports = 4
		Modules\ReactiveUI\ReactiveUI.Xaml.Controls\ReactiveUI.Xaml.Controls\ReactiveUI.Xaml.Controls.projitems*{c8329a73-199d-44de-b174-4d12189442cd}*SharedItemsImports = 4
		Ets.Mobile.Client\Ets.Mobile.Client.projitems*{28e2ee97-79f2-4149-8dc3-cf8c93542376}*SharedItemsImports = 4
		Ets.Mobile.Entities\Ets.Mobile.Entities.projitems*{ca11f29b-31a9-4545-ae6f-5a5ee41fde72}*SharedItemsImports = 4
		Modules\Logger.Crittercism\Logger.CrittercismLog\Logger.CrittercismLog.projitems*{9c143aa8-6734-4177-b131-510078ca8e12}*SharedItemsImports = 4
		Ets.Mobile.Entities\Ets.Mobile.Entities.projitems*{bd887228-1e81-4ca3-aa3e-13b82248299b}*SharedItemsImports = 13
		Modules\Messaging\Implementations\Messaging.UniversalApp\Messaging.UniversalApp.projitems*{3a40a61f-bbbf-4a75-b3e6-32d47f3db5d0}*SharedItemsImports = 13
		Modules\Logger.SplatLog\Logger.SplatLog\Logger.SplatLog.projitems*{6cf638be-d231-42bc-8954-0326d3fd7e44}*SharedItemsImports = 4
		Ets.Mobile.Shared\Ets.Mobile.Shared.projitems*{3212927c-3021-4b62-8152-bcc2641e6e7a}*SharedItemsImports = 4
		Modules\Logger.Crittercism\Logger.CrittercismLog\Logger.CrittercismLog.projitems*{9433e83d-6018-4ebd-bc92-382cac0c0bae}*SharedItemsImports = 4
		Ets.Mobile.Tests\Ets.Mobile.Client.Shared.Tests\Ets.Mobile.Client.Shared.Tests.projitems*{7b938688-57a4-41f9-9239-c86a4fe330b2}*SharedItemsImports = 4
		Ets.Mobile.Tests\Ets.Mobile.Shared.Tests\Ets.Mobile.Shared.Tests.projitems*{7b938688-57a4-41f9-9239-c86a4fe330b2}*SharedItemsImports = 4
		Ets.Mobile.Business\Ets.Mobile.Business.projitems*{3c371094-033f-4f31-9e34-d52ab65de73c}*SharedItemsImports = 13
		Ets.Mobile.Shared\Ets.Mobile.Shared.projitems*{3e659f3b-a23d-4d6a-ad9d-684eb0c51e91}*SharedItemsImports = 4
		Modules\Logger.SplatLog\Logger.SplatLog\Logger.SplatLog.projitems*{b956c749-a748-428c-ad7a-e87d5ec29ebe}*SharedItemsImports = 13
		Modules\Messaging\Implementations\Messaging.UniversalApp\Messaging.UniversalApp.projitems*{8fe53ee7-c620-4327-876a-bf2c2222cd7f}*SharedItemsImports = 4
		Ets.Mobile.Client\Ets.Mobile.Client.projitems*{7b995881-1066-4b64-9b58-92fe40397667}*SharedItemsImports = 4
		Modules\ReactiveUI\ReactiveUI.Xaml.Controls\ReactiveUI.Xaml.Controls\ReactiveUI.Xaml.Controls.projitems*{69fe6da9-0059-4835-9a82-931d20486470}*SharedItemsImports = 13
		Ets.Mobile.ViewModel\Ets.Mobile.ViewModel.projitems*{5fa26ca6-2d49-4b8a-9a64-7785b93842be}*SharedItemsImports = 4
		Ets.Mobile.Tests\Ets.Mobile.Business.Shared.Tests\Ets.Mobile.Business.Shared.Tests.projitems*{073cfbd8-a2fb-4e23-ba1f-afa6632cfc3e}*SharedItemsImports = 13
		Ets.Mobile.ViewModel\Ets.Mobile.ViewModel.projitems*{c5a679b8-8f8e-451a-8a8e-45ddbeb3c57d}*SharedItemsImports = 13
		Ets.Mobile.Client\Ets.Mobile.Client.projitems*{296f2129-d8d1-4609-9d8d-efbf28c8e136}*SharedItemsImports = 4
		Modules\Logger.SplatLog\Logger.SplatLog\Logger.SplatLog.projitems*{f14de3fe-015d-4d76-98a9-dc311afcdc9b}*SharedItemsImports = 4
		Ets.Mobile.Agent\Ets.Mobile.Agent.projitems*{d5c136f1-423d-4f8b-8fbd-a9f7056c7a5d}*SharedItemsImports = 4
		Ets.Mobile.Business\Ets.Mobile.Business.projitems*{f4733142-7bb0-4896-9e9a-cb52b211ce77}*SharedItemsImports = 4
		Modules\Logger.Crittercism\Logger.CrittercismLog\Logger.CrittercismLog.projitems*{9ec2ed5e-1099-4d6c-a0ca-c6d53dfeffa4}*SharedItemsImports = 4
		Modules\Messaging\Implementations\Messaging.UniversalApp\Messaging.UniversalApp.projitems*{f78a088c-306c-4c5d-b393-8ff9ea30ed8f}*SharedItemsImports = 4
		Ets.Mobile.Business\Ets.Mobile.Business.projitems*{51d4c81f-ac59-4516-b307-aff1a779e11f}*SharedItemsImports = 4
		Ets.Mobile.Entities\Ets.Mobile.Entities.projitems*{17d45b8a-6118-4502-b079-227c45968c7c}*SharedItemsImports = 4
		Ets.Mobile.Agent\Ets.Mobile.Agent.projitems*{b4966a53-1581-4daf-8a8a-f7e062cc8f05}*SharedItemsImports = 4
		Ets.Mobile.Agent\Ets.Mobile.Agent.projitems*{de843c4e-2ebd-43be-bc0a-9055631ad9dd}*SharedItemsImports = 4
		Ets.Mobile.ViewModel\Ets.Mobile.ViewModel.projitems*{a059e0a6-8a78-4a53-b2a9-4ec0efdff71b}*SharedItemsImports = 4
		Modules\ReactiveUI\ReactiveUI.Xaml.Controls\ReactiveUI.Xaml.Controls\ReactiveUI.Xaml.Controls.projitems*{8588bca2-d4e9-4b0b-b9d1-3572f03d0d64}*SharedItemsImports = 4
		Ets.Mobile.Agent\Ets.Mobile.Agent.projitems*{9d64d1f6-ef5f-44fd-ae78-174506b81399}*SharedItemsImports = 13
		Ets.Mobile.Shared\Ets.Mobile.Shared.projitems*{8439660c-1ae2-4c77-b6c3-f12f1e66036f}*SharedItemsImports = 13
		Ets.Mobile.Tests\Ets.Mobile.Client.Shared.Tests\Ets.Mobile.Client.Shared.Tests.projitems*{781ee956-c158-4ca0-96b0-cdad31210026}*SharedItemsImports = 13
		Ets.Mobile.Business\Ets.Mobile.Business.projitems*{e222ab54-2f09-4b90-846f-b2a3eb893233}*SharedItemsImports = 4
	EndGlobalSection
	GlobalSection(SolutionConfigurationPlatforms) = preSolution
		Debug|Any CPU = Debug|Any CPU
		Debug|ARM = Debug|ARM
		Debug|x86 = Debug|x86
		Release|Any CPU = Release|Any CPU
		Release|ARM = Release|ARM
		Release|x86 = Release|x86
	EndGlobalSection
	GlobalSection(ProjectConfigurationPlatforms) = postSolution
		{E222AB54-2F09-4B90-846F-B2A3EB893233}.Debug|Any CPU.ActiveCfg = Debug|x86
		{E222AB54-2F09-4B90-846F-B2A3EB893233}.Debug|ARM.ActiveCfg = Debug|ARM
		{E222AB54-2F09-4B90-846F-B2A3EB893233}.Debug|ARM.Build.0 = Debug|ARM
		{E222AB54-2F09-4B90-846F-B2A3EB893233}.Debug|x86.ActiveCfg = Debug|x86
		{E222AB54-2F09-4B90-846F-B2A3EB893233}.Debug|x86.Build.0 = Debug|x86
		{E222AB54-2F09-4B90-846F-B2A3EB893233}.Release|Any CPU.ActiveCfg = Release|x86
		{E222AB54-2F09-4B90-846F-B2A3EB893233}.Release|ARM.ActiveCfg = Release|ARM
		{E222AB54-2F09-4B90-846F-B2A3EB893233}.Release|ARM.Build.0 = Release|ARM
		{E222AB54-2F09-4B90-846F-B2A3EB893233}.Release|x86.ActiveCfg = Release|x86
		{E222AB54-2F09-4B90-846F-B2A3EB893233}.Release|x86.Build.0 = Release|x86
		{7B995881-1066-4B64-9B58-92FE40397667}.Debug|Any CPU.ActiveCfg = Debug|x86
		{7B995881-1066-4B64-9B58-92FE40397667}.Debug|ARM.ActiveCfg = Debug|ARM
		{7B995881-1066-4B64-9B58-92FE40397667}.Debug|ARM.Build.0 = Debug|ARM
		{7B995881-1066-4B64-9B58-92FE40397667}.Debug|x86.ActiveCfg = Debug|x86
		{7B995881-1066-4B64-9B58-92FE40397667}.Debug|x86.Build.0 = Debug|x86
		{7B995881-1066-4B64-9B58-92FE40397667}.Release|Any CPU.ActiveCfg = Release|x86
		{7B995881-1066-4B64-9B58-92FE40397667}.Release|ARM.ActiveCfg = Release|ARM
		{7B995881-1066-4B64-9B58-92FE40397667}.Release|ARM.Build.0 = Release|ARM
		{7B995881-1066-4B64-9B58-92FE40397667}.Release|x86.ActiveCfg = Release|x86
		{7B995881-1066-4B64-9B58-92FE40397667}.Release|x86.Build.0 = Release|x86
		{CE35F282-6085-4910-BFE2-38A93C50CD8B}.Debug|Any CPU.ActiveCfg = Debug|x86
		{CE35F282-6085-4910-BFE2-38A93C50CD8B}.Debug|ARM.ActiveCfg = Debug|ARM
		{CE35F282-6085-4910-BFE2-38A93C50CD8B}.Debug|ARM.Build.0 = Debug|ARM
		{CE35F282-6085-4910-BFE2-38A93C50CD8B}.Debug|x86.ActiveCfg = Debug|x86
		{CE35F282-6085-4910-BFE2-38A93C50CD8B}.Debug|x86.Build.0 = Debug|x86
		{CE35F282-6085-4910-BFE2-38A93C50CD8B}.Release|Any CPU.ActiveCfg = Release|x86
		{CE35F282-6085-4910-BFE2-38A93C50CD8B}.Release|ARM.ActiveCfg = Release|ARM
		{CE35F282-6085-4910-BFE2-38A93C50CD8B}.Release|ARM.Build.0 = Release|ARM
		{CE35F282-6085-4910-BFE2-38A93C50CD8B}.Release|x86.ActiveCfg = Release|x86
		{CE35F282-6085-4910-BFE2-38A93C50CD8B}.Release|x86.Build.0 = Release|x86
		{A059E0A6-8A78-4A53-B2A9-4EC0EFDFF71B}.Debug|Any CPU.ActiveCfg = Debug|x86
		{A059E0A6-8A78-4A53-B2A9-4EC0EFDFF71B}.Debug|ARM.ActiveCfg = Debug|ARM
		{A059E0A6-8A78-4A53-B2A9-4EC0EFDFF71B}.Debug|ARM.Build.0 = Debug|ARM
		{A059E0A6-8A78-4A53-B2A9-4EC0EFDFF71B}.Debug|x86.ActiveCfg = Debug|x86
		{A059E0A6-8A78-4A53-B2A9-4EC0EFDFF71B}.Debug|x86.Build.0 = Debug|x86
		{A059E0A6-8A78-4A53-B2A9-4EC0EFDFF71B}.Release|Any CPU.ActiveCfg = Release|x86
		{A059E0A6-8A78-4A53-B2A9-4EC0EFDFF71B}.Release|ARM.ActiveCfg = Release|ARM
		{A059E0A6-8A78-4A53-B2A9-4EC0EFDFF71B}.Release|ARM.Build.0 = Release|ARM
		{A059E0A6-8A78-4A53-B2A9-4EC0EFDFF71B}.Release|x86.ActiveCfg = Release|x86
		{A059E0A6-8A78-4A53-B2A9-4EC0EFDFF71B}.Release|x86.Build.0 = Release|x86
		{3E659F3B-A23D-4D6A-AD9D-684EB0C51E91}.Debug|Any CPU.ActiveCfg = Debug|x86
		{3E659F3B-A23D-4D6A-AD9D-684EB0C51E91}.Debug|ARM.ActiveCfg = Debug|ARM
		{3E659F3B-A23D-4D6A-AD9D-684EB0C51E91}.Debug|ARM.Build.0 = Debug|ARM
		{3E659F3B-A23D-4D6A-AD9D-684EB0C51E91}.Debug|ARM.Deploy.0 = Debug|ARM
		{3E659F3B-A23D-4D6A-AD9D-684EB0C51E91}.Debug|x86.ActiveCfg = Debug|x86
		{3E659F3B-A23D-4D6A-AD9D-684EB0C51E91}.Debug|x86.Build.0 = Debug|x86
		{3E659F3B-A23D-4D6A-AD9D-684EB0C51E91}.Debug|x86.Deploy.0 = Debug|x86
		{3E659F3B-A23D-4D6A-AD9D-684EB0C51E91}.Release|Any CPU.ActiveCfg = Release|x86
		{3E659F3B-A23D-4D6A-AD9D-684EB0C51E91}.Release|ARM.ActiveCfg = Release|ARM
		{3E659F3B-A23D-4D6A-AD9D-684EB0C51E91}.Release|ARM.Build.0 = Release|ARM
		{3E659F3B-A23D-4D6A-AD9D-684EB0C51E91}.Release|ARM.Deploy.0 = Release|ARM
		{3E659F3B-A23D-4D6A-AD9D-684EB0C51E91}.Release|x86.ActiveCfg = Release|x86
		{3E659F3B-A23D-4D6A-AD9D-684EB0C51E91}.Release|x86.Build.0 = Release|x86
		{3E659F3B-A23D-4D6A-AD9D-684EB0C51E91}.Release|x86.Deploy.0 = Release|x86
		{51D4C81F-AC59-4516-B307-AFF1A779E11F}.Debug|Any CPU.ActiveCfg = Debug|x86
		{51D4C81F-AC59-4516-B307-AFF1A779E11F}.Debug|ARM.ActiveCfg = Debug|ARM
		{51D4C81F-AC59-4516-B307-AFF1A779E11F}.Debug|ARM.Build.0 = Debug|ARM
		{51D4C81F-AC59-4516-B307-AFF1A779E11F}.Debug|x86.ActiveCfg = Debug|x86
		{51D4C81F-AC59-4516-B307-AFF1A779E11F}.Debug|x86.Build.0 = Debug|x86
		{51D4C81F-AC59-4516-B307-AFF1A779E11F}.Release|Any CPU.ActiveCfg = Release|x86
		{51D4C81F-AC59-4516-B307-AFF1A779E11F}.Release|ARM.ActiveCfg = Release|ARM
		{51D4C81F-AC59-4516-B307-AFF1A779E11F}.Release|ARM.Build.0 = Release|ARM
		{51D4C81F-AC59-4516-B307-AFF1A779E11F}.Release|x86.ActiveCfg = Release|x86
		{51D4C81F-AC59-4516-B307-AFF1A779E11F}.Release|x86.Build.0 = Release|x86
		{28E2EE97-79F2-4149-8DC3-CF8C93542376}.Debug|Any CPU.ActiveCfg = Debug|x86
		{28E2EE97-79F2-4149-8DC3-CF8C93542376}.Debug|ARM.ActiveCfg = Debug|ARM
		{28E2EE97-79F2-4149-8DC3-CF8C93542376}.Debug|ARM.Build.0 = Debug|ARM
		{28E2EE97-79F2-4149-8DC3-CF8C93542376}.Debug|x86.ActiveCfg = Debug|x86
		{28E2EE97-79F2-4149-8DC3-CF8C93542376}.Debug|x86.Build.0 = Debug|x86
		{28E2EE97-79F2-4149-8DC3-CF8C93542376}.Release|Any CPU.ActiveCfg = Release|x86
		{28E2EE97-79F2-4149-8DC3-CF8C93542376}.Release|ARM.ActiveCfg = Release|ARM
		{28E2EE97-79F2-4149-8DC3-CF8C93542376}.Release|ARM.Build.0 = Release|ARM
		{28E2EE97-79F2-4149-8DC3-CF8C93542376}.Release|x86.ActiveCfg = Release|x86
		{28E2EE97-79F2-4149-8DC3-CF8C93542376}.Release|x86.Build.0 = Release|x86
		{17D45B8A-6118-4502-B079-227C45968C7C}.Debug|Any CPU.ActiveCfg = Debug|x86
		{17D45B8A-6118-4502-B079-227C45968C7C}.Debug|ARM.ActiveCfg = Debug|ARM
		{17D45B8A-6118-4502-B079-227C45968C7C}.Debug|ARM.Build.0 = Debug|ARM
		{17D45B8A-6118-4502-B079-227C45968C7C}.Debug|x86.ActiveCfg = Debug|x86
		{17D45B8A-6118-4502-B079-227C45968C7C}.Debug|x86.Build.0 = Debug|x86
		{17D45B8A-6118-4502-B079-227C45968C7C}.Release|Any CPU.ActiveCfg = Release|x86
		{17D45B8A-6118-4502-B079-227C45968C7C}.Release|ARM.ActiveCfg = Release|ARM
		{17D45B8A-6118-4502-B079-227C45968C7C}.Release|ARM.Build.0 = Release|ARM
		{17D45B8A-6118-4502-B079-227C45968C7C}.Release|x86.ActiveCfg = Release|x86
		{17D45B8A-6118-4502-B079-227C45968C7C}.Release|x86.Build.0 = Release|x86
		{D3500B1E-2074-4E90-BCDA-7BF56447BB2F}.Debug|Any CPU.ActiveCfg = Debug|x86
		{D3500B1E-2074-4E90-BCDA-7BF56447BB2F}.Debug|ARM.ActiveCfg = Debug|ARM
		{D3500B1E-2074-4E90-BCDA-7BF56447BB2F}.Debug|ARM.Build.0 = Debug|ARM
		{D3500B1E-2074-4E90-BCDA-7BF56447BB2F}.Debug|x86.ActiveCfg = Debug|x86
		{D3500B1E-2074-4E90-BCDA-7BF56447BB2F}.Debug|x86.Build.0 = Debug|x86
		{D3500B1E-2074-4E90-BCDA-7BF56447BB2F}.Release|Any CPU.ActiveCfg = Release|x86
		{D3500B1E-2074-4E90-BCDA-7BF56447BB2F}.Release|ARM.ActiveCfg = Release|ARM
		{D3500B1E-2074-4E90-BCDA-7BF56447BB2F}.Release|ARM.Build.0 = Release|ARM
		{D3500B1E-2074-4E90-BCDA-7BF56447BB2F}.Release|x86.ActiveCfg = Release|x86
		{D3500B1E-2074-4E90-BCDA-7BF56447BB2F}.Release|x86.Build.0 = Release|x86
		{D939C457-A5A0-4E43-9259-EB0EE2245C14}.Debug|Any CPU.ActiveCfg = Debug|x86
		{D939C457-A5A0-4E43-9259-EB0EE2245C14}.Debug|ARM.ActiveCfg = Debug|ARM
		{D939C457-A5A0-4E43-9259-EB0EE2245C14}.Debug|ARM.Build.0 = Debug|ARM
		{D939C457-A5A0-4E43-9259-EB0EE2245C14}.Debug|ARM.Deploy.0 = Debug|ARM
		{D939C457-A5A0-4E43-9259-EB0EE2245C14}.Debug|x86.ActiveCfg = Debug|ARM
		{D939C457-A5A0-4E43-9259-EB0EE2245C14}.Debug|x86.Build.0 = Debug|ARM
		{D939C457-A5A0-4E43-9259-EB0EE2245C14}.Debug|x86.Deploy.0 = Debug|ARM
		{D939C457-A5A0-4E43-9259-EB0EE2245C14}.Release|Any CPU.ActiveCfg = Release|x86
		{D939C457-A5A0-4E43-9259-EB0EE2245C14}.Release|ARM.ActiveCfg = Release|ARM
		{D939C457-A5A0-4E43-9259-EB0EE2245C14}.Release|ARM.Build.0 = Release|ARM
		{D939C457-A5A0-4E43-9259-EB0EE2245C14}.Release|ARM.Deploy.0 = Release|ARM
		{D939C457-A5A0-4E43-9259-EB0EE2245C14}.Release|x86.ActiveCfg = Release|x86
		{D939C457-A5A0-4E43-9259-EB0EE2245C14}.Release|x86.Build.0 = Release|x86
		{D939C457-A5A0-4E43-9259-EB0EE2245C14}.Release|x86.Deploy.0 = Release|x86
		{D09CB47F-C41A-4121-B6D8-02DD70BA9410}.Debug|Any CPU.ActiveCfg = Debug|x86
		{D09CB47F-C41A-4121-B6D8-02DD70BA9410}.Debug|ARM.ActiveCfg = Debug|ARM
		{D09CB47F-C41A-4121-B6D8-02DD70BA9410}.Debug|ARM.Build.0 = Debug|ARM
		{D09CB47F-C41A-4121-B6D8-02DD70BA9410}.Debug|x86.ActiveCfg = Debug|x86
		{D09CB47F-C41A-4121-B6D8-02DD70BA9410}.Debug|x86.Build.0 = Debug|x86
		{D09CB47F-C41A-4121-B6D8-02DD70BA9410}.Release|Any CPU.ActiveCfg = Release|x86
		{D09CB47F-C41A-4121-B6D8-02DD70BA9410}.Release|ARM.ActiveCfg = Release|ARM
		{D09CB47F-C41A-4121-B6D8-02DD70BA9410}.Release|ARM.Build.0 = Release|ARM
		{D09CB47F-C41A-4121-B6D8-02DD70BA9410}.Release|x86.ActiveCfg = Release|x86
		{D09CB47F-C41A-4121-B6D8-02DD70BA9410}.Release|x86.Build.0 = Release|x86
		{F30613AA-0EB9-4D44-B42F-ECAF50BDF7EC}.Debug|Any CPU.ActiveCfg = Debug|x86
		{F30613AA-0EB9-4D44-B42F-ECAF50BDF7EC}.Debug|ARM.ActiveCfg = Debug|ARM
		{F30613AA-0EB9-4D44-B42F-ECAF50BDF7EC}.Debug|ARM.Build.0 = Debug|ARM
		{F30613AA-0EB9-4D44-B42F-ECAF50BDF7EC}.Debug|x86.ActiveCfg = Debug|x86
		{F30613AA-0EB9-4D44-B42F-ECAF50BDF7EC}.Debug|x86.Build.0 = Debug|x86
		{F30613AA-0EB9-4D44-B42F-ECAF50BDF7EC}.Release|Any CPU.ActiveCfg = Release|x86
		{F30613AA-0EB9-4D44-B42F-ECAF50BDF7EC}.Release|ARM.ActiveCfg = Release|ARM
		{F30613AA-0EB9-4D44-B42F-ECAF50BDF7EC}.Release|ARM.Build.0 = Release|ARM
		{F30613AA-0EB9-4D44-B42F-ECAF50BDF7EC}.Release|x86.ActiveCfg = Release|x86
		{F30613AA-0EB9-4D44-B42F-ECAF50BDF7EC}.Release|x86.Build.0 = Release|x86
		{8070A42A-49A9-46A6-8BC1-DAA063BC3832}.Debug|Any CPU.ActiveCfg = Debug|x86
		{8070A42A-49A9-46A6-8BC1-DAA063BC3832}.Debug|ARM.ActiveCfg = Debug|ARM
		{8070A42A-49A9-46A6-8BC1-DAA063BC3832}.Debug|ARM.Build.0 = Debug|ARM
		{8070A42A-49A9-46A6-8BC1-DAA063BC3832}.Debug|x86.ActiveCfg = Debug|x86
		{8070A42A-49A9-46A6-8BC1-DAA063BC3832}.Debug|x86.Build.0 = Debug|x86
		{8070A42A-49A9-46A6-8BC1-DAA063BC3832}.Release|Any CPU.ActiveCfg = Release|x86
		{8070A42A-49A9-46A6-8BC1-DAA063BC3832}.Release|ARM.ActiveCfg = Release|ARM
		{8070A42A-49A9-46A6-8BC1-DAA063BC3832}.Release|ARM.Build.0 = Release|ARM
		{8070A42A-49A9-46A6-8BC1-DAA063BC3832}.Release|x86.ActiveCfg = Release|x86
		{8070A42A-49A9-46A6-8BC1-DAA063BC3832}.Release|x86.Build.0 = Release|x86
		{DB28D584-BA06-4FD9-BAA9-C593B8C57F8E}.Debug|Any CPU.ActiveCfg = Debug|x86
		{DB28D584-BA06-4FD9-BAA9-C593B8C57F8E}.Debug|ARM.ActiveCfg = Debug|ARM
		{DB28D584-BA06-4FD9-BAA9-C593B8C57F8E}.Debug|ARM.Build.0 = Debug|ARM
		{DB28D584-BA06-4FD9-BAA9-C593B8C57F8E}.Debug|x86.ActiveCfg = Debug|x86
		{DB28D584-BA06-4FD9-BAA9-C593B8C57F8E}.Debug|x86.Build.0 = Debug|x86
		{DB28D584-BA06-4FD9-BAA9-C593B8C57F8E}.Release|Any CPU.ActiveCfg = Release|x86
		{DB28D584-BA06-4FD9-BAA9-C593B8C57F8E}.Release|ARM.ActiveCfg = Release|ARM
		{DB28D584-BA06-4FD9-BAA9-C593B8C57F8E}.Release|ARM.Build.0 = Release|ARM
		{DB28D584-BA06-4FD9-BAA9-C593B8C57F8E}.Release|x86.ActiveCfg = Release|x86
		{DB28D584-BA06-4FD9-BAA9-C593B8C57F8E}.Release|x86.Build.0 = Release|x86
		{B518CE6A-6381-4376-9023-D9A5710CC9DC}.Debug|Any CPU.ActiveCfg = Debug|x86
		{B518CE6A-6381-4376-9023-D9A5710CC9DC}.Debug|ARM.ActiveCfg = Debug|ARM
		{B518CE6A-6381-4376-9023-D9A5710CC9DC}.Debug|ARM.Build.0 = Debug|ARM
		{B518CE6A-6381-4376-9023-D9A5710CC9DC}.Debug|x86.ActiveCfg = Debug|x86
		{B518CE6A-6381-4376-9023-D9A5710CC9DC}.Debug|x86.Build.0 = Debug|x86
		{B518CE6A-6381-4376-9023-D9A5710CC9DC}.Release|Any CPU.ActiveCfg = Release|x86
		{B518CE6A-6381-4376-9023-D9A5710CC9DC}.Release|ARM.ActiveCfg = Release|ARM
		{B518CE6A-6381-4376-9023-D9A5710CC9DC}.Release|ARM.Build.0 = Release|ARM
		{B518CE6A-6381-4376-9023-D9A5710CC9DC}.Release|x86.ActiveCfg = Release|x86
		{B518CE6A-6381-4376-9023-D9A5710CC9DC}.Release|x86.Build.0 = Release|x86
		{9413FC9E-7F92-41E5-BA27-3B29ED02FC42}.Debug|Any CPU.ActiveCfg = Debug|x86
		{9413FC9E-7F92-41E5-BA27-3B29ED02FC42}.Debug|ARM.ActiveCfg = Debug|ARM
		{9413FC9E-7F92-41E5-BA27-3B29ED02FC42}.Debug|ARM.Build.0 = Debug|ARM
		{9413FC9E-7F92-41E5-BA27-3B29ED02FC42}.Debug|x86.ActiveCfg = Debug|x86
		{9413FC9E-7F92-41E5-BA27-3B29ED02FC42}.Debug|x86.Build.0 = Debug|x86
		{9413FC9E-7F92-41E5-BA27-3B29ED02FC42}.Release|Any CPU.ActiveCfg = Release|x86
		{9413FC9E-7F92-41E5-BA27-3B29ED02FC42}.Release|ARM.ActiveCfg = Release|ARM
		{9413FC9E-7F92-41E5-BA27-3B29ED02FC42}.Release|ARM.Build.0 = Release|ARM
		{9413FC9E-7F92-41E5-BA27-3B29ED02FC42}.Release|x86.ActiveCfg = Release|x86
		{9413FC9E-7F92-41E5-BA27-3B29ED02FC42}.Release|x86.Build.0 = Release|x86
		{D940F3AC-B1BF-4D18-8924-D7348F6318EA}.Debug|Any CPU.ActiveCfg = Debug|x86
		{D940F3AC-B1BF-4D18-8924-D7348F6318EA}.Debug|ARM.ActiveCfg = Debug|ARM
		{D940F3AC-B1BF-4D18-8924-D7348F6318EA}.Debug|ARM.Build.0 = Debug|ARM
		{D940F3AC-B1BF-4D18-8924-D7348F6318EA}.Debug|x86.ActiveCfg = Debug|x86
		{D940F3AC-B1BF-4D18-8924-D7348F6318EA}.Debug|x86.Build.0 = Debug|x86
		{D940F3AC-B1BF-4D18-8924-D7348F6318EA}.Release|Any CPU.ActiveCfg = Release|x86
		{D940F3AC-B1BF-4D18-8924-D7348F6318EA}.Release|ARM.ActiveCfg = Release|ARM
		{D940F3AC-B1BF-4D18-8924-D7348F6318EA}.Release|ARM.Build.0 = Release|ARM
		{D940F3AC-B1BF-4D18-8924-D7348F6318EA}.Release|x86.ActiveCfg = Release|x86
		{D940F3AC-B1BF-4D18-8924-D7348F6318EA}.Release|x86.Build.0 = Release|x86
		{31018AC6-EBB8-4C95-80D8-B6529994E60B}.Debug|Any CPU.ActiveCfg = Debug|x86
		{31018AC6-EBB8-4C95-80D8-B6529994E60B}.Debug|ARM.ActiveCfg = Debug|ARM
		{31018AC6-EBB8-4C95-80D8-B6529994E60B}.Debug|ARM.Build.0 = Debug|ARM
		{31018AC6-EBB8-4C95-80D8-B6529994E60B}.Debug|x86.ActiveCfg = Debug|x86
		{31018AC6-EBB8-4C95-80D8-B6529994E60B}.Debug|x86.Build.0 = Debug|x86
		{31018AC6-EBB8-4C95-80D8-B6529994E60B}.Release|Any CPU.ActiveCfg = Release|x86
		{31018AC6-EBB8-4C95-80D8-B6529994E60B}.Release|ARM.ActiveCfg = Release|ARM
		{31018AC6-EBB8-4C95-80D8-B6529994E60B}.Release|ARM.Build.0 = Release|ARM
		{31018AC6-EBB8-4C95-80D8-B6529994E60B}.Release|x86.ActiveCfg = Release|x86
		{31018AC6-EBB8-4C95-80D8-B6529994E60B}.Release|x86.Build.0 = Release|x86
		{17769E85-F8B8-405A-A76A-7AADAF97BB69}.Debug|Any CPU.ActiveCfg = Debug|x86
		{17769E85-F8B8-405A-A76A-7AADAF97BB69}.Debug|ARM.ActiveCfg = Debug|ARM
		{17769E85-F8B8-405A-A76A-7AADAF97BB69}.Debug|ARM.Build.0 = Debug|ARM
		{17769E85-F8B8-405A-A76A-7AADAF97BB69}.Debug|ARM.Deploy.0 = Debug|ARM
		{17769E85-F8B8-405A-A76A-7AADAF97BB69}.Debug|x86.ActiveCfg = Debug|x86
		{17769E85-F8B8-405A-A76A-7AADAF97BB69}.Debug|x86.Build.0 = Debug|x86
		{17769E85-F8B8-405A-A76A-7AADAF97BB69}.Debug|x86.Deploy.0 = Debug|x86
		{17769E85-F8B8-405A-A76A-7AADAF97BB69}.Release|Any CPU.ActiveCfg = Release|x86
		{17769E85-F8B8-405A-A76A-7AADAF97BB69}.Release|ARM.ActiveCfg = Release|ARM
		{17769E85-F8B8-405A-A76A-7AADAF97BB69}.Release|ARM.Build.0 = Release|ARM
		{17769E85-F8B8-405A-A76A-7AADAF97BB69}.Release|ARM.Deploy.0 = Release|ARM
		{17769E85-F8B8-405A-A76A-7AADAF97BB69}.Release|x86.ActiveCfg = Release|x86
		{17769E85-F8B8-405A-A76A-7AADAF97BB69}.Release|x86.Build.0 = Release|x86
		{17769E85-F8B8-405A-A76A-7AADAF97BB69}.Release|x86.Deploy.0 = Release|x86
		{7B938688-57A4-41F9-9239-C86A4FE330B2}.Debug|Any CPU.ActiveCfg = Debug|x86
		{7B938688-57A4-41F9-9239-C86A4FE330B2}.Debug|ARM.ActiveCfg = Debug|ARM
		{7B938688-57A4-41F9-9239-C86A4FE330B2}.Debug|ARM.Build.0 = Debug|ARM
		{7B938688-57A4-41F9-9239-C86A4FE330B2}.Debug|ARM.Deploy.0 = Debug|ARM
		{7B938688-57A4-41F9-9239-C86A4FE330B2}.Debug|x86.ActiveCfg = Debug|x86
		{7B938688-57A4-41F9-9239-C86A4FE330B2}.Debug|x86.Build.0 = Debug|x86
		{7B938688-57A4-41F9-9239-C86A4FE330B2}.Debug|x86.Deploy.0 = Debug|x86
		{7B938688-57A4-41F9-9239-C86A4FE330B2}.Release|Any CPU.ActiveCfg = Release|x86
		{7B938688-57A4-41F9-9239-C86A4FE330B2}.Release|ARM.ActiveCfg = Release|ARM
		{7B938688-57A4-41F9-9239-C86A4FE330B2}.Release|ARM.Build.0 = Release|ARM
		{7B938688-57A4-41F9-9239-C86A4FE330B2}.Release|ARM.Deploy.0 = Release|ARM
		{7B938688-57A4-41F9-9239-C86A4FE330B2}.Release|x86.ActiveCfg = Release|x86
		{7B938688-57A4-41F9-9239-C86A4FE330B2}.Release|x86.Build.0 = Release|x86
		{7B938688-57A4-41F9-9239-C86A4FE330B2}.Release|x86.Deploy.0 = Release|x86
		{82C93D76-299D-45C5-B90A-2C6C5E2FD8EF}.Debug|Any CPU.ActiveCfg = Debug|x86
		{82C93D76-299D-45C5-B90A-2C6C5E2FD8EF}.Debug|ARM.ActiveCfg = Debug|ARM
		{82C93D76-299D-45C5-B90A-2C6C5E2FD8EF}.Debug|ARM.Build.0 = Debug|ARM
		{82C93D76-299D-45C5-B90A-2C6C5E2FD8EF}.Debug|ARM.Deploy.0 = Debug|ARM
		{82C93D76-299D-45C5-B90A-2C6C5E2FD8EF}.Debug|x86.ActiveCfg = Debug|x86
		{82C93D76-299D-45C5-B90A-2C6C5E2FD8EF}.Debug|x86.Build.0 = Debug|x86
		{82C93D76-299D-45C5-B90A-2C6C5E2FD8EF}.Debug|x86.Deploy.0 = Debug|x86
		{82C93D76-299D-45C5-B90A-2C6C5E2FD8EF}.Release|Any CPU.ActiveCfg = Release|x86
		{82C93D76-299D-45C5-B90A-2C6C5E2FD8EF}.Release|ARM.ActiveCfg = Release|ARM
		{82C93D76-299D-45C5-B90A-2C6C5E2FD8EF}.Release|ARM.Build.0 = Release|ARM
		{82C93D76-299D-45C5-B90A-2C6C5E2FD8EF}.Release|ARM.Deploy.0 = Release|ARM
		{82C93D76-299D-45C5-B90A-2C6C5E2FD8EF}.Release|x86.ActiveCfg = Release|x86
		{82C93D76-299D-45C5-B90A-2C6C5E2FD8EF}.Release|x86.Build.0 = Release|x86
		{82C93D76-299D-45C5-B90A-2C6C5E2FD8EF}.Release|x86.Deploy.0 = Release|x86
		{AD458C94-DA3A-4940-BC31-A370AA0ADB5E}.Debug|Any CPU.ActiveCfg = Debug|x86
		{AD458C94-DA3A-4940-BC31-A370AA0ADB5E}.Debug|ARM.ActiveCfg = Debug|ARM
		{AD458C94-DA3A-4940-BC31-A370AA0ADB5E}.Debug|ARM.Build.0 = Debug|ARM
		{AD458C94-DA3A-4940-BC31-A370AA0ADB5E}.Debug|x86.ActiveCfg = Debug|x86
		{AD458C94-DA3A-4940-BC31-A370AA0ADB5E}.Debug|x86.Build.0 = Debug|x86
		{AD458C94-DA3A-4940-BC31-A370AA0ADB5E}.Release|Any CPU.ActiveCfg = Release|x86
		{AD458C94-DA3A-4940-BC31-A370AA0ADB5E}.Release|ARM.ActiveCfg = Release|ARM
		{AD458C94-DA3A-4940-BC31-A370AA0ADB5E}.Release|ARM.Build.0 = Release|ARM
		{AD458C94-DA3A-4940-BC31-A370AA0ADB5E}.Release|x86.ActiveCfg = Release|x86
		{AD458C94-DA3A-4940-BC31-A370AA0ADB5E}.Release|x86.Build.0 = Release|x86
		{DE843C4E-2EBD-43BE-BC0A-9055631AD9DD}.Debug|Any CPU.ActiveCfg = Debug|x86
		{DE843C4E-2EBD-43BE-BC0A-9055631AD9DD}.Debug|ARM.ActiveCfg = Debug|ARM
		{DE843C4E-2EBD-43BE-BC0A-9055631AD9DD}.Debug|ARM.Build.0 = Debug|ARM
		{DE843C4E-2EBD-43BE-BC0A-9055631AD9DD}.Debug|x86.ActiveCfg = Debug|x86
		{DE843C4E-2EBD-43BE-BC0A-9055631AD9DD}.Debug|x86.Build.0 = Debug|x86
		{DE843C4E-2EBD-43BE-BC0A-9055631AD9DD}.Release|Any CPU.ActiveCfg = Release|x86
		{DE843C4E-2EBD-43BE-BC0A-9055631AD9DD}.Release|ARM.ActiveCfg = Release|ARM
		{DE843C4E-2EBD-43BE-BC0A-9055631AD9DD}.Release|ARM.Build.0 = Release|ARM
		{DE843C4E-2EBD-43BE-BC0A-9055631AD9DD}.Release|x86.ActiveCfg = Release|x86
		{DE843C4E-2EBD-43BE-BC0A-9055631AD9DD}.Release|x86.Build.0 = Release|x86
		{D5C136F1-423D-4F8B-8FBD-A9F7056C7A5D}.Debug|Any CPU.ActiveCfg = Debug|x86
		{D5C136F1-423D-4F8B-8FBD-A9F7056C7A5D}.Debug|ARM.ActiveCfg = Debug|ARM
		{D5C136F1-423D-4F8B-8FBD-A9F7056C7A5D}.Debug|ARM.Build.0 = Debug|ARM
		{D5C136F1-423D-4F8B-8FBD-A9F7056C7A5D}.Debug|x86.ActiveCfg = Debug|x86
		{D5C136F1-423D-4F8B-8FBD-A9F7056C7A5D}.Debug|x86.Build.0 = Debug|x86
		{D5C136F1-423D-4F8B-8FBD-A9F7056C7A5D}.Release|Any CPU.ActiveCfg = Release|x86
		{D5C136F1-423D-4F8B-8FBD-A9F7056C7A5D}.Release|ARM.ActiveCfg = Release|ARM
		{D5C136F1-423D-4F8B-8FBD-A9F7056C7A5D}.Release|ARM.Build.0 = Release|ARM
		{D5C136F1-423D-4F8B-8FBD-A9F7056C7A5D}.Release|x86.ActiveCfg = Release|x86
		{D5C136F1-423D-4F8B-8FBD-A9F7056C7A5D}.Release|x86.Build.0 = Release|x86
		{F4733142-7BB0-4896-9E9A-CB52B211CE77}.Debug|Any CPU.ActiveCfg = Debug|x86
		{F4733142-7BB0-4896-9E9A-CB52B211CE77}.Debug|ARM.ActiveCfg = Debug|ARM
		{F4733142-7BB0-4896-9E9A-CB52B211CE77}.Debug|ARM.Build.0 = Debug|ARM
		{F4733142-7BB0-4896-9E9A-CB52B211CE77}.Debug|x86.ActiveCfg = Debug|x86
		{F4733142-7BB0-4896-9E9A-CB52B211CE77}.Debug|x86.Build.0 = Debug|x86
		{F4733142-7BB0-4896-9E9A-CB52B211CE77}.Release|Any CPU.ActiveCfg = Release|x86
		{F4733142-7BB0-4896-9E9A-CB52B211CE77}.Release|ARM.ActiveCfg = Release|ARM
		{F4733142-7BB0-4896-9E9A-CB52B211CE77}.Release|ARM.Build.0 = Release|ARM
		{F4733142-7BB0-4896-9E9A-CB52B211CE77}.Release|x86.ActiveCfg = Release|x86
		{F4733142-7BB0-4896-9E9A-CB52B211CE77}.Release|x86.Build.0 = Release|x86
		{296F2129-D8D1-4609-9D8D-EFBF28C8E136}.Debug|Any CPU.ActiveCfg = Debug|x86
		{296F2129-D8D1-4609-9D8D-EFBF28C8E136}.Debug|ARM.ActiveCfg = Debug|ARM
		{296F2129-D8D1-4609-9D8D-EFBF28C8E136}.Debug|ARM.Build.0 = Debug|ARM
		{296F2129-D8D1-4609-9D8D-EFBF28C8E136}.Debug|x86.ActiveCfg = Debug|x86
		{296F2129-D8D1-4609-9D8D-EFBF28C8E136}.Debug|x86.Build.0 = Debug|x86
		{296F2129-D8D1-4609-9D8D-EFBF28C8E136}.Release|Any CPU.ActiveCfg = Release|x86
		{296F2129-D8D1-4609-9D8D-EFBF28C8E136}.Release|ARM.ActiveCfg = Release|ARM
		{296F2129-D8D1-4609-9D8D-EFBF28C8E136}.Release|ARM.Build.0 = Release|ARM
		{296F2129-D8D1-4609-9D8D-EFBF28C8E136}.Release|x86.ActiveCfg = Release|x86
		{296F2129-D8D1-4609-9D8D-EFBF28C8E136}.Release|x86.Build.0 = Release|x86
		{3212927C-3021-4B62-8152-BCC2641E6E7A}.Debug|Any CPU.ActiveCfg = Debug|x86
		{3212927C-3021-4B62-8152-BCC2641E6E7A}.Debug|ARM.ActiveCfg = Debug|ARM
		{3212927C-3021-4B62-8152-BCC2641E6E7A}.Debug|ARM.Build.0 = Debug|ARM
		{3212927C-3021-4B62-8152-BCC2641E6E7A}.Debug|ARM.Deploy.0 = Debug|ARM
		{3212927C-3021-4B62-8152-BCC2641E6E7A}.Debug|x86.ActiveCfg = Debug|x86
		{3212927C-3021-4B62-8152-BCC2641E6E7A}.Debug|x86.Build.0 = Debug|x86
		{3212927C-3021-4B62-8152-BCC2641E6E7A}.Debug|x86.Deploy.0 = Debug|x86
		{3212927C-3021-4B62-8152-BCC2641E6E7A}.Release|Any CPU.ActiveCfg = Release|x86
		{3212927C-3021-4B62-8152-BCC2641E6E7A}.Release|ARM.ActiveCfg = Release|ARM
		{3212927C-3021-4B62-8152-BCC2641E6E7A}.Release|ARM.Build.0 = Release|ARM
		{3212927C-3021-4B62-8152-BCC2641E6E7A}.Release|ARM.Deploy.0 = Release|ARM
		{3212927C-3021-4B62-8152-BCC2641E6E7A}.Release|x86.ActiveCfg = Release|x86
		{3212927C-3021-4B62-8152-BCC2641E6E7A}.Release|x86.Build.0 = Release|x86
		{3212927C-3021-4B62-8152-BCC2641E6E7A}.Release|x86.Deploy.0 = Release|x86
		{5FA26CA6-2D49-4B8A-9A64-7785B93842BE}.Debug|Any CPU.ActiveCfg = Debug|x86
		{5FA26CA6-2D49-4B8A-9A64-7785B93842BE}.Debug|ARM.ActiveCfg = Debug|ARM
		{5FA26CA6-2D49-4B8A-9A64-7785B93842BE}.Debug|ARM.Build.0 = Debug|ARM
		{5FA26CA6-2D49-4B8A-9A64-7785B93842BE}.Debug|x86.ActiveCfg = Debug|x86
		{5FA26CA6-2D49-4B8A-9A64-7785B93842BE}.Debug|x86.Build.0 = Debug|x86
		{5FA26CA6-2D49-4B8A-9A64-7785B93842BE}.Release|Any CPU.ActiveCfg = Release|x86
		{5FA26CA6-2D49-4B8A-9A64-7785B93842BE}.Release|ARM.ActiveCfg = Release|ARM
		{5FA26CA6-2D49-4B8A-9A64-7785B93842BE}.Release|ARM.Build.0 = Release|ARM
		{5FA26CA6-2D49-4B8A-9A64-7785B93842BE}.Release|x86.ActiveCfg = Release|x86
		{5FA26CA6-2D49-4B8A-9A64-7785B93842BE}.Release|x86.Build.0 = Release|x86
		{CA11F29B-31A9-4545-AE6F-5A5EE41FDE72}.Debug|Any CPU.ActiveCfg = Debug|x86
		{CA11F29B-31A9-4545-AE6F-5A5EE41FDE72}.Debug|ARM.ActiveCfg = Debug|ARM
		{CA11F29B-31A9-4545-AE6F-5A5EE41FDE72}.Debug|ARM.Build.0 = Debug|ARM
		{CA11F29B-31A9-4545-AE6F-5A5EE41FDE72}.Debug|x86.ActiveCfg = Debug|x86
		{CA11F29B-31A9-4545-AE6F-5A5EE41FDE72}.Debug|x86.Build.0 = Debug|x86
		{CA11F29B-31A9-4545-AE6F-5A5EE41FDE72}.Release|Any CPU.ActiveCfg = Release|x86
		{CA11F29B-31A9-4545-AE6F-5A5EE41FDE72}.Release|ARM.ActiveCfg = Release|ARM
		{CA11F29B-31A9-4545-AE6F-5A5EE41FDE72}.Release|ARM.Build.0 = Release|ARM
		{CA11F29B-31A9-4545-AE6F-5A5EE41FDE72}.Release|x86.ActiveCfg = Release|x86
		{CA11F29B-31A9-4545-AE6F-5A5EE41FDE72}.Release|x86.Build.0 = Release|x86
		{9433E83D-6018-4EBD-BC92-382CAC0C0BAE}.Debug|Any CPU.ActiveCfg = Debug|x86
		{9433E83D-6018-4EBD-BC92-382CAC0C0BAE}.Debug|ARM.ActiveCfg = Debug|ARM
		{9433E83D-6018-4EBD-BC92-382CAC0C0BAE}.Debug|ARM.Build.0 = Debug|ARM
		{9433E83D-6018-4EBD-BC92-382CAC0C0BAE}.Debug|x86.ActiveCfg = Debug|x86
		{9433E83D-6018-4EBD-BC92-382CAC0C0BAE}.Debug|x86.Build.0 = Debug|x86
		{9433E83D-6018-4EBD-BC92-382CAC0C0BAE}.Release|Any CPU.ActiveCfg = Release|x86
		{9433E83D-6018-4EBD-BC92-382CAC0C0BAE}.Release|ARM.ActiveCfg = Release|ARM
		{9433E83D-6018-4EBD-BC92-382CAC0C0BAE}.Release|ARM.Build.0 = Release|ARM
		{9433E83D-6018-4EBD-BC92-382CAC0C0BAE}.Release|x86.ActiveCfg = Release|x86
		{9433E83D-6018-4EBD-BC92-382CAC0C0BAE}.Release|x86.Build.0 = Release|x86
		{9C143AA8-6734-4177-B131-510078CA8E12}.Debug|Any CPU.ActiveCfg = Debug|x86
		{9C143AA8-6734-4177-B131-510078CA8E12}.Debug|ARM.ActiveCfg = Debug|ARM
		{9C143AA8-6734-4177-B131-510078CA8E12}.Debug|ARM.Build.0 = Debug|ARM
		{9C143AA8-6734-4177-B131-510078CA8E12}.Debug|x86.ActiveCfg = Debug|x86
		{9C143AA8-6734-4177-B131-510078CA8E12}.Debug|x86.Build.0 = Debug|x86
		{9C143AA8-6734-4177-B131-510078CA8E12}.Release|Any CPU.ActiveCfg = Release|x86
		{9C143AA8-6734-4177-B131-510078CA8E12}.Release|ARM.ActiveCfg = Release|ARM
		{9C143AA8-6734-4177-B131-510078CA8E12}.Release|ARM.Build.0 = Release|ARM
		{9C143AA8-6734-4177-B131-510078CA8E12}.Release|x86.ActiveCfg = Release|x86
		{9C143AA8-6734-4177-B131-510078CA8E12}.Release|x86.Build.0 = Release|x86
		{9EC2ED5E-1099-4D6C-A0CA-C6D53DFEFFA4}.Debug|Any CPU.ActiveCfg = Debug|x86
		{9EC2ED5E-1099-4D6C-A0CA-C6D53DFEFFA4}.Debug|ARM.ActiveCfg = Debug|ARM
		{9EC2ED5E-1099-4D6C-A0CA-C6D53DFEFFA4}.Debug|ARM.Build.0 = Debug|ARM
		{9EC2ED5E-1099-4D6C-A0CA-C6D53DFEFFA4}.Debug|x86.ActiveCfg = Debug|x86
		{9EC2ED5E-1099-4D6C-A0CA-C6D53DFEFFA4}.Debug|x86.Build.0 = Debug|x86
		{9EC2ED5E-1099-4D6C-A0CA-C6D53DFEFFA4}.Release|Any CPU.ActiveCfg = Release|x86
		{9EC2ED5E-1099-4D6C-A0CA-C6D53DFEFFA4}.Release|ARM.ActiveCfg = Release|ARM
		{9EC2ED5E-1099-4D6C-A0CA-C6D53DFEFFA4}.Release|ARM.Build.0 = Release|ARM
		{9EC2ED5E-1099-4D6C-A0CA-C6D53DFEFFA4}.Release|x86.ActiveCfg = Release|x86
		{9EC2ED5E-1099-4D6C-A0CA-C6D53DFEFFA4}.Release|x86.Build.0 = Release|x86
		{6CF638BE-D231-42BC-8954-0326D3FD7E44}.Debug|Any CPU.ActiveCfg = Debug|x86
		{6CF638BE-D231-42BC-8954-0326D3FD7E44}.Debug|ARM.ActiveCfg = Debug|ARM
		{6CF638BE-D231-42BC-8954-0326D3FD7E44}.Debug|ARM.Build.0 = Debug|ARM
		{6CF638BE-D231-42BC-8954-0326D3FD7E44}.Debug|x86.ActiveCfg = Debug|x86
		{6CF638BE-D231-42BC-8954-0326D3FD7E44}.Debug|x86.Build.0 = Debug|x86
		{6CF638BE-D231-42BC-8954-0326D3FD7E44}.Release|Any CPU.ActiveCfg = Release|x86
		{6CF638BE-D231-42BC-8954-0326D3FD7E44}.Release|ARM.ActiveCfg = Release|ARM
		{6CF638BE-D231-42BC-8954-0326D3FD7E44}.Release|ARM.Build.0 = Release|ARM
		{6CF638BE-D231-42BC-8954-0326D3FD7E44}.Release|x86.ActiveCfg = Release|x86
		{6CF638BE-D231-42BC-8954-0326D3FD7E44}.Release|x86.Build.0 = Release|x86
		{76ED68D4-C68A-480B-94B6-22F56CB16F5F}.Debug|Any CPU.ActiveCfg = Debug|x86
		{76ED68D4-C68A-480B-94B6-22F56CB16F5F}.Debug|ARM.ActiveCfg = Debug|ARM
		{76ED68D4-C68A-480B-94B6-22F56CB16F5F}.Debug|ARM.Build.0 = Debug|ARM
		{76ED68D4-C68A-480B-94B6-22F56CB16F5F}.Debug|x86.ActiveCfg = Debug|x86
		{76ED68D4-C68A-480B-94B6-22F56CB16F5F}.Debug|x86.Build.0 = Debug|x86
		{76ED68D4-C68A-480B-94B6-22F56CB16F5F}.Release|Any CPU.ActiveCfg = Release|x86
		{76ED68D4-C68A-480B-94B6-22F56CB16F5F}.Release|ARM.ActiveCfg = Release|ARM
		{76ED68D4-C68A-480B-94B6-22F56CB16F5F}.Release|ARM.Build.0 = Release|ARM
		{76ED68D4-C68A-480B-94B6-22F56CB16F5F}.Release|x86.ActiveCfg = Release|x86
		{76ED68D4-C68A-480B-94B6-22F56CB16F5F}.Release|x86.Build.0 = Release|x86
		{F14DE3FE-015D-4D76-98A9-DC311AFCDC9B}.Debug|Any CPU.ActiveCfg = Debug|x86
		{F14DE3FE-015D-4D76-98A9-DC311AFCDC9B}.Debug|ARM.ActiveCfg = Debug|ARM
		{F14DE3FE-015D-4D76-98A9-DC311AFCDC9B}.Debug|ARM.Build.0 = Debug|ARM
		{F14DE3FE-015D-4D76-98A9-DC311AFCDC9B}.Debug|x86.ActiveCfg = Debug|x86
		{F14DE3FE-015D-4D76-98A9-DC311AFCDC9B}.Debug|x86.Build.0 = Debug|x86
		{F14DE3FE-015D-4D76-98A9-DC311AFCDC9B}.Release|Any CPU.ActiveCfg = Release|x86
		{F14DE3FE-015D-4D76-98A9-DC311AFCDC9B}.Release|ARM.ActiveCfg = Release|ARM
		{F14DE3FE-015D-4D76-98A9-DC311AFCDC9B}.Release|ARM.Build.0 = Release|ARM
		{F14DE3FE-015D-4D76-98A9-DC311AFCDC9B}.Release|x86.ActiveCfg = Release|x86
		{F14DE3FE-015D-4D76-98A9-DC311AFCDC9B}.Release|x86.Build.0 = Release|x86
		{761A48F7-5E97-458B-8722-A09AFC7E73BE}.Debug|Any CPU.ActiveCfg = Debug|x86
		{761A48F7-5E97-458B-8722-A09AFC7E73BE}.Debug|ARM.ActiveCfg = Debug|ARM
		{761A48F7-5E97-458B-8722-A09AFC7E73BE}.Debug|ARM.Build.0 = Debug|ARM
		{761A48F7-5E97-458B-8722-A09AFC7E73BE}.Debug|x86.ActiveCfg = Debug|x86
		{761A48F7-5E97-458B-8722-A09AFC7E73BE}.Debug|x86.Build.0 = Debug|x86
		{761A48F7-5E97-458B-8722-A09AFC7E73BE}.Release|Any CPU.ActiveCfg = Release|x86
		{761A48F7-5E97-458B-8722-A09AFC7E73BE}.Release|ARM.ActiveCfg = Release|ARM
		{761A48F7-5E97-458B-8722-A09AFC7E73BE}.Release|ARM.Build.0 = Release|ARM
		{761A48F7-5E97-458B-8722-A09AFC7E73BE}.Release|x86.ActiveCfg = Release|x86
		{761A48F7-5E97-458B-8722-A09AFC7E73BE}.Release|x86.Build.0 = Release|x86
		{F78A088C-306C-4C5D-B393-8FF9EA30ED8F}.Debug|Any CPU.ActiveCfg = Debug|x86
		{F78A088C-306C-4C5D-B393-8FF9EA30ED8F}.Debug|ARM.ActiveCfg = Debug|ARM
		{F78A088C-306C-4C5D-B393-8FF9EA30ED8F}.Debug|ARM.Build.0 = Debug|ARM
		{F78A088C-306C-4C5D-B393-8FF9EA30ED8F}.Debug|x86.ActiveCfg = Debug|x86
		{F78A088C-306C-4C5D-B393-8FF9EA30ED8F}.Debug|x86.Build.0 = Debug|x86
		{F78A088C-306C-4C5D-B393-8FF9EA30ED8F}.Release|Any CPU.ActiveCfg = Release|x86
		{F78A088C-306C-4C5D-B393-8FF9EA30ED8F}.Release|ARM.ActiveCfg = Release|ARM
		{F78A088C-306C-4C5D-B393-8FF9EA30ED8F}.Release|ARM.Build.0 = Release|ARM
		{F78A088C-306C-4C5D-B393-8FF9EA30ED8F}.Release|x86.ActiveCfg = Release|x86
		{F78A088C-306C-4C5D-B393-8FF9EA30ED8F}.Release|x86.Build.0 = Release|x86
		{8FE53EE7-C620-4327-876A-BF2C2222CD7F}.Debug|Any CPU.ActiveCfg = Debug|x86
		{8FE53EE7-C620-4327-876A-BF2C2222CD7F}.Debug|ARM.ActiveCfg = Debug|ARM
		{8FE53EE7-C620-4327-876A-BF2C2222CD7F}.Debug|ARM.Build.0 = Debug|ARM
		{8FE53EE7-C620-4327-876A-BF2C2222CD7F}.Debug|x86.ActiveCfg = Debug|x86
		{8FE53EE7-C620-4327-876A-BF2C2222CD7F}.Debug|x86.Build.0 = Debug|x86
		{8FE53EE7-C620-4327-876A-BF2C2222CD7F}.Release|Any CPU.ActiveCfg = Release|x86
		{8FE53EE7-C620-4327-876A-BF2C2222CD7F}.Release|ARM.ActiveCfg = Release|ARM
		{8FE53EE7-C620-4327-876A-BF2C2222CD7F}.Release|ARM.Build.0 = Release|ARM
		{8FE53EE7-C620-4327-876A-BF2C2222CD7F}.Release|x86.ActiveCfg = Release|x86
		{8FE53EE7-C620-4327-876A-BF2C2222CD7F}.Release|x86.Build.0 = Release|x86
		{8588BCA2-D4E9-4B0B-B9D1-3572F03D0D64}.Debug|Any CPU.ActiveCfg = Debug|x86
		{8588BCA2-D4E9-4B0B-B9D1-3572F03D0D64}.Debug|ARM.ActiveCfg = Debug|ARM
		{8588BCA2-D4E9-4B0B-B9D1-3572F03D0D64}.Debug|ARM.Build.0 = Debug|ARM
		{8588BCA2-D4E9-4B0B-B9D1-3572F03D0D64}.Debug|x86.ActiveCfg = Debug|x86
		{8588BCA2-D4E9-4B0B-B9D1-3572F03D0D64}.Debug|x86.Build.0 = Debug|x86
		{8588BCA2-D4E9-4B0B-B9D1-3572F03D0D64}.Release|Any CPU.ActiveCfg = Release|x86
		{8588BCA2-D4E9-4B0B-B9D1-3572F03D0D64}.Release|ARM.ActiveCfg = Release|ARM
		{8588BCA2-D4E9-4B0B-B9D1-3572F03D0D64}.Release|ARM.Build.0 = Release|ARM
		{8588BCA2-D4E9-4B0B-B9D1-3572F03D0D64}.Release|x86.ActiveCfg = Release|x86
		{8588BCA2-D4E9-4B0B-B9D1-3572F03D0D64}.Release|x86.Build.0 = Release|x86
		{C8329A73-199D-44DE-B174-4D12189442CD}.Debug|Any CPU.ActiveCfg = Debug|x86
		{C8329A73-199D-44DE-B174-4D12189442CD}.Debug|ARM.ActiveCfg = Debug|ARM
		{C8329A73-199D-44DE-B174-4D12189442CD}.Debug|ARM.Build.0 = Debug|ARM
		{C8329A73-199D-44DE-B174-4D12189442CD}.Debug|x86.ActiveCfg = Debug|x86
		{C8329A73-199D-44DE-B174-4D12189442CD}.Debug|x86.Build.0 = Debug|x86
		{C8329A73-199D-44DE-B174-4D12189442CD}.Release|Any CPU.ActiveCfg = Release|x86
		{C8329A73-199D-44DE-B174-4D12189442CD}.Release|ARM.ActiveCfg = Release|ARM
		{C8329A73-199D-44DE-B174-4D12189442CD}.Release|ARM.Build.0 = Release|ARM
		{C8329A73-199D-44DE-B174-4D12189442CD}.Release|x86.ActiveCfg = Release|x86
		{C8329A73-199D-44DE-B174-4D12189442CD}.Release|x86.Build.0 = Release|x86
		{B4966A53-1581-4DAF-8A8A-F7E062CC8F05}.Debug|Any CPU.ActiveCfg = Debug|Any CPU
		{B4966A53-1581-4DAF-8A8A-F7E062CC8F05}.Debug|Any CPU.Build.0 = Debug|Any CPU
		{B4966A53-1581-4DAF-8A8A-F7E062CC8F05}.Debug|ARM.ActiveCfg = Debug|Any CPU
		{B4966A53-1581-4DAF-8A8A-F7E062CC8F05}.Debug|ARM.Build.0 = Debug|Any CPU
		{B4966A53-1581-4DAF-8A8A-F7E062CC8F05}.Debug|x86.ActiveCfg = Debug|Any CPU
		{B4966A53-1581-4DAF-8A8A-F7E062CC8F05}.Debug|x86.Build.0 = Debug|Any CPU
		{B4966A53-1581-4DAF-8A8A-F7E062CC8F05}.Release|Any CPU.ActiveCfg = Release|Any CPU
		{B4966A53-1581-4DAF-8A8A-F7E062CC8F05}.Release|Any CPU.Build.0 = Release|Any CPU
		{B4966A53-1581-4DAF-8A8A-F7E062CC8F05}.Release|ARM.ActiveCfg = Release|Any CPU
		{B4966A53-1581-4DAF-8A8A-F7E062CC8F05}.Release|ARM.Build.0 = Release|Any CPU
		{B4966A53-1581-4DAF-8A8A-F7E062CC8F05}.Release|x86.ActiveCfg = Release|Any CPU
		{B4966A53-1581-4DAF-8A8A-F7E062CC8F05}.Release|x86.Build.0 = Release|Any CPU
	EndGlobalSection
	GlobalSection(SolutionProperties) = preSolution
		HideSolutionNode = FALSE
	EndGlobalSection
	GlobalSection(NestedProjects) = preSolution
		{9566DD64-C8C9-48D3-A63B-0BFCF8E47A3B} = {71327AB8-5D30-486D-85AD-2F4A6A24D3BA}
		{CEC614B8-402F-48C7-94A2-DE460F355A01} = {71327AB8-5D30-486D-85AD-2F4A6A24D3BA}
		{E222AB54-2F09-4B90-846F-B2A3EB893233} = {CEC614B8-402F-48C7-94A2-DE460F355A01}
		{7B995881-1066-4B64-9B58-92FE40397667} = {CEC614B8-402F-48C7-94A2-DE460F355A01}
		{CE35F282-6085-4910-BFE2-38A93C50CD8B} = {CEC614B8-402F-48C7-94A2-DE460F355A01}
		{A059E0A6-8A78-4A53-B2A9-4EC0EFDFF71B} = {CEC614B8-402F-48C7-94A2-DE460F355A01}
		{3E659F3B-A23D-4D6A-AD9D-684EB0C51E91} = {CEC614B8-402F-48C7-94A2-DE460F355A01}
		{51D4C81F-AC59-4516-B307-AFF1A779E11F} = {9566DD64-C8C9-48D3-A63B-0BFCF8E47A3B}
		{28E2EE97-79F2-4149-8DC3-CF8C93542376} = {9566DD64-C8C9-48D3-A63B-0BFCF8E47A3B}
		{17D45B8A-6118-4502-B079-227C45968C7C} = {9566DD64-C8C9-48D3-A63B-0BFCF8E47A3B}
		{D3500B1E-2074-4E90-BCDA-7BF56447BB2F} = {9566DD64-C8C9-48D3-A63B-0BFCF8E47A3B}
		{D939C457-A5A0-4E43-9259-EB0EE2245C14} = {9566DD64-C8C9-48D3-A63B-0BFCF8E47A3B}
		{8439660C-1AE2-4C77-B6C3-F12F1E66036F} = {71327AB8-5D30-486D-85AD-2F4A6A24D3BA}
		{3C371094-033F-4F31-9E34-D52AB65DE73C} = {71327AB8-5D30-486D-85AD-2F4A6A24D3BA}
		{BD887228-1E81-4CA3-AA3E-13B82248299B} = {71327AB8-5D30-486D-85AD-2F4A6A24D3BA}
		{60A7D9B5-1117-4146-A27A-E5E5111DF59D} = {71327AB8-5D30-486D-85AD-2F4A6A24D3BA}
		{C5A679B8-8F8E-451A-8A8E-45DDBEB3C57D} = {71327AB8-5D30-486D-85AD-2F4A6A24D3BA}
		{A03B0B09-D1F6-4017-9F46-EDBEC09D045A} = {8E1D2687-AEF7-4FB6-A155-9A550615E128}
		{F70AA869-67C9-4464-9E3E-88D6F06E86B2} = {8E1D2687-AEF7-4FB6-A155-9A550615E128}
		{D09CB47F-C41A-4121-B6D8-02DD70BA9410} = {0C6989AF-0235-40E5-8AA9-743684FBCA70}
		{F30613AA-0EB9-4D44-B42F-ECAF50BDF7EC} = {0C6989AF-0235-40E5-8AA9-743684FBCA70}
		{548F1094-C26E-41B1-9502-51CB77201E46} = {0C6989AF-0235-40E5-8AA9-743684FBCA70}
		{7FFA7020-1E39-4418-92F7-C1DECFD14117} = {1A8CAF73-3795-48AD-A010-41FF03D20A14}
		{B794C1F3-2FBD-4F73-A2D1-6B7ED876EC24} = {1A8CAF73-3795-48AD-A010-41FF03D20A14}
		{8070A42A-49A9-46A6-8BC1-DAA063BC3832} = {0C6989AF-0235-40E5-8AA9-743684FBCA70}
		{DB28D584-BA06-4FD9-BAA9-C593B8C57F8E} = {0C6989AF-0235-40E5-8AA9-743684FBCA70}
		{15EB3C1C-0848-4FC6-A35D-8DEDAC16B13F} = {0C6989AF-0235-40E5-8AA9-743684FBCA70}
		{B518CE6A-6381-4376-9023-D9A5710CC9DC} = {15EB3C1C-0848-4FC6-A35D-8DEDAC16B13F}
		{AEB622F4-F0F2-47C0-8DA3-F2D5BEAFECD5} = {15EB3C1C-0848-4FC6-A35D-8DEDAC16B13F}
		{CE8FDDA8-7339-4B52-9D31-DCBB1612C2D4} = {AEB622F4-F0F2-47C0-8DA3-F2D5BEAFECD5}
		{C77CE4DA-5DB5-463D-A92F-1ECA310362BF} = {AEB622F4-F0F2-47C0-8DA3-F2D5BEAFECD5}
		{284E8191-469E-4F5F-9AE5-FE2D34B9D62F} = {0C6989AF-0235-40E5-8AA9-743684FBCA70}
		{9413FC9E-7F92-41E5-BA27-3B29ED02FC42} = {284E8191-469E-4F5F-9AE5-FE2D34B9D62F}
		{D940F3AC-B1BF-4D18-8924-D7348F6318EA} = {0C6989AF-0235-40E5-8AA9-743684FBCA70}
		{31018AC6-EBB8-4C95-80D8-B6529994E60B} = {0C6989AF-0235-40E5-8AA9-743684FBCA70}
		{B9A9236C-1D52-458A-AF63-2D3DAE72EC3F} = {8E1D2687-AEF7-4FB6-A155-9A550615E128}
		{781EE956-C158-4CA0-96B0-CDAD31210026} = {8E1D2687-AEF7-4FB6-A155-9A550615E128}
		{073CFBD8-A2FB-4E23-BA1F-AFA6632CFC3E} = {8E1D2687-AEF7-4FB6-A155-9A550615E128}
		{17769E85-F8B8-405A-A76A-7AADAF97BB69} = {F70AA869-67C9-4464-9E3E-88D6F06E86B2}
		{7B938688-57A4-41F9-9239-C86A4FE330B2} = {F70AA869-67C9-4464-9E3E-88D6F06E86B2}
		{82C93D76-299D-45C5-B90A-2C6C5E2FD8EF} = {A03B0B09-D1F6-4017-9F46-EDBEC09D045A}
		{AD458C94-DA3A-4940-BC31-A370AA0ADB5E} = {0C6989AF-0235-40E5-8AA9-743684FBCA70}
		{9D64D1F6-EF5F-44FD-AE78-174506B81399} = {71327AB8-5D30-486D-85AD-2F4A6A24D3BA}
		{DE843C4E-2EBD-43BE-BC0A-9055631AD9DD} = {CEC614B8-402F-48C7-94A2-DE460F355A01}
		{B1A8DBF0-3CBB-4C10-B8B4-56E5EC98F692} = {0C6989AF-0235-40E5-8AA9-743684FBCA70}
		{C7C21CA7-EC99-481E-A535-CDC63A939857} = {0CD997C2-42CF-49FA-8D99-6280D7977769}
		{2AE50E6A-C8DB-4CBB-9CAA-0C11896FAF22} = {0CD997C2-42CF-49FA-8D99-6280D7977769}
		{6AC5EB5F-7CE8-45FD-AB80-58F60F871069} = {71327AB8-5D30-486D-85AD-2F4A6A24D3BA}
		{D5C136F1-423D-4F8B-8FBD-A9F7056C7A5D} = {6AC5EB5F-7CE8-45FD-AB80-58F60F871069}
		{F4733142-7BB0-4896-9E9A-CB52B211CE77} = {6AC5EB5F-7CE8-45FD-AB80-58F60F871069}
		{296F2129-D8D1-4609-9D8D-EFBF28C8E136} = {6AC5EB5F-7CE8-45FD-AB80-58F60F871069}
		{3212927C-3021-4B62-8152-BCC2641E6E7A} = {6AC5EB5F-7CE8-45FD-AB80-58F60F871069}
		{5FA26CA6-2D49-4B8A-9A64-7785B93842BE} = {6AC5EB5F-7CE8-45FD-AB80-58F60F871069}
		{CA11F29B-31A9-4545-AE6F-5A5EE41FDE72} = {6AC5EB5F-7CE8-45FD-AB80-58F60F871069}
		{1F9C80FB-B408-4B1B-820F-8BB39C0E68F5} = {AEB622F4-F0F2-47C0-8DA3-F2D5BEAFECD5}
		{1A8CAF73-3795-48AD-A010-41FF03D20A14} = {548F1094-C26E-41B1-9502-51CB77201E46}
		{6BF9AE5F-2452-46BC-BAED-2AEE1716FCCE} = {1A8CAF73-3795-48AD-A010-41FF03D20A14}
		{0CD997C2-42CF-49FA-8D99-6280D7977769} = {B1A8DBF0-3CBB-4C10-B8B4-56E5EC98F692}
		{075DB658-629A-477B-B252-39102AF82DA8} = {0CD997C2-42CF-49FA-8D99-6280D7977769}
		{FAD47FFE-D4B9-4670-BECA-A4C144CE2CF1} = {548F1094-C26E-41B1-9502-51CB77201E46}
		{9433E83D-6018-4EBD-BC92-382CAC0C0BAE} = {6BF9AE5F-2452-46BC-BAED-2AEE1716FCCE}
		{9C143AA8-6734-4177-B131-510078CA8E12} = {7FFA7020-1E39-4418-92F7-C1DECFD14117}
		{9EC2ED5E-1099-4D6C-A0CA-C6D53DFEFFA4} = {B794C1F3-2FBD-4F73-A2D1-6B7ED876EC24}
		{B956C749-A748-428C-AD7A-E87D5EC29EBE} = {B1A8DBF0-3CBB-4C10-B8B4-56E5EC98F692}
		{6CF638BE-D231-42BC-8954-0326D3FD7E44} = {075DB658-629A-477B-B252-39102AF82DA8}
		{76ED68D4-C68A-480B-94B6-22F56CB16F5F} = {C7C21CA7-EC99-481E-A535-CDC63A939857}
		{F14DE3FE-015D-4D76-98A9-DC311AFCDC9B} = {2AE50E6A-C8DB-4CBB-9CAA-0C11896FAF22}
		{3A40A61F-BBBF-4A75-B3E6-32D47F3DB5D0} = {AEB622F4-F0F2-47C0-8DA3-F2D5BEAFECD5}
		{761A48F7-5E97-458B-8722-A09AFC7E73BE} = {1F9C80FB-B408-4B1B-820F-8BB39C0E68F5}
		{F78A088C-306C-4C5D-B393-8FF9EA30ED8F} = {CE8FDDA8-7339-4B52-9D31-DCBB1612C2D4}
		{8FE53EE7-C620-4327-876A-BF2C2222CD7F} = {C77CE4DA-5DB5-463D-A92F-1ECA310362BF}
		{590E72FF-5A39-4A9A-99E8-E11F4EFC8EBA} = {284E8191-469E-4F5F-9AE5-FE2D34B9D62F}
		{AC9EF09E-4AA1-4BC9-9CD4-C47DACE28CE1} = {590E72FF-5A39-4A9A-99E8-E11F4EFC8EBA}
		{7686C5FE-CC14-4EBB-BBB0-314D5CBE9BBE} = {590E72FF-5A39-4A9A-99E8-E11F4EFC8EBA}
		{8588BCA2-D4E9-4B0B-B9D1-3572F03D0D64} = {AC9EF09E-4AA1-4BC9-9CD4-C47DACE28CE1}
		{C8329A73-199D-44DE-B174-4D12189442CD} = {7686C5FE-CC14-4EBB-BBB0-314D5CBE9BBE}
		{69FE6DA9-0059-4835-9A82-931D20486470} = {590E72FF-5A39-4A9A-99E8-E11F4EFC8EBA}
		{B4966A53-1581-4DAF-8A8A-F7E062CC8F05} = {9566DD64-C8C9-48D3-A63B-0BFCF8E47A3B}
	EndGlobalSection
EndGlobal
