
Microsoft Visual Studio Solution File, Format Version 12.00
# Visual Studio 14
VisualStudioVersion = 14.0.24720.0
MinimumVisualStudioVersion = 10.0.40219.1
Project("{2150E333-8FDC-42A3-9474-1A3956D46DE8}") = "Ets.Mobile", "Ets.Mobile", "{E2BCDEE1-CD65-4380-A190-2A5811F7B67B}"
EndProject
Project("{2150E333-8FDC-42A3-9474-1A3956D46DE8}") = "WinPhone", "WinPhone", "{ED55B7D8-2BE1-4C5C-BA20-335517EF480B}"
EndProject
Project("{FAE04EC0-301F-11D3-BF4B-00C04F79EFBC}") = "Ets.Mobile.Agent.WinPhone", "Ets.Mobile.Agent.WinPhone\Ets.Mobile.Agent.WinPhone.csproj", "{DE843C4E-2EBD-43BE-BC0A-9055631AD9DD}"
EndProject
Project("{FAE04EC0-301F-11D3-BF4B-00C04F79EFBC}") = "Ets.Mobile.Business.WinPhone", "Ets.Mobile.Business.WinPhone\Ets.Mobile.Business.WinPhone.csproj", "{E222AB54-2F09-4B90-846F-B2A3EB893233}"
EndProject
Project("{FAE04EC0-301F-11D3-BF4B-00C04F79EFBC}") = "Ets.Mobile.Client.WinPhone", "Ets.Mobile.Client.WinPhone\Ets.Mobile.Client.WinPhone.csproj", "{7B995881-1066-4B64-9B58-92FE40397667}"
EndProject
Project("{FAE04EC0-301F-11D3-BF4B-00C04F79EFBC}") = "Ets.Mobile.Entities.WinPhone", "Ets.Mobile.Entities.WinPhone\Ets.Mobile.Entities.WinPhone.csproj", "{CE35F282-6085-4910-BFE2-38A93C50CD8B}"
EndProject
Project("{FAE04EC0-301F-11D3-BF4B-00C04F79EFBC}") = "Ets.Mobile.ViewModel.WinPhone", "Ets.Mobile.ViewModel.WinPhone\Ets.Mobile.ViewModel.WinPhone.csproj", "{A059E0A6-8A78-4A53-B2A9-4EC0EFDFF71B}"
EndProject
Project("{FAE04EC0-301F-11D3-BF4B-00C04F79EFBC}") = "Ets.Mobile.WindowsPhone", "Ets.Mobile.WindowsPhone\Ets.Mobile.WindowsPhone.csproj", "{3E659F3B-A23D-4D6A-AD9D-684EB0C51E91}"
EndProject
Project("{D954291E-2A0B-460D-934E-DC6B0785DB48}") = "Ets.Mobile.Agent", "Ets.Mobile.Agent\Ets.Mobile.Agent.shproj", "{9D64D1F6-EF5F-44FD-AE78-174506B81399}"
EndProject
Project("{D954291E-2A0B-460D-934E-DC6B0785DB48}") = "Ets.Mobile.Business", "Ets.Mobile.Business\Ets.Mobile.Business.shproj", "{3C371094-033F-4F31-9E34-D52AB65DE73C}"
EndProject
Project("{D954291E-2A0B-460D-934E-DC6B0785DB48}") = "Ets.Mobile.Client", "Ets.Mobile.Client\Ets.Mobile.Client.shproj", "{60A7D9B5-1117-4146-A27A-E5E5111DF59D}"
EndProject
Project("{D954291E-2A0B-460D-934E-DC6B0785DB48}") = "Ets.Mobile.Entities", "Ets.Mobile.Entities\Ets.Mobile.Entities.shproj", "{BD887228-1E81-4CA3-AA3E-13B82248299B}"
EndProject
Project("{D954291E-2A0B-460D-934E-DC6B0785DB48}") = "Ets.Mobile.Shared", "Ets.Mobile.Shared\Ets.Mobile.Shared.shproj", "{8439660C-1AE2-4C77-B6C3-F12F1E66036F}"
EndProject
Project("{D954291E-2A0B-460D-934E-DC6B0785DB48}") = "Ets.Mobile.ViewModel", "Ets.Mobile.ViewModel\Ets.Mobile.ViewModel.shproj", "{C5A679B8-8F8E-451A-8A8E-45DDBEB3C57D}"
EndProject
Project("{2150E333-8FDC-42A3-9474-1A3956D46DE8}") = "Ets.Mobile.Tests", "Ets.Mobile.Tests", "{43DF91BD-A634-4347-B842-AF624B14F793}"
EndProject
Project("{2150E333-8FDC-42A3-9474-1A3956D46DE8}") = "Modules", "Modules", "{E01BBB29-707E-4A1D-BD79-391E45845E90}"
EndProject
Project("{2150E333-8FDC-42A3-9474-1A3956D46DE8}") = "WinPhone", "WinPhone", "{C3C71527-503F-472F-B29D-91DABE12BDA3}"
EndProject
Project("{FAE04EC0-301F-11D3-BF4B-00C04F79EFBC}") = "Ets.Mobile.Business.WinPhone.Tests", "Ets.Mobile.Tests\Ets.Mobile.Business.WinPhone.Tests\Ets.Mobile.Business.WinPhone.Tests.csproj", "{82C93D76-299D-45C5-B90A-2C6C5E2FD8EF}"
EndProject
Project("{D954291E-2A0B-460D-934E-DC6B0785DB48}") = "Ets.Mobile.Business.Shared.Tests", "Ets.Mobile.Tests\Ets.Mobile.Business.Shared.Tests\Ets.Mobile.Business.Shared.Tests.shproj", "{073CFBD8-A2FB-4E23-BA1F-AFA6632CFC3E}"
EndProject
Project("{D954291E-2A0B-460D-934E-DC6B0785DB48}") = "Ets.Mobile.Client.Shared.Tests", "Ets.Mobile.Tests\Ets.Mobile.Client.Shared.Tests\Ets.Mobile.Client.Shared.Tests.shproj", "{781EE956-C158-4CA0-96B0-CDAD31210026}"
EndProject
Project("{D954291E-2A0B-460D-934E-DC6B0785DB48}") = "Ets.Mobile.Shared.Tests", "Ets.Mobile.Tests\Ets.Mobile.Shared.Tests\Ets.Mobile.Shared.Tests.shproj", "{B9A9236C-1D52-458A-AF63-2D3DAE72EC3F}"
EndProject
Project("{2150E333-8FDC-42A3-9474-1A3956D46DE8}") = "Logger.Crittercism", "Logger.Crittercism", "{A2E54E01-ED84-4FA3-A7B7-8E40B94FA91A}"
EndProject
Project("{2150E333-8FDC-42A3-9474-1A3956D46DE8}") = "Logger.SplatLog", "Logger.SplatLog", "{1D9059E4-F290-4022-A682-65FF0E433C05}"
EndProject
Project("{2150E333-8FDC-42A3-9474-1A3956D46DE8}") = "Messaging", "Messaging", "{C15B2F42-B591-4D8D-95FA-AC372F0600AA}"
EndProject
Project("{2150E333-8FDC-42A3-9474-1A3956D46DE8}") = "ReactiveUI", "ReactiveUI", "{814C7351-5839-4139-86EE-D27B04B4F5FC}"
EndProject
Project("{FAE04EC0-301F-11D3-BF4B-00C04F79EFBC}") = "Controls", "Modules\Controls\Controls.csproj", "{F30613AA-0EB9-4D44-B42F-ECAF50BDF7EC}"
EndProject
Project("{FAE04EC0-301F-11D3-BF4B-00C04F79EFBC}") = "Localization", "Modules\Localization\Localization.csproj", "{8070A42A-49A9-46A6-8BC1-DAA063BC3832}"
EndProject
Project("{FAE04EC0-301F-11D3-BF4B-00C04F79EFBC}") = "Logger", "Modules\Logger\Logger.csproj", "{DB28D584-BA06-4FD9-BAA9-C593B8C57F8E}"
EndProject
Project("{FAE04EC0-301F-11D3-BF4B-00C04F79EFBC}") = "Security", "Modules\Security\Security.csproj", "{D940F3AC-B1BF-4D18-8924-D7348F6318EA}"
EndProject
Project("{FAE04EC0-301F-11D3-BF4B-00C04F79EFBC}") = "Themes", "Modules\Themes\Themes.csproj", "{31018AC6-EBB8-4C95-80D8-B6529994E60B}"
EndProject
Project("{FAE04EC0-301F-11D3-BF4B-00C04F79EFBC}") = "Universal.UI.Xaml.Controls", "Modules\Universal.UI.Xaml.Controls\Universal.UI.Xaml.Controls.csproj", "{AD458C94-DA3A-4940-BC31-A370AA0ADB5E}"
EndProject
Project("{FAE04EC0-301F-11D3-BF4B-00C04F79EFBC}") = "Xaml.Converters", "Modules\Xaml.Converters\Xaml.Converters.csproj", "{D09CB47F-C41A-4121-B6D8-02DD70BA9410}"
EndProject
Project("{D954291E-2A0B-460D-934E-DC6B0785DB48}") = "Logger.CrittercismLog", "Modules\Logger.Crittercism\Logger.CrittercismLog\Logger.CrittercismLog.shproj", "{FAD47FFE-D4B9-4670-BECA-A4C144CE2CF1}"
EndProject
Project("{2150E333-8FDC-42A3-9474-1A3956D46DE8}") = "Implementations", "Implementations", "{92503737-ADD0-4B88-A3A1-E967F6105E79}"
EndProject
Project("{FAE04EC0-301F-11D3-BF4B-00C04F79EFBC}") = "Logger.CrittercismLog.WinPhone", "Modules\Logger.Crittercism\Implementations\Logger.CrittercismLog.WinPhone\Logger.CrittercismLog.WinPhone.csproj", "{9C143AA8-6734-4177-B131-510078CA8E12}"
EndProject
Project("{FAE04EC0-301F-11D3-BF4B-00C04F79EFBC}") = "Messaging.Interfaces", "Modules\Messaging\Messaging.Interfaces\Messaging.Interfaces.csproj", "{B518CE6A-6381-4376-9023-D9A5710CC9DC}"
EndProject
Project("{2150E333-8FDC-42A3-9474-1A3956D46DE8}") = "Implementations", "Implementations", "{3492B54D-1FB4-4191-B796-CC34998625AC}"
EndProject
Project("{2150E333-8FDC-42A3-9474-1A3956D46DE8}") = "WinPhone", "WinPhone", "{7A3E6F59-8AD9-4A3C-89C7-5E37219F8EA1}"
EndProject
Project("{FAE04EC0-301F-11D3-BF4B-00C04F79EFBC}") = "Messaging.UniversalApp.WinPhone", "Modules\Messaging\Implementations\Messaging.UniversalApp.WinPhone\Messaging.UniversalApp.WinPhone.csproj", "{F78A088C-306C-4C5D-B393-8FF9EA30ED8F}"
EndProject
Project("{D954291E-2A0B-460D-934E-DC6B0785DB48}") = "Messaging.UniversalApp", "Modules\Messaging\Implementations\Messaging.UniversalApp\Messaging.UniversalApp.shproj", "{3A40A61F-BBBF-4A75-B3E6-32D47F3DB5D0}"
EndProject
Project("{D954291E-2A0B-460D-934E-DC6B0785DB48}") = "Logger.SplatLog", "Modules\Logger.SplatLog\Logger.SplatLog\Logger.SplatLog.shproj", "{B956C749-A748-428C-AD7A-E87D5EC29EBE}"
EndProject
Project("{2150E333-8FDC-42A3-9474-1A3956D46DE8}") = "Implementations", "Implementations", "{DD72FBDB-66FF-4EA3-AC21-B3438D51E68E}"
EndProject
Project("{2150E333-8FDC-42A3-9474-1A3956D46DE8}") = "WinPhone", "WinPhone", "{80B941F2-97C1-4B03-85A0-DB6CC20AC6B9}"
EndProject
Project("{FAE04EC0-301F-11D3-BF4B-00C04F79EFBC}") = "Logger.SplatLog.WinPhone", "Modules\Logger.SplatLog\Implementations\Logger.SplatLog.WinPhone\Logger.SplatLog.WinPhone.csproj", "{76ED68D4-C68A-480B-94B6-22F56CB16F5F}"
EndProject
Project("{D954291E-2A0B-460D-934E-DC6B0785DB48}") = "ReactiveUI.Xaml.Controls", "Modules\ReactiveUI\ReactiveUI.Xaml.Controls\ReactiveUI.Xaml.Controls\ReactiveUI.Xaml.Controls.shproj", "{69FE6DA9-0059-4835-9A82-931D20486470}"
EndProject
Project("{2150E333-8FDC-42A3-9474-1A3956D46DE8}") = "ReactiveUI.Xaml.Controls", "ReactiveUI.Xaml.Controls", "{C0C321E0-FF3F-4DAB-B9D3-AE608FD8FCFB}"
EndProject
Project("{2150E333-8FDC-42A3-9474-1A3956D46DE8}") = "UAP", "UAP", "{A3A9C0CB-B9DB-460F-8A64-337301282E5F}"
EndProject
Project("{FAE04EC0-301F-11D3-BF4B-00C04F79EFBC}") = "ReactiveUI.Xaml.Controls.UAP", "Modules\ReactiveUI\ReactiveUI.Xaml.Controls\UAP\ReactiveUI.Xaml.Controls.UAP\ReactiveUI.Xaml.Controls.UAP.csproj", "{C8329A73-199D-44DE-B174-4D12189442CD}"
EndProject
Project("{FAE04EC0-301F-11D3-BF4B-00C04F79EFBC}") = "ReactiveUI.Extensions", "Modules\ReactiveUI\ReactiveUI.Extensions\ReactiveUI.Extensions.csproj", "{9413FC9E-7F92-41E5-BA27-3B29ED02FC42}"
EndProject
Global
	GlobalSection(SharedMSBuildProjectFiles) = preSolution
		Ets.Mobile.Tests\Ets.Mobile.Business.Shared.Tests\Ets.Mobile.Business.Shared.Tests.projitems*{82c93d76-299d-45c5-b90a-2c6c5e2fd8ef}*SharedItemsImports = 4
		Ets.Mobile.Tests\Ets.Mobile.Shared.Tests\Ets.Mobile.Shared.Tests.projitems*{82c93d76-299d-45c5-b90a-2c6c5e2fd8ef}*SharedItemsImports = 4
		Ets.Mobile.Tests\Ets.Mobile.Shared.Tests\Ets.Mobile.Shared.Tests.projitems*{b9a9236c-1d52-458a-af63-2d3dae72ec3f}*SharedItemsImports = 13
		Modules\Logger.Crittercism\Logger.CrittercismLog\Logger.CrittercismLog.projitems*{fad47ffe-d4b9-4670-beca-a4c144ce2cf1}*SharedItemsImports = 13
		Modules\Logger.SplatLog\Logger.SplatLog\Logger.SplatLog.projitems*{76ed68d4-c68a-480b-94b6-22f56cb16f5f}*SharedItemsImports = 4
		Ets.Mobile.Client\Ets.Mobile.Client.projitems*{60a7d9b5-1117-4146-a27a-e5e5111df59d}*SharedItemsImports = 13
		Ets.Mobile.Entities\Ets.Mobile.Entities.projitems*{ce35f282-6085-4910-bfe2-38a93c50cd8b}*SharedItemsImports = 4
		Modules\ReactiveUI\ReactiveUI.Xaml.Controls\ReactiveUI.Xaml.Controls\ReactiveUI.Xaml.Controls.projitems*{c8329a73-199d-44de-b174-4d12189442cd}*SharedItemsImports = 4
		Modules\Logger.Crittercism\Logger.CrittercismLog\Logger.CrittercismLog.projitems*{9c143aa8-6734-4177-b131-510078ca8e12}*SharedItemsImports = 4
		Ets.Mobile.Entities\Ets.Mobile.Entities.projitems*{bd887228-1e81-4ca3-aa3e-13b82248299b}*SharedItemsImports = 13
		Modules\Messaging\Implementations\Messaging.UniversalApp\Messaging.UniversalApp.projitems*{3a40a61f-bbbf-4a75-b3e6-32d47f3db5d0}*SharedItemsImports = 13
		Ets.Mobile.Business\Ets.Mobile.Business.projitems*{3c371094-033f-4f31-9e34-d52ab65de73c}*SharedItemsImports = 13
		Ets.Mobile.Shared\Ets.Mobile.Shared.projitems*{3e659f3b-a23d-4d6a-ad9d-684eb0c51e91}*SharedItemsImports = 4
		Modules\Logger.SplatLog\Logger.SplatLog\Logger.SplatLog.projitems*{b956c749-a748-428c-ad7a-e87d5ec29ebe}*SharedItemsImports = 13
		Ets.Mobile.Client\Ets.Mobile.Client.projitems*{7b995881-1066-4b64-9b58-92fe40397667}*SharedItemsImports = 4
		Modules\ReactiveUI\ReactiveUI.Xaml.Controls\ReactiveUI.Xaml.Controls\ReactiveUI.Xaml.Controls.projitems*{69fe6da9-0059-4835-9a82-931d20486470}*SharedItemsImports = 13
		Ets.Mobile.Tests\Ets.Mobile.Business.Shared.Tests\Ets.Mobile.Business.Shared.Tests.projitems*{073cfbd8-a2fb-4e23-ba1f-afa6632cfc3e}*SharedItemsImports = 13
		Ets.Mobile.ViewModel\Ets.Mobile.ViewModel.projitems*{c5a679b8-8f8e-451a-8a8e-45ddbeb3c57d}*SharedItemsImports = 13
		Modules\Messaging\Implementations\Messaging.UniversalApp\Messaging.UniversalApp.projitems*{f78a088c-306c-4c5d-b393-8ff9ea30ed8f}*SharedItemsImports = 4
		Ets.Mobile.Agent\Ets.Mobile.Agent.projitems*{de843c4e-2ebd-43be-bc0a-9055631ad9dd}*SharedItemsImports = 4
		Ets.Mobile.ViewModel\Ets.Mobile.ViewModel.projitems*{a059e0a6-8a78-4a53-b2a9-4ec0efdff71b}*SharedItemsImports = 4
		Ets.Mobile.Agent\Ets.Mobile.Agent.projitems*{9d64d1f6-ef5f-44fd-ae78-174506b81399}*SharedItemsImports = 13
		Ets.Mobile.Shared\Ets.Mobile.Shared.projitems*{8439660c-1ae2-4c77-b6c3-f12f1e66036f}*SharedItemsImports = 13
		Ets.Mobile.Tests\Ets.Mobile.Client.Shared.Tests\Ets.Mobile.Client.Shared.Tests.projitems*{781ee956-c158-4ca0-96b0-cdad31210026}*SharedItemsImports = 13
		Ets.Mobile.Business\Ets.Mobile.Business.projitems*{e222ab54-2f09-4b90-846f-b2a3eb893233}*SharedItemsImports = 4
	EndGlobalSection
	GlobalSection(SolutionConfigurationPlatforms) = preSolution
		Debug|ARM = Debug|ARM
		Debug|x86 = Debug|x86
		Release|ARM = Release|ARM
		Release|x86 = Release|x86
	EndGlobalSection
	GlobalSection(ProjectConfigurationPlatforms) = postSolution
		{DE843C4E-2EBD-43BE-BC0A-9055631AD9DD}.Debug|ARM.ActiveCfg = Debug|ARM
		{DE843C4E-2EBD-43BE-BC0A-9055631AD9DD}.Debug|ARM.Build.0 = Debug|ARM
		{DE843C4E-2EBD-43BE-BC0A-9055631AD9DD}.Debug|x86.ActiveCfg = Debug|x86
		{DE843C4E-2EBD-43BE-BC0A-9055631AD9DD}.Debug|x86.Build.0 = Debug|x86
		{DE843C4E-2EBD-43BE-BC0A-9055631AD9DD}.Release|ARM.ActiveCfg = Release|ARM
		{DE843C4E-2EBD-43BE-BC0A-9055631AD9DD}.Release|ARM.Build.0 = Release|ARM
		{DE843C4E-2EBD-43BE-BC0A-9055631AD9DD}.Release|x86.ActiveCfg = Release|x86
		{DE843C4E-2EBD-43BE-BC0A-9055631AD9DD}.Release|x86.Build.0 = Release|x86
		{E222AB54-2F09-4B90-846F-B2A3EB893233}.Debug|ARM.ActiveCfg = Debug|ARM
		{E222AB54-2F09-4B90-846F-B2A3EB893233}.Debug|ARM.Build.0 = Debug|ARM
		{E222AB54-2F09-4B90-846F-B2A3EB893233}.Debug|x86.ActiveCfg = Debug|x86
		{E222AB54-2F09-4B90-846F-B2A3EB893233}.Debug|x86.Build.0 = Debug|x86
		{E222AB54-2F09-4B90-846F-B2A3EB893233}.Release|ARM.ActiveCfg = Release|ARM
		{E222AB54-2F09-4B90-846F-B2A3EB893233}.Release|ARM.Build.0 = Release|ARM
		{E222AB54-2F09-4B90-846F-B2A3EB893233}.Release|x86.ActiveCfg = Release|x86
		{E222AB54-2F09-4B90-846F-B2A3EB893233}.Release|x86.Build.0 = Release|x86
		{7B995881-1066-4B64-9B58-92FE40397667}.Debug|ARM.ActiveCfg = Debug|ARM
		{7B995881-1066-4B64-9B58-92FE40397667}.Debug|ARM.Build.0 = Debug|ARM
		{7B995881-1066-4B64-9B58-92FE40397667}.Debug|x86.ActiveCfg = Debug|x86
		{7B995881-1066-4B64-9B58-92FE40397667}.Debug|x86.Build.0 = Debug|x86
		{7B995881-1066-4B64-9B58-92FE40397667}.Release|ARM.ActiveCfg = Release|ARM
		{7B995881-1066-4B64-9B58-92FE40397667}.Release|ARM.Build.0 = Release|ARM
		{7B995881-1066-4B64-9B58-92FE40397667}.Release|x86.ActiveCfg = Release|x86
		{7B995881-1066-4B64-9B58-92FE40397667}.Release|x86.Build.0 = Release|x86
		{CE35F282-6085-4910-BFE2-38A93C50CD8B}.Debug|ARM.ActiveCfg = Debug|ARM
		{CE35F282-6085-4910-BFE2-38A93C50CD8B}.Debug|ARM.Build.0 = Debug|ARM
		{CE35F282-6085-4910-BFE2-38A93C50CD8B}.Debug|x86.ActiveCfg = Debug|x86
		{CE35F282-6085-4910-BFE2-38A93C50CD8B}.Debug|x86.Build.0 = Debug|x86
		{CE35F282-6085-4910-BFE2-38A93C50CD8B}.Release|ARM.ActiveCfg = Release|ARM
		{CE35F282-6085-4910-BFE2-38A93C50CD8B}.Release|ARM.Build.0 = Release|ARM
		{CE35F282-6085-4910-BFE2-38A93C50CD8B}.Release|x86.ActiveCfg = Release|x86
		{CE35F282-6085-4910-BFE2-38A93C50CD8B}.Release|x86.Build.0 = Release|x86
		{A059E0A6-8A78-4A53-B2A9-4EC0EFDFF71B}.Debug|ARM.ActiveCfg = Debug|ARM
		{A059E0A6-8A78-4A53-B2A9-4EC0EFDFF71B}.Debug|ARM.Build.0 = Debug|ARM
		{A059E0A6-8A78-4A53-B2A9-4EC0EFDFF71B}.Debug|x86.ActiveCfg = Debug|x86
		{A059E0A6-8A78-4A53-B2A9-4EC0EFDFF71B}.Debug|x86.Build.0 = Debug|x86
		{A059E0A6-8A78-4A53-B2A9-4EC0EFDFF71B}.Release|ARM.ActiveCfg = Release|ARM
		{A059E0A6-8A78-4A53-B2A9-4EC0EFDFF71B}.Release|ARM.Build.0 = Release|ARM
		{A059E0A6-8A78-4A53-B2A9-4EC0EFDFF71B}.Release|x86.ActiveCfg = Release|x86
		{A059E0A6-8A78-4A53-B2A9-4EC0EFDFF71B}.Release|x86.Build.0 = Release|x86
		{3E659F3B-A23D-4D6A-AD9D-684EB0C51E91}.Debug|ARM.ActiveCfg = Debug|ARM
		{3E659F3B-A23D-4D6A-AD9D-684EB0C51E91}.Debug|ARM.Build.0 = Debug|ARM
		{3E659F3B-A23D-4D6A-AD9D-684EB0C51E91}.Debug|ARM.Deploy.0 = Debug|ARM
		{3E659F3B-A23D-4D6A-AD9D-684EB0C51E91}.Debug|x86.ActiveCfg = Debug|x86
		{3E659F3B-A23D-4D6A-AD9D-684EB0C51E91}.Debug|x86.Build.0 = Debug|x86
		{3E659F3B-A23D-4D6A-AD9D-684EB0C51E91}.Debug|x86.Deploy.0 = Debug|x86
		{3E659F3B-A23D-4D6A-AD9D-684EB0C51E91}.Release|ARM.ActiveCfg = Release|ARM
		{3E659F3B-A23D-4D6A-AD9D-684EB0C51E91}.Release|ARM.Build.0 = Release|ARM
		{3E659F3B-A23D-4D6A-AD9D-684EB0C51E91}.Release|ARM.Deploy.0 = Release|ARM
		{3E659F3B-A23D-4D6A-AD9D-684EB0C51E91}.Release|x86.ActiveCfg = Release|x86
		{3E659F3B-A23D-4D6A-AD9D-684EB0C51E91}.Release|x86.Build.0 = Release|x86
		{3E659F3B-A23D-4D6A-AD9D-684EB0C51E91}.Release|x86.Deploy.0 = Release|x86
		{82C93D76-299D-45C5-B90A-2C6C5E2FD8EF}.Debug|ARM.ActiveCfg = Debug|ARM
		{82C93D76-299D-45C5-B90A-2C6C5E2FD8EF}.Debug|ARM.Build.0 = Debug|ARM
		{82C93D76-299D-45C5-B90A-2C6C5E2FD8EF}.Debug|ARM.Deploy.0 = Debug|ARM
		{82C93D76-299D-45C5-B90A-2C6C5E2FD8EF}.Debug|x86.ActiveCfg = Debug|x86
		{82C93D76-299D-45C5-B90A-2C6C5E2FD8EF}.Debug|x86.Build.0 = Debug|x86
		{82C93D76-299D-45C5-B90A-2C6C5E2FD8EF}.Debug|x86.Deploy.0 = Debug|x86
		{82C93D76-299D-45C5-B90A-2C6C5E2FD8EF}.Release|ARM.ActiveCfg = Release|ARM
		{82C93D76-299D-45C5-B90A-2C6C5E2FD8EF}.Release|ARM.Build.0 = Release|ARM
		{82C93D76-299D-45C5-B90A-2C6C5E2FD8EF}.Release|ARM.Deploy.0 = Release|ARM
		{82C93D76-299D-45C5-B90A-2C6C5E2FD8EF}.Release|x86.ActiveCfg = Release|x86
		{82C93D76-299D-45C5-B90A-2C6C5E2FD8EF}.Release|x86.Build.0 = Release|x86
		{82C93D76-299D-45C5-B90A-2C6C5E2FD8EF}.Release|x86.Deploy.0 = Release|x86
		{F30613AA-0EB9-4D44-B42F-ECAF50BDF7EC}.Debug|ARM.ActiveCfg = Debug|ARM
		{F30613AA-0EB9-4D44-B42F-ECAF50BDF7EC}.Debug|ARM.Build.0 = Debug|ARM
		{F30613AA-0EB9-4D44-B42F-ECAF50BDF7EC}.Debug|x86.ActiveCfg = Debug|x86
		{F30613AA-0EB9-4D44-B42F-ECAF50BDF7EC}.Debug|x86.Build.0 = Debug|x86
		{F30613AA-0EB9-4D44-B42F-ECAF50BDF7EC}.Release|ARM.ActiveCfg = Release|ARM
		{F30613AA-0EB9-4D44-B42F-ECAF50BDF7EC}.Release|ARM.Build.0 = Release|ARM
		{F30613AA-0EB9-4D44-B42F-ECAF50BDF7EC}.Release|x86.ActiveCfg = Release|x86
		{F30613AA-0EB9-4D44-B42F-ECAF50BDF7EC}.Release|x86.Build.0 = Release|x86
		{8070A42A-49A9-46A6-8BC1-DAA063BC3832}.Debug|ARM.ActiveCfg = Debug|ARM
		{8070A42A-49A9-46A6-8BC1-DAA063BC3832}.Debug|ARM.Build.0 = Debug|ARM
		{8070A42A-49A9-46A6-8BC1-DAA063BC3832}.Debug|x86.ActiveCfg = Debug|x86
		{8070A42A-49A9-46A6-8BC1-DAA063BC3832}.Debug|x86.Build.0 = Debug|x86
		{8070A42A-49A9-46A6-8BC1-DAA063BC3832}.Release|ARM.ActiveCfg = Release|ARM
		{8070A42A-49A9-46A6-8BC1-DAA063BC3832}.Release|ARM.Build.0 = Release|ARM
		{8070A42A-49A9-46A6-8BC1-DAA063BC3832}.Release|x86.ActiveCfg = Release|x86
		{8070A42A-49A9-46A6-8BC1-DAA063BC3832}.Release|x86.Build.0 = Release|x86
		{DB28D584-BA06-4FD9-BAA9-C593B8C57F8E}.Debug|ARM.ActiveCfg = Debug|ARM
		{DB28D584-BA06-4FD9-BAA9-C593B8C57F8E}.Debug|ARM.Build.0 = Debug|ARM
		{DB28D584-BA06-4FD9-BAA9-C593B8C57F8E}.Debug|x86.ActiveCfg = Debug|x86
		{DB28D584-BA06-4FD9-BAA9-C593B8C57F8E}.Debug|x86.Build.0 = Debug|x86
		{DB28D584-BA06-4FD9-BAA9-C593B8C57F8E}.Release|ARM.ActiveCfg = Release|ARM
		{DB28D584-BA06-4FD9-BAA9-C593B8C57F8E}.Release|ARM.Build.0 = Release|ARM
		{DB28D584-BA06-4FD9-BAA9-C593B8C57F8E}.Release|x86.ActiveCfg = Release|x86
		{DB28D584-BA06-4FD9-BAA9-C593B8C57F8E}.Release|x86.Build.0 = Release|x86
		{D940F3AC-B1BF-4D18-8924-D7348F6318EA}.Debug|ARM.ActiveCfg = Debug|ARM
		{D940F3AC-B1BF-4D18-8924-D7348F6318EA}.Debug|ARM.Build.0 = Debug|ARM
		{D940F3AC-B1BF-4D18-8924-D7348F6318EA}.Debug|x86.ActiveCfg = Debug|x86
		{D940F3AC-B1BF-4D18-8924-D7348F6318EA}.Debug|x86.Build.0 = Debug|x86
		{D940F3AC-B1BF-4D18-8924-D7348F6318EA}.Release|ARM.ActiveCfg = Release|ARM
		{D940F3AC-B1BF-4D18-8924-D7348F6318EA}.Release|ARM.Build.0 = Release|ARM
		{D940F3AC-B1BF-4D18-8924-D7348F6318EA}.Release|x86.ActiveCfg = Release|x86
		{D940F3AC-B1BF-4D18-8924-D7348F6318EA}.Release|x86.Build.0 = Release|x86
		{31018AC6-EBB8-4C95-80D8-B6529994E60B}.Debug|ARM.ActiveCfg = Debug|ARM
		{31018AC6-EBB8-4C95-80D8-B6529994E60B}.Debug|ARM.Build.0 = Debug|ARM
		{31018AC6-EBB8-4C95-80D8-B6529994E60B}.Debug|x86.ActiveCfg = Debug|x86
		{31018AC6-EBB8-4C95-80D8-B6529994E60B}.Debug|x86.Build.0 = Debug|x86
		{31018AC6-EBB8-4C95-80D8-B6529994E60B}.Release|ARM.ActiveCfg = Release|ARM
		{31018AC6-EBB8-4C95-80D8-B6529994E60B}.Release|ARM.Build.0 = Release|ARM
		{31018AC6-EBB8-4C95-80D8-B6529994E60B}.Release|x86.ActiveCfg = Release|x86
		{31018AC6-EBB8-4C95-80D8-B6529994E60B}.Release|x86.Build.0 = Release|x86
		{AD458C94-DA3A-4940-BC31-A370AA0ADB5E}.Debug|ARM.ActiveCfg = Debug|ARM
		{AD458C94-DA3A-4940-BC31-A370AA0ADB5E}.Debug|ARM.Build.0 = Debug|ARM
		{AD458C94-DA3A-4940-BC31-A370AA0ADB5E}.Debug|x86.ActiveCfg = Debug|x86
		{AD458C94-DA3A-4940-BC31-A370AA0ADB5E}.Debug|x86.Build.0 = Debug|x86
		{AD458C94-DA3A-4940-BC31-A370AA0ADB5E}.Release|ARM.ActiveCfg = Release|ARM
		{AD458C94-DA3A-4940-BC31-A370AA0ADB5E}.Release|ARM.Build.0 = Release|ARM
		{AD458C94-DA3A-4940-BC31-A370AA0ADB5E}.Release|x86.ActiveCfg = Release|x86
		{AD458C94-DA3A-4940-BC31-A370AA0ADB5E}.Release|x86.Build.0 = Release|x86
		{D09CB47F-C41A-4121-B6D8-02DD70BA9410}.Debug|ARM.ActiveCfg = Debug|ARM
		{D09CB47F-C41A-4121-B6D8-02DD70BA9410}.Debug|ARM.Build.0 = Debug|ARM
		{D09CB47F-C41A-4121-B6D8-02DD70BA9410}.Debug|x86.ActiveCfg = Debug|x86
		{D09CB47F-C41A-4121-B6D8-02DD70BA9410}.Debug|x86.Build.0 = Debug|x86
		{D09CB47F-C41A-4121-B6D8-02DD70BA9410}.Release|ARM.ActiveCfg = Release|ARM
		{D09CB47F-C41A-4121-B6D8-02DD70BA9410}.Release|ARM.Build.0 = Release|ARM
		{D09CB47F-C41A-4121-B6D8-02DD70BA9410}.Release|x86.ActiveCfg = Release|x86
		{D09CB47F-C41A-4121-B6D8-02DD70BA9410}.Release|x86.Build.0 = Release|x86
		{9C143AA8-6734-4177-B131-510078CA8E12}.Debug|ARM.ActiveCfg = Debug|ARM
		{9C143AA8-6734-4177-B131-510078CA8E12}.Debug|ARM.Build.0 = Debug|ARM
		{9C143AA8-6734-4177-B131-510078CA8E12}.Debug|x86.ActiveCfg = Debug|x86
		{9C143AA8-6734-4177-B131-510078CA8E12}.Debug|x86.Build.0 = Debug|x86
		{9C143AA8-6734-4177-B131-510078CA8E12}.Release|ARM.ActiveCfg = Release|ARM
		{9C143AA8-6734-4177-B131-510078CA8E12}.Release|ARM.Build.0 = Release|ARM
		{9C143AA8-6734-4177-B131-510078CA8E12}.Release|x86.ActiveCfg = Release|x86
		{9C143AA8-6734-4177-B131-510078CA8E12}.Release|x86.Build.0 = Release|x86
		{B518CE6A-6381-4376-9023-D9A5710CC9DC}.Debug|ARM.ActiveCfg = Debug|ARM
		{B518CE6A-6381-4376-9023-D9A5710CC9DC}.Debug|ARM.Build.0 = Debug|ARM
		{B518CE6A-6381-4376-9023-D9A5710CC9DC}.Debug|x86.ActiveCfg = Debug|x86
		{B518CE6A-6381-4376-9023-D9A5710CC9DC}.Debug|x86.Build.0 = Debug|x86
		{B518CE6A-6381-4376-9023-D9A5710CC9DC}.Release|ARM.ActiveCfg = Release|ARM
		{B518CE6A-6381-4376-9023-D9A5710CC9DC}.Release|ARM.Build.0 = Release|ARM
		{B518CE6A-6381-4376-9023-D9A5710CC9DC}.Release|x86.ActiveCfg = Release|x86
		{B518CE6A-6381-4376-9023-D9A5710CC9DC}.Release|x86.Build.0 = Release|x86
		{F78A088C-306C-4C5D-B393-8FF9EA30ED8F}.Debug|ARM.ActiveCfg = Debug|ARM
		{F78A088C-306C-4C5D-B393-8FF9EA30ED8F}.Debug|ARM.Build.0 = Debug|ARM
		{F78A088C-306C-4C5D-B393-8FF9EA30ED8F}.Debug|x86.ActiveCfg = Debug|x86
		{F78A088C-306C-4C5D-B393-8FF9EA30ED8F}.Debug|x86.Build.0 = Debug|x86
		{F78A088C-306C-4C5D-B393-8FF9EA30ED8F}.Release|ARM.ActiveCfg = Release|ARM
		{F78A088C-306C-4C5D-B393-8FF9EA30ED8F}.Release|ARM.Build.0 = Release|ARM
		{F78A088C-306C-4C5D-B393-8FF9EA30ED8F}.Release|x86.ActiveCfg = Release|x86
		{F78A088C-306C-4C5D-B393-8FF9EA30ED8F}.Release|x86.Build.0 = Release|x86
		{76ED68D4-C68A-480B-94B6-22F56CB16F5F}.Debug|ARM.ActiveCfg = Debug|ARM
		{76ED68D4-C68A-480B-94B6-22F56CB16F5F}.Debug|ARM.Build.0 = Debug|ARM
		{76ED68D4-C68A-480B-94B6-22F56CB16F5F}.Debug|x86.ActiveCfg = Debug|x86
		{76ED68D4-C68A-480B-94B6-22F56CB16F5F}.Debug|x86.Build.0 = Debug|x86
		{76ED68D4-C68A-480B-94B6-22F56CB16F5F}.Release|ARM.ActiveCfg = Release|ARM
		{76ED68D4-C68A-480B-94B6-22F56CB16F5F}.Release|ARM.Build.0 = Release|ARM
		{76ED68D4-C68A-480B-94B6-22F56CB16F5F}.Release|x86.ActiveCfg = Release|x86
		{76ED68D4-C68A-480B-94B6-22F56CB16F5F}.Release|x86.Build.0 = Release|x86
		{C8329A73-199D-44DE-B174-4D12189442CD}.Debug|ARM.ActiveCfg = Debug|ARM
		{C8329A73-199D-44DE-B174-4D12189442CD}.Debug|ARM.Build.0 = Debug|ARM
		{C8329A73-199D-44DE-B174-4D12189442CD}.Debug|x86.ActiveCfg = Debug|x86
		{C8329A73-199D-44DE-B174-4D12189442CD}.Debug|x86.Build.0 = Debug|x86
		{C8329A73-199D-44DE-B174-4D12189442CD}.Release|ARM.ActiveCfg = Release|ARM
		{C8329A73-199D-44DE-B174-4D12189442CD}.Release|ARM.Build.0 = Release|ARM
		{C8329A73-199D-44DE-B174-4D12189442CD}.Release|x86.ActiveCfg = Release|x86
		{C8329A73-199D-44DE-B174-4D12189442CD}.Release|x86.Build.0 = Release|x86
		{9413FC9E-7F92-41E5-BA27-3B29ED02FC42}.Debug|ARM.ActiveCfg = Debug|ARM
		{9413FC9E-7F92-41E5-BA27-3B29ED02FC42}.Debug|ARM.Build.0 = Debug|ARM
		{9413FC9E-7F92-41E5-BA27-3B29ED02FC42}.Debug|x86.ActiveCfg = Debug|x86
		{9413FC9E-7F92-41E5-BA27-3B29ED02FC42}.Debug|x86.Build.0 = Debug|x86
		{9413FC9E-7F92-41E5-BA27-3B29ED02FC42}.Release|ARM.ActiveCfg = Release|ARM
		{9413FC9E-7F92-41E5-BA27-3B29ED02FC42}.Release|ARM.Build.0 = Release|ARM
		{9413FC9E-7F92-41E5-BA27-3B29ED02FC42}.Release|x86.ActiveCfg = Release|x86
		{9413FC9E-7F92-41E5-BA27-3B29ED02FC42}.Release|x86.Build.0 = Release|x86
	EndGlobalSection
	GlobalSection(SolutionProperties) = preSolution
		HideSolutionNode = FALSE
	EndGlobalSection
	GlobalSection(NestedProjects) = preSolution
		{ED55B7D8-2BE1-4C5C-BA20-335517EF480B} = {E2BCDEE1-CD65-4380-A190-2A5811F7B67B}
		{DE843C4E-2EBD-43BE-BC0A-9055631AD9DD} = {ED55B7D8-2BE1-4C5C-BA20-335517EF480B}
		{E222AB54-2F09-4B90-846F-B2A3EB893233} = {ED55B7D8-2BE1-4C5C-BA20-335517EF480B}
		{7B995881-1066-4B64-9B58-92FE40397667} = {ED55B7D8-2BE1-4C5C-BA20-335517EF480B}
		{CE35F282-6085-4910-BFE2-38A93C50CD8B} = {ED55B7D8-2BE1-4C5C-BA20-335517EF480B}
		{A059E0A6-8A78-4A53-B2A9-4EC0EFDFF71B} = {ED55B7D8-2BE1-4C5C-BA20-335517EF480B}
		{3E659F3B-A23D-4D6A-AD9D-684EB0C51E91} = {ED55B7D8-2BE1-4C5C-BA20-335517EF480B}
		{9D64D1F6-EF5F-44FD-AE78-174506B81399} = {E2BCDEE1-CD65-4380-A190-2A5811F7B67B}
		{3C371094-033F-4F31-9E34-D52AB65DE73C} = {E2BCDEE1-CD65-4380-A190-2A5811F7B67B}
		{60A7D9B5-1117-4146-A27A-E5E5111DF59D} = {E2BCDEE1-CD65-4380-A190-2A5811F7B67B}
		{BD887228-1E81-4CA3-AA3E-13B82248299B} = {E2BCDEE1-CD65-4380-A190-2A5811F7B67B}
		{8439660C-1AE2-4C77-B6C3-F12F1E66036F} = {E2BCDEE1-CD65-4380-A190-2A5811F7B67B}
		{C5A679B8-8F8E-451A-8A8E-45DDBEB3C57D} = {E2BCDEE1-CD65-4380-A190-2A5811F7B67B}
		{C3C71527-503F-472F-B29D-91DABE12BDA3} = {43DF91BD-A634-4347-B842-AF624B14F793}
		{82C93D76-299D-45C5-B90A-2C6C5E2FD8EF} = {C3C71527-503F-472F-B29D-91DABE12BDA3}
		{073CFBD8-A2FB-4E23-BA1F-AFA6632CFC3E} = {43DF91BD-A634-4347-B842-AF624B14F793}
		{781EE956-C158-4CA0-96B0-CDAD31210026} = {43DF91BD-A634-4347-B842-AF624B14F793}
		{B9A9236C-1D52-458A-AF63-2D3DAE72EC3F} = {43DF91BD-A634-4347-B842-AF624B14F793}
		{A2E54E01-ED84-4FA3-A7B7-8E40B94FA91A} = {E01BBB29-707E-4A1D-BD79-391E45845E90}
		{1D9059E4-F290-4022-A682-65FF0E433C05} = {E01BBB29-707E-4A1D-BD79-391E45845E90}
		{C15B2F42-B591-4D8D-95FA-AC372F0600AA} = {E01BBB29-707E-4A1D-BD79-391E45845E90}
		{814C7351-5839-4139-86EE-D27B04B4F5FC} = {E01BBB29-707E-4A1D-BD79-391E45845E90}
		{F30613AA-0EB9-4D44-B42F-ECAF50BDF7EC} = {E01BBB29-707E-4A1D-BD79-391E45845E90}
		{8070A42A-49A9-46A6-8BC1-DAA063BC3832} = {E01BBB29-707E-4A1D-BD79-391E45845E90}
		{DB28D584-BA06-4FD9-BAA9-C593B8C57F8E} = {E01BBB29-707E-4A1D-BD79-391E45845E90}
		{D940F3AC-B1BF-4D18-8924-D7348F6318EA} = {E01BBB29-707E-4A1D-BD79-391E45845E90}
		{31018AC6-EBB8-4C95-80D8-B6529994E60B} = {E01BBB29-707E-4A1D-BD79-391E45845E90}
		{AD458C94-DA3A-4940-BC31-A370AA0ADB5E} = {E01BBB29-707E-4A1D-BD79-391E45845E90}
		{D09CB47F-C41A-4121-B6D8-02DD70BA9410} = {E01BBB29-707E-4A1D-BD79-391E45845E90}
		{FAD47FFE-D4B9-4670-BECA-A4C144CE2CF1} = {A2E54E01-ED84-4FA3-A7B7-8E40B94FA91A}
		{92503737-ADD0-4B88-A3A1-E967F6105E79} = {A2E54E01-ED84-4FA3-A7B7-8E40B94FA91A}
		{9C143AA8-6734-4177-B131-510078CA8E12} = {92503737-ADD0-4B88-A3A1-E967F6105E79}
		{B518CE6A-6381-4376-9023-D9A5710CC9DC} = {C15B2F42-B591-4D8D-95FA-AC372F0600AA}
		{3492B54D-1FB4-4191-B796-CC34998625AC} = {C15B2F42-B591-4D8D-95FA-AC372F0600AA}
		{7A3E6F59-8AD9-4A3C-89C7-5E37219F8EA1} = {3492B54D-1FB4-4191-B796-CC34998625AC}
		{F78A088C-306C-4C5D-B393-8FF9EA30ED8F} = {7A3E6F59-8AD9-4A3C-89C7-5E37219F8EA1}
		{3A40A61F-BBBF-4A75-B3E6-32D47F3DB5D0} = {3492B54D-1FB4-4191-B796-CC34998625AC}
		{B956C749-A748-428C-AD7A-E87D5EC29EBE} = {1D9059E4-F290-4022-A682-65FF0E433C05}
		{DD72FBDB-66FF-4EA3-AC21-B3438D51E68E} = {1D9059E4-F290-4022-A682-65FF0E433C05}
		{80B941F2-97C1-4B03-85A0-DB6CC20AC6B9} = {DD72FBDB-66FF-4EA3-AC21-B3438D51E68E}
		{76ED68D4-C68A-480B-94B6-22F56CB16F5F} = {80B941F2-97C1-4B03-85A0-DB6CC20AC6B9}
		{69FE6DA9-0059-4835-9A82-931D20486470} = {C0C321E0-FF3F-4DAB-B9D3-AE608FD8FCFB}
		{C0C321E0-FF3F-4DAB-B9D3-AE608FD8FCFB} = {814C7351-5839-4139-86EE-D27B04B4F5FC}
		{A3A9C0CB-B9DB-460F-8A64-337301282E5F} = {C0C321E0-FF3F-4DAB-B9D3-AE608FD8FCFB}
		{C8329A73-199D-44DE-B174-4D12189442CD} = {A3A9C0CB-B9DB-460F-8A64-337301282E5F}
		{9413FC9E-7F92-41E5-BA27-3B29ED02FC42} = {814C7351-5839-4139-86EE-D27B04B4F5FC}
	EndGlobalSection
EndGlobal
