
Microsoft Visual Studio Solution File, Format Version 12.00
# Visual Studio 14
VisualStudioVersion = 14.0.23107.0
MinimumVisualStudioVersion = 10.0.40219.1
Project("{2150E333-8FDC-42A3-9474-1A3956D46DE8}") = "Ets.Mobile", "Ets.Mobile", "{A6E65B99-E2A2-4188-BEEC-07E3C8620F93}"
EndProject
Project("{D954291E-2A0B-460D-934E-DC6B0785DB48}") = "Ets.Mobile.ViewModel", "Ets.Mobile.ViewModel\Ets.Mobile.ViewModel.shproj", "{C5A679B8-8F8E-451A-8A8E-45DDBEB3C57D}"
EndProject
Project("{D954291E-2A0B-460D-934E-DC6B0785DB48}") = "Ets.Mobile.Business", "Ets.Mobile.Business\Ets.Mobile.Business.shproj", "{3C371094-033F-4F31-9E34-D52AB65DE73C}"
EndProject
Project("{D954291E-2A0B-460D-934E-DC6B0785DB48}") = "Ets.Mobile.Entities", "Ets.Mobile.Entities\Ets.Mobile.Entities.shproj", "{BD887228-1E81-4CA3-AA3E-13B82248299B}"
EndProject
Project("{D954291E-2A0B-460D-934E-DC6B0785DB48}") = "StoreFramework", "StoreFramework\StoreFramework.shproj", "{13217199-7407-4525-97DE-005E4775F498}"
EndProject
Project("{2150E333-8FDC-42A3-9474-1A3956D46DE8}") = "WinRT", "WinRT", "{92A7EEDD-8D3E-482C-80C6-1DA8F2B33126}"
EndProject
Project("{2150E333-8FDC-42A3-9474-1A3956D46DE8}") = "WinPhone", "WinPhone", "{1A92E92D-0011-4EA1-8419-EEB6523B9C9A}"
EndProject
Project("{FAE04EC0-301F-11D3-BF4B-00C04F79EFBC}") = "Ets.Mobile.Business.WinRT", "Ets.Mobile.Business.WinRT\Ets.Mobile.Business.WinRT.csproj", "{51D4C81F-AC59-4516-B307-AFF1A779E11F}"
	ProjectSection(ProjectDependencies) = postProject
		{FB2F492D-F022-4436-838A-F7C48DE0DBA4} = {FB2F492D-F022-4436-838A-F7C48DE0DBA4}
		{17D45B8A-6118-4502-B079-227C45968C7C} = {17D45B8A-6118-4502-B079-227C45968C7C}
	EndProjectSection
EndProject
Project("{FAE04EC0-301F-11D3-BF4B-00C04F79EFBC}") = "Ets.Mobile.Business.WinPhone", "Ets.Mobile.Business.WinPhone\Ets.Mobile.Business.WinPhone.csproj", "{E222AB54-2F09-4B90-846F-B2A3EB893233}"
	ProjectSection(ProjectDependencies) = postProject
		{36C64212-92F6-47CC-B21B-D5BF1BF47FEE} = {36C64212-92F6-47CC-B21B-D5BF1BF47FEE}
		{CE35F282-6085-4910-BFE2-38A93C50CD8B} = {CE35F282-6085-4910-BFE2-38A93C50CD8B}
	EndProjectSection
EndProject
Project("{D954291E-2A0B-460D-934E-DC6B0785DB48}") = "Ets.Mobile.Client", "Ets.Mobile.Client\Ets.Mobile.Client.shproj", "{60A7D9B5-1117-4146-A27A-E5E5111DF59D}"
EndProject
Project("{FAE04EC0-301F-11D3-BF4B-00C04F79EFBC}") = "Ets.Mobile.Client.WinRT", "Ets.Mobile.Client.WinRT\Ets.Mobile.Client.WinRT.csproj", "{28E2EE97-79F2-4149-8DC3-CF8C93542376}"
EndProject
Project("{FAE04EC0-301F-11D3-BF4B-00C04F79EFBC}") = "Ets.Mobile.Entities.WinRT", "Ets.Mobile.Entities.WinRT\Ets.Mobile.Entities.WinRT.csproj", "{17D45B8A-6118-4502-B079-227C45968C7C}"
EndProject
Project("{FAE04EC0-301F-11D3-BF4B-00C04F79EFBC}") = "Ets.Mobile.StoreFramework.WinRT", "Ets.Mobile.StoreFramework.WinRT\Ets.Mobile.StoreFramework.WinRT.csproj", "{FB2F492D-F022-4436-838A-F7C48DE0DBA4}"
EndProject
Project("{FAE04EC0-301F-11D3-BF4B-00C04F79EFBC}") = "Ets.Mobile.ViewModel.WinRT", "Ets.Mobile.ViewModel.WinRT\Ets.Mobile.ViewModel.WinRT.csproj", "{D3500B1E-2074-4E90-BCDA-7BF56447BB2F}"
EndProject
Project("{FAE04EC0-301F-11D3-BF4B-00C04F79EFBC}") = "Ets.Mobile.Client.WinPhone", "Ets.Mobile.Client.WinPhone\Ets.Mobile.Client.WinPhone.csproj", "{7B995881-1066-4B64-9B58-92FE40397667}"
EndProject
Project("{FAE04EC0-301F-11D3-BF4B-00C04F79EFBC}") = "Ets.Mobile.Entities.WinPhone", "Ets.Mobile.Entities.WinPhone\Ets.Mobile.Entities.WinPhone.csproj", "{CE35F282-6085-4910-BFE2-38A93C50CD8B}"
EndProject
Project("{FAE04EC0-301F-11D3-BF4B-00C04F79EFBC}") = "Ets.Mobile.ViewModel.WinPhone", "Ets.Mobile.ViewModel.WinPhone\Ets.Mobile.ViewModel.WinPhone.csproj", "{A059E0A6-8A78-4A53-B2A9-4EC0EFDFF71B}"
EndProject
Project("{FAE04EC0-301F-11D3-BF4B-00C04F79EFBC}") = "Ets.Mobile.StoreFramework.WinPhone", "Ets.Mobile.StoreFramework.WinPhone\Ets.Mobile.StoreFramework.WinPhone.csproj", "{36C64212-92F6-47CC-B21B-D5BF1BF47FEE}"
EndProject
Project("{2150E333-8FDC-42A3-9474-1A3956D46DE8}") = "Ets.Mobile.Tests", "Ets.Mobile.Tests", "{5E3FFD0A-A66B-4352-9D51-60E0CEBF7A5E}"
EndProject
Project("{2150E333-8FDC-42A3-9474-1A3956D46DE8}") = "WinRT", "WinRT", "{45BCA6E4-3370-460B-886B-954210D25710}"
EndProject
Project("{2150E333-8FDC-42A3-9474-1A3956D46DE8}") = "WinPhone", "WinPhone", "{10FE926F-D7C5-4913-8DB8-D82C58AB7F2A}"
EndProject
Project("{FAE04EC0-301F-11D3-BF4B-00C04F79EFBC}") = "Ets.Mobile.Client.WinPhone.Tests", "Ets.Mobile.Client.WinPhone.Tests\Ets.Mobile.Client.WinPhone.Tests.csproj", "{1C3DD8B9-2783-4EB4-945C-B0E9634A374A}"
EndProject
Project("{FAE04EC0-301F-11D3-BF4B-00C04F79EFBC}") = "Ets.Mobile.Business.WinPhone.Tests", "Ets.Mobile.Business.WinPhone.Tests\Ets.Mobile.Business.WinPhone.Tests.csproj", "{F2136F77-9111-40F7-95EC-548041B9C1F9}"
EndProject
Project("{2150E333-8FDC-42A3-9474-1A3956D46DE8}") = "Shared", "Shared", "{FFC34CA4-6A2C-45C4-91E3-F8CA2FC762AC}"
EndProject
Project("{D954291E-2A0B-460D-934E-DC6B0785DB48}") = "Ets.Mobile.Business.Shared.Tests", "Ets.Mobile.Business.Shared.Tests\Ets.Mobile.Business.Shared.Tests.shproj", "{073CFBD8-A2FB-4E23-BA1F-AFA6632CFC3E}"
EndProject
Project("{D954291E-2A0B-460D-934E-DC6B0785DB48}") = "Ets.Mobile.Client.Shared.Tests", "Ets.Mobile.Client.Shared.Tests\Ets.Mobile.Client.Shared.Tests.shproj", "{781EE956-C158-4CA0-96B0-CDAD31210026}"
EndProject
Project("{FAE04EC0-301F-11D3-BF4B-00C04F79EFBC}") = "Ets.Mobile.Client.WinRT.Tests", "Ets.Mobile.Client.WinRT.Tests\Ets.Mobile.Client.WinRT.Tests.csproj", "{A17B2A22-55BD-4B0C-80ED-AE068BF35504}"
EndProject
Project("{FAE04EC0-301F-11D3-BF4B-00C04F79EFBC}") = "Ets.Mobile.Business.WinRT.Tests", "Ets.Mobile.Business.WinRT.Tests\Ets.Mobile.Business.WinRT.Tests.csproj", "{D8B64B2E-B03C-4FF7-A91F-E192EA378B4E}"
EndProject
Project("{D954291E-2A0B-460D-934E-DC6B0785DB48}") = "Ets.Mobile.Shared.Tests", "Ets.Mobile.Shared.Tests\Ets.Mobile.Shared.Tests.shproj", "{B9A9236C-1D52-458A-AF63-2D3DAE72EC3F}"
EndProject
Project("{FAE04EC0-301F-11D3-BF4B-00C04F79EFBC}") = "Ets.Mobile.WindowsPhone", "Ets.Mobile.WindowsPhone\Ets.Mobile.WindowsPhone.csproj", "{3E659F3B-A23D-4D6A-AD9D-684EB0C51E91}"
EndProject
Project("{D954291E-2A0B-460D-934E-DC6B0785DB48}") = "Ets.Mobile.Shared", "Ets.Mobile.Shared\Ets.Mobile.Shared.shproj", "{8439660C-1AE2-4C77-B6C3-F12F1E66036F}"
EndProject
Project("{FAE04EC0-301F-11D3-BF4B-00C04F79EFBC}") = "Ets.Mobile.Windows", "Ets.Mobile.Windows\Ets.Mobile.Windows.csproj", "{D939C457-A5A0-4E43-9259-EB0EE2245C14}"
EndProject
Global
	GlobalSection(SharedMSBuildProjectFiles) = preSolution
		Ets.Mobile.ViewModel\Ets.Mobile.ViewModel.projitems*{d3500b1e-2074-4e90-bcda-7bf56447bb2f}*SharedItemsImports = 4
		Ets.Mobile.Business.Shared.Tests\Ets.Mobile.Business.Shared.Tests.projitems*{d8b64b2e-b03c-4ff7-a91f-e192ea378b4e}*SharedItemsImports = 4
		Ets.Mobile.Shared.Tests\Ets.Mobile.Shared.Tests.projitems*{d8b64b2e-b03c-4ff7-a91f-e192ea378b4e}*SharedItemsImports = 4
		Ets.Mobile.Shared.Tests\Ets.Mobile.Shared.Tests.projitems*{b9a9236c-1d52-458a-af63-2d3dae72ec3f}*SharedItemsImports = 13
		Ets.Mobile.Client.Shared.Tests\Ets.Mobile.Client.Shared.Tests.projitems*{1c3dd8b9-2783-4eb4-945c-b0e9634a374a}*SharedItemsImports = 4
		Ets.Mobile.Shared.Tests\Ets.Mobile.Shared.Tests.projitems*{1c3dd8b9-2783-4eb4-945c-b0e9634a374a}*SharedItemsImports = 4
		Ets.Mobile.Client\Ets.Mobile.Client.projitems*{60a7d9b5-1117-4146-a27a-e5e5111df59d}*SharedItemsImports = 13
		Ets.Mobile.Entities\Ets.Mobile.Entities.projitems*{ce35f282-6085-4910-bfe2-38a93c50cd8b}*SharedItemsImports = 4
		Ets.Mobile.Shared\Ets.Mobile.Shared.projitems*{d939c457-a5a0-4e43-9259-eb0ee2245c14}*SharedItemsImports = 4
		Ets.Mobile.Client\Ets.Mobile.Client.projitems*{28e2ee97-79f2-4149-8dc3-cf8c93542376}*SharedItemsImports = 4
		Ets.Mobile.Entities\Ets.Mobile.Entities.projitems*{bd887228-1e81-4ca3-aa3e-13b82248299b}*SharedItemsImports = 13
		Ets.Mobile.Business\Ets.Mobile.Business.projitems*{3c371094-033f-4f31-9e34-d52ab65de73c}*SharedItemsImports = 13
		Ets.Mobile.Shared\Ets.Mobile.Shared.projitems*{3e659f3b-a23d-4d6a-ad9d-684eb0c51e91}*SharedItemsImports = 4
		Ets.Mobile.Client\Ets.Mobile.Client.projitems*{7b995881-1066-4b64-9b58-92fe40397667}*SharedItemsImports = 4
		StoreFramework\StoreFramework.projitems*{fb2f492d-f022-4436-838a-f7c48de0dba4}*SharedItemsImports = 4
		Ets.Mobile.Business.Shared.Tests\Ets.Mobile.Business.Shared.Tests.projitems*{073cfbd8-a2fb-4e23-ba1f-afa6632cfc3e}*SharedItemsImports = 13
		Ets.Mobile.ViewModel\Ets.Mobile.ViewModel.projitems*{c5a679b8-8f8e-451a-8a8e-45ddbeb3c57d}*SharedItemsImports = 13
		Ets.Mobile.Business.Shared.Tests\Ets.Mobile.Business.Shared.Tests.projitems*{f2136f77-9111-40f7-95ec-548041b9c1f9}*SharedItemsImports = 4
		Ets.Mobile.Shared.Tests\Ets.Mobile.Shared.Tests.projitems*{f2136f77-9111-40f7-95ec-548041b9c1f9}*SharedItemsImports = 4
		Ets.Mobile.Business\Ets.Mobile.Business.projitems*{51d4c81f-ac59-4516-b307-aff1a779e11f}*SharedItemsImports = 4
		Ets.Mobile.Entities\Ets.Mobile.Entities.projitems*{17d45b8a-6118-4502-b079-227c45968c7c}*SharedItemsImports = 4
		Ets.Mobile.Client.Shared.Tests\Ets.Mobile.Client.Shared.Tests.projitems*{a17b2a22-55bd-4b0c-80ed-ae068bf35504}*SharedItemsImports = 4
		Ets.Mobile.Shared.Tests\Ets.Mobile.Shared.Tests.projitems*{a17b2a22-55bd-4b0c-80ed-ae068bf35504}*SharedItemsImports = 4
		Ets.Mobile.ViewModel\Ets.Mobile.ViewModel.projitems*{a059e0a6-8a78-4a53-b2a9-4ec0efdff71b}*SharedItemsImports = 4
		StoreFramework\StoreFramework.projitems*{13217199-7407-4525-97de-005e4775f498}*SharedItemsImports = 13
		Ets.Mobile.Shared\Ets.Mobile.Shared.projitems*{8439660c-1ae2-4c77-b6c3-f12f1e66036f}*SharedItemsImports = 13
		StoreFramework\StoreFramework.projitems*{36c64212-92f6-47cc-b21b-d5bf1bf47fee}*SharedItemsImports = 4
		Ets.Mobile.Client.Shared.Tests\Ets.Mobile.Client.Shared.Tests.projitems*{781ee956-c158-4ca0-96b0-cdad31210026}*SharedItemsImports = 13
		Ets.Mobile.Resources\Ets.Mobile.Resources.projitems*{e222ab54-2f09-4b90-846f-b2a3eb893233}*SharedItemsImports = 4
		Ets.Mobile.Business\Ets.Mobile.Business.projitems*{e222ab54-2f09-4b90-846f-b2a3eb893233}*SharedItemsImports = 4
	EndGlobalSection
	GlobalSection(SolutionConfigurationPlatforms) = preSolution
		Debug|Any CPU = Debug|Any CPU
		Debug|ARM = Debug|ARM
		Debug|Mixed Platforms = Debug|Mixed Platforms
		Debug|x64 = Debug|x64
		Debug|x86 = Debug|x86
		Release|Any CPU = Release|Any CPU
		Release|ARM = Release|ARM
		Release|Mixed Platforms = Release|Mixed Platforms
		Release|x64 = Release|x64
		Release|x86 = Release|x86
	EndGlobalSection
	GlobalSection(ProjectConfigurationPlatforms) = postSolution
		{51D4C81F-AC59-4516-B307-AFF1A779E11F}.Debug|Any CPU.ActiveCfg = Debug|Any CPU
		{51D4C81F-AC59-4516-B307-AFF1A779E11F}.Debug|Any CPU.Build.0 = Debug|Any CPU
		{51D4C81F-AC59-4516-B307-AFF1A779E11F}.Debug|ARM.ActiveCfg = Debug|ARM
		{51D4C81F-AC59-4516-B307-AFF1A779E11F}.Debug|Mixed Platforms.ActiveCfg = Debug|Any CPU
		{51D4C81F-AC59-4516-B307-AFF1A779E11F}.Debug|Mixed Platforms.Build.0 = Debug|Any CPU
		{51D4C81F-AC59-4516-B307-AFF1A779E11F}.Debug|x64.ActiveCfg = Debug|Any CPU
		{51D4C81F-AC59-4516-B307-AFF1A779E11F}.Debug|x86.ActiveCfg = Debug|x86
		{51D4C81F-AC59-4516-B307-AFF1A779E11F}.Debug|x86.Build.0 = Debug|x86
		{51D4C81F-AC59-4516-B307-AFF1A779E11F}.Release|Any CPU.ActiveCfg = Release|Any CPU
		{51D4C81F-AC59-4516-B307-AFF1A779E11F}.Release|Any CPU.Build.0 = Release|Any CPU
		{51D4C81F-AC59-4516-B307-AFF1A779E11F}.Release|ARM.ActiveCfg = Release|ARM
		{51D4C81F-AC59-4516-B307-AFF1A779E11F}.Release|ARM.Build.0 = Release|ARM
		{51D4C81F-AC59-4516-B307-AFF1A779E11F}.Release|Mixed Platforms.ActiveCfg = Release|Any CPU
		{51D4C81F-AC59-4516-B307-AFF1A779E11F}.Release|Mixed Platforms.Build.0 = Release|Any CPU
		{51D4C81F-AC59-4516-B307-AFF1A779E11F}.Release|x64.ActiveCfg = Release|Any CPU
		{51D4C81F-AC59-4516-B307-AFF1A779E11F}.Release|x86.ActiveCfg = Release|x86
		{51D4C81F-AC59-4516-B307-AFF1A779E11F}.Release|x86.Build.0 = Release|x86
		{E222AB54-2F09-4B90-846F-B2A3EB893233}.Debug|Any CPU.ActiveCfg = Debug|Any CPU
		{E222AB54-2F09-4B90-846F-B2A3EB893233}.Debug|Any CPU.Build.0 = Debug|Any CPU
		{E222AB54-2F09-4B90-846F-B2A3EB893233}.Debug|ARM.ActiveCfg = Debug|ARM
		{E222AB54-2F09-4B90-846F-B2A3EB893233}.Debug|ARM.Build.0 = Debug|ARM
		{E222AB54-2F09-4B90-846F-B2A3EB893233}.Debug|Mixed Platforms.ActiveCfg = Debug|Any CPU
		{E222AB54-2F09-4B90-846F-B2A3EB893233}.Debug|Mixed Platforms.Build.0 = Debug|Any CPU
		{E222AB54-2F09-4B90-846F-B2A3EB893233}.Debug|x64.ActiveCfg = Debug|Any CPU
		{E222AB54-2F09-4B90-846F-B2A3EB893233}.Debug|x86.ActiveCfg = Debug|x86
		{E222AB54-2F09-4B90-846F-B2A3EB893233}.Debug|x86.Build.0 = Debug|x86
		{E222AB54-2F09-4B90-846F-B2A3EB893233}.Debug|x86.Deploy.0 = Debug|x86
		{E222AB54-2F09-4B90-846F-B2A3EB893233}.Release|Any CPU.ActiveCfg = Release|Any CPU
		{E222AB54-2F09-4B90-846F-B2A3EB893233}.Release|Any CPU.Build.0 = Release|Any CPU
		{E222AB54-2F09-4B90-846F-B2A3EB893233}.Release|ARM.ActiveCfg = Release|ARM
		{E222AB54-2F09-4B90-846F-B2A3EB893233}.Release|ARM.Build.0 = Release|ARM
		{E222AB54-2F09-4B90-846F-B2A3EB893233}.Release|Mixed Platforms.ActiveCfg = Release|Any CPU
		{E222AB54-2F09-4B90-846F-B2A3EB893233}.Release|Mixed Platforms.Build.0 = Release|Any CPU
		{E222AB54-2F09-4B90-846F-B2A3EB893233}.Release|x64.ActiveCfg = Release|Any CPU
		{E222AB54-2F09-4B90-846F-B2A3EB893233}.Release|x86.ActiveCfg = Release|x86
		{E222AB54-2F09-4B90-846F-B2A3EB893233}.Release|x86.Build.0 = Release|x86
		{28E2EE97-79F2-4149-8DC3-CF8C93542376}.Debug|Any CPU.ActiveCfg = Debug|Any CPU
		{28E2EE97-79F2-4149-8DC3-CF8C93542376}.Debug|Any CPU.Build.0 = Debug|Any CPU
		{28E2EE97-79F2-4149-8DC3-CF8C93542376}.Debug|ARM.ActiveCfg = Debug|ARM
		{28E2EE97-79F2-4149-8DC3-CF8C93542376}.Debug|Mixed Platforms.ActiveCfg = Debug|Any CPU
		{28E2EE97-79F2-4149-8DC3-CF8C93542376}.Debug|Mixed Platforms.Build.0 = Debug|Any CPU
		{28E2EE97-79F2-4149-8DC3-CF8C93542376}.Debug|x64.ActiveCfg = Debug|Any CPU
		{28E2EE97-79F2-4149-8DC3-CF8C93542376}.Debug|x86.ActiveCfg = Debug|x86
		{28E2EE97-79F2-4149-8DC3-CF8C93542376}.Debug|x86.Build.0 = Debug|x86
		{28E2EE97-79F2-4149-8DC3-CF8C93542376}.Release|Any CPU.ActiveCfg = Release|Any CPU
		{28E2EE97-79F2-4149-8DC3-CF8C93542376}.Release|Any CPU.Build.0 = Release|Any CPU
		{28E2EE97-79F2-4149-8DC3-CF8C93542376}.Release|ARM.ActiveCfg = Release|ARM
		{28E2EE97-79F2-4149-8DC3-CF8C93542376}.Release|ARM.Build.0 = Release|ARM
		{28E2EE97-79F2-4149-8DC3-CF8C93542376}.Release|Mixed Platforms.ActiveCfg = Release|Any CPU
		{28E2EE97-79F2-4149-8DC3-CF8C93542376}.Release|Mixed Platforms.Build.0 = Release|Any CPU
		{28E2EE97-79F2-4149-8DC3-CF8C93542376}.Release|x64.ActiveCfg = Release|Any CPU
		{28E2EE97-79F2-4149-8DC3-CF8C93542376}.Release|x86.ActiveCfg = Release|x86
		{28E2EE97-79F2-4149-8DC3-CF8C93542376}.Release|x86.Build.0 = Release|x86
		{17D45B8A-6118-4502-B079-227C45968C7C}.Debug|Any CPU.ActiveCfg = Debug|Any CPU
		{17D45B8A-6118-4502-B079-227C45968C7C}.Debug|Any CPU.Build.0 = Debug|Any CPU
		{17D45B8A-6118-4502-B079-227C45968C7C}.Debug|ARM.ActiveCfg = Debug|ARM
		{17D45B8A-6118-4502-B079-227C45968C7C}.Debug|Mixed Platforms.ActiveCfg = Debug|Any CPU
		{17D45B8A-6118-4502-B079-227C45968C7C}.Debug|Mixed Platforms.Build.0 = Debug|Any CPU
		{17D45B8A-6118-4502-B079-227C45968C7C}.Debug|x64.ActiveCfg = Debug|Any CPU
		{17D45B8A-6118-4502-B079-227C45968C7C}.Debug|x86.ActiveCfg = Debug|x86
		{17D45B8A-6118-4502-B079-227C45968C7C}.Debug|x86.Build.0 = Debug|x86
		{17D45B8A-6118-4502-B079-227C45968C7C}.Release|Any CPU.ActiveCfg = Release|Any CPU
		{17D45B8A-6118-4502-B079-227C45968C7C}.Release|Any CPU.Build.0 = Release|Any CPU
		{17D45B8A-6118-4502-B079-227C45968C7C}.Release|ARM.ActiveCfg = Release|ARM
		{17D45B8A-6118-4502-B079-227C45968C7C}.Release|ARM.Build.0 = Release|ARM
		{17D45B8A-6118-4502-B079-227C45968C7C}.Release|Mixed Platforms.ActiveCfg = Release|Any CPU
		{17D45B8A-6118-4502-B079-227C45968C7C}.Release|Mixed Platforms.Build.0 = Release|Any CPU
		{17D45B8A-6118-4502-B079-227C45968C7C}.Release|x64.ActiveCfg = Release|Any CPU
		{17D45B8A-6118-4502-B079-227C45968C7C}.Release|x86.ActiveCfg = Release|x86
		{17D45B8A-6118-4502-B079-227C45968C7C}.Release|x86.Build.0 = Release|x86
		{FB2F492D-F022-4436-838A-F7C48DE0DBA4}.Debug|Any CPU.ActiveCfg = Debug|Any CPU
		{FB2F492D-F022-4436-838A-F7C48DE0DBA4}.Debug|Any CPU.Build.0 = Debug|Any CPU
		{FB2F492D-F022-4436-838A-F7C48DE0DBA4}.Debug|ARM.ActiveCfg = Debug|ARM
		{FB2F492D-F022-4436-838A-F7C48DE0DBA4}.Debug|Mixed Platforms.ActiveCfg = Debug|Any CPU
		{FB2F492D-F022-4436-838A-F7C48DE0DBA4}.Debug|Mixed Platforms.Build.0 = Debug|Any CPU
		{FB2F492D-F022-4436-838A-F7C48DE0DBA4}.Debug|x64.ActiveCfg = Debug|Any CPU
		{FB2F492D-F022-4436-838A-F7C48DE0DBA4}.Debug|x86.ActiveCfg = Debug|x86
		{FB2F492D-F022-4436-838A-F7C48DE0DBA4}.Debug|x86.Build.0 = Debug|x86
		{FB2F492D-F022-4436-838A-F7C48DE0DBA4}.Release|Any CPU.ActiveCfg = Release|Any CPU
		{FB2F492D-F022-4436-838A-F7C48DE0DBA4}.Release|Any CPU.Build.0 = Release|Any CPU
		{FB2F492D-F022-4436-838A-F7C48DE0DBA4}.Release|ARM.ActiveCfg = Release|ARM
		{FB2F492D-F022-4436-838A-F7C48DE0DBA4}.Release|ARM.Build.0 = Release|ARM
		{FB2F492D-F022-4436-838A-F7C48DE0DBA4}.Release|Mixed Platforms.ActiveCfg = Release|Any CPU
		{FB2F492D-F022-4436-838A-F7C48DE0DBA4}.Release|Mixed Platforms.Build.0 = Release|Any CPU
		{FB2F492D-F022-4436-838A-F7C48DE0DBA4}.Release|x64.ActiveCfg = Release|Any CPU
		{FB2F492D-F022-4436-838A-F7C48DE0DBA4}.Release|x86.ActiveCfg = Release|x86
		{FB2F492D-F022-4436-838A-F7C48DE0DBA4}.Release|x86.Build.0 = Release|x86
		{D3500B1E-2074-4E90-BCDA-7BF56447BB2F}.Debug|Any CPU.ActiveCfg = Debug|Any CPU
		{D3500B1E-2074-4E90-BCDA-7BF56447BB2F}.Debug|Any CPU.Build.0 = Debug|Any CPU
		{D3500B1E-2074-4E90-BCDA-7BF56447BB2F}.Debug|ARM.ActiveCfg = Debug|ARM
		{D3500B1E-2074-4E90-BCDA-7BF56447BB2F}.Debug|Mixed Platforms.ActiveCfg = Debug|Any CPU
		{D3500B1E-2074-4E90-BCDA-7BF56447BB2F}.Debug|Mixed Platforms.Build.0 = Debug|Any CPU
		{D3500B1E-2074-4E90-BCDA-7BF56447BB2F}.Debug|x64.ActiveCfg = Debug|Any CPU
		{D3500B1E-2074-4E90-BCDA-7BF56447BB2F}.Debug|x86.ActiveCfg = Debug|x86
		{D3500B1E-2074-4E90-BCDA-7BF56447BB2F}.Debug|x86.Build.0 = Debug|x86
		{D3500B1E-2074-4E90-BCDA-7BF56447BB2F}.Release|Any CPU.ActiveCfg = Release|Any CPU
		{D3500B1E-2074-4E90-BCDA-7BF56447BB2F}.Release|Any CPU.Build.0 = Release|Any CPU
		{D3500B1E-2074-4E90-BCDA-7BF56447BB2F}.Release|ARM.ActiveCfg = Release|ARM
		{D3500B1E-2074-4E90-BCDA-7BF56447BB2F}.Release|ARM.Build.0 = Release|ARM
		{D3500B1E-2074-4E90-BCDA-7BF56447BB2F}.Release|Mixed Platforms.ActiveCfg = Release|Any CPU
		{D3500B1E-2074-4E90-BCDA-7BF56447BB2F}.Release|Mixed Platforms.Build.0 = Release|Any CPU
		{D3500B1E-2074-4E90-BCDA-7BF56447BB2F}.Release|x64.ActiveCfg = Release|Any CPU
		{D3500B1E-2074-4E90-BCDA-7BF56447BB2F}.Release|x86.ActiveCfg = Release|x86
		{D3500B1E-2074-4E90-BCDA-7BF56447BB2F}.Release|x86.Build.0 = Release|x86
		{7B995881-1066-4B64-9B58-92FE40397667}.Debug|Any CPU.ActiveCfg = Debug|Any CPU
		{7B995881-1066-4B64-9B58-92FE40397667}.Debug|Any CPU.Build.0 = Debug|Any CPU
		{7B995881-1066-4B64-9B58-92FE40397667}.Debug|ARM.ActiveCfg = Debug|ARM
		{7B995881-1066-4B64-9B58-92FE40397667}.Debug|ARM.Build.0 = Debug|ARM
		{7B995881-1066-4B64-9B58-92FE40397667}.Debug|Mixed Platforms.ActiveCfg = Debug|Any CPU
		{7B995881-1066-4B64-9B58-92FE40397667}.Debug|Mixed Platforms.Build.0 = Debug|Any CPU
		{7B995881-1066-4B64-9B58-92FE40397667}.Debug|x64.ActiveCfg = Debug|Any CPU
		{7B995881-1066-4B64-9B58-92FE40397667}.Debug|x86.ActiveCfg = Debug|x86
		{7B995881-1066-4B64-9B58-92FE40397667}.Debug|x86.Build.0 = Debug|x86
		{7B995881-1066-4B64-9B58-92FE40397667}.Release|Any CPU.ActiveCfg = Release|Any CPU
		{7B995881-1066-4B64-9B58-92FE40397667}.Release|Any CPU.Build.0 = Release|Any CPU
		{7B995881-1066-4B64-9B58-92FE40397667}.Release|ARM.ActiveCfg = Release|ARM
		{7B995881-1066-4B64-9B58-92FE40397667}.Release|ARM.Build.0 = Release|ARM
		{7B995881-1066-4B64-9B58-92FE40397667}.Release|Mixed Platforms.ActiveCfg = Release|Any CPU
		{7B995881-1066-4B64-9B58-92FE40397667}.Release|Mixed Platforms.Build.0 = Release|Any CPU
		{7B995881-1066-4B64-9B58-92FE40397667}.Release|x64.ActiveCfg = Release|Any CPU
		{7B995881-1066-4B64-9B58-92FE40397667}.Release|x86.ActiveCfg = Release|x86
		{7B995881-1066-4B64-9B58-92FE40397667}.Release|x86.Build.0 = Release|x86
		{CE35F282-6085-4910-BFE2-38A93C50CD8B}.Debug|Any CPU.ActiveCfg = Debug|Any CPU
		{CE35F282-6085-4910-BFE2-38A93C50CD8B}.Debug|Any CPU.Build.0 = Debug|Any CPU
		{CE35F282-6085-4910-BFE2-38A93C50CD8B}.Debug|ARM.ActiveCfg = Debug|ARM
		{CE35F282-6085-4910-BFE2-38A93C50CD8B}.Debug|ARM.Build.0 = Debug|ARM
		{CE35F282-6085-4910-BFE2-38A93C50CD8B}.Debug|Mixed Platforms.ActiveCfg = Debug|Any CPU
		{CE35F282-6085-4910-BFE2-38A93C50CD8B}.Debug|Mixed Platforms.Build.0 = Debug|Any CPU
		{CE35F282-6085-4910-BFE2-38A93C50CD8B}.Debug|x64.ActiveCfg = Debug|Any CPU
		{CE35F282-6085-4910-BFE2-38A93C50CD8B}.Debug|x86.ActiveCfg = Debug|x86
		{CE35F282-6085-4910-BFE2-38A93C50CD8B}.Debug|x86.Build.0 = Debug|x86
		{CE35F282-6085-4910-BFE2-38A93C50CD8B}.Release|Any CPU.ActiveCfg = Release|Any CPU
		{CE35F282-6085-4910-BFE2-38A93C50CD8B}.Release|Any CPU.Build.0 = Release|Any CPU
		{CE35F282-6085-4910-BFE2-38A93C50CD8B}.Release|ARM.ActiveCfg = Release|ARM
		{CE35F282-6085-4910-BFE2-38A93C50CD8B}.Release|ARM.Build.0 = Release|ARM
		{CE35F282-6085-4910-BFE2-38A93C50CD8B}.Release|Mixed Platforms.ActiveCfg = Release|Any CPU
		{CE35F282-6085-4910-BFE2-38A93C50CD8B}.Release|Mixed Platforms.Build.0 = Release|Any CPU
		{CE35F282-6085-4910-BFE2-38A93C50CD8B}.Release|x64.ActiveCfg = Release|Any CPU
		{CE35F282-6085-4910-BFE2-38A93C50CD8B}.Release|x86.ActiveCfg = Release|x86
		{CE35F282-6085-4910-BFE2-38A93C50CD8B}.Release|x86.Build.0 = Release|x86
		{A059E0A6-8A78-4A53-B2A9-4EC0EFDFF71B}.Debug|Any CPU.ActiveCfg = Debug|Any CPU
		{A059E0A6-8A78-4A53-B2A9-4EC0EFDFF71B}.Debug|Any CPU.Build.0 = Debug|Any CPU
		{A059E0A6-8A78-4A53-B2A9-4EC0EFDFF71B}.Debug|ARM.ActiveCfg = Debug|ARM
		{A059E0A6-8A78-4A53-B2A9-4EC0EFDFF71B}.Debug|ARM.Build.0 = Debug|ARM
		{A059E0A6-8A78-4A53-B2A9-4EC0EFDFF71B}.Debug|Mixed Platforms.ActiveCfg = Debug|Any CPU
		{A059E0A6-8A78-4A53-B2A9-4EC0EFDFF71B}.Debug|Mixed Platforms.Build.0 = Debug|Any CPU
		{A059E0A6-8A78-4A53-B2A9-4EC0EFDFF71B}.Debug|x64.ActiveCfg = Debug|Any CPU
		{A059E0A6-8A78-4A53-B2A9-4EC0EFDFF71B}.Debug|x86.ActiveCfg = Debug|x86
		{A059E0A6-8A78-4A53-B2A9-4EC0EFDFF71B}.Debug|x86.Build.0 = Debug|x86
		{A059E0A6-8A78-4A53-B2A9-4EC0EFDFF71B}.Release|Any CPU.ActiveCfg = Release|Any CPU
		{A059E0A6-8A78-4A53-B2A9-4EC0EFDFF71B}.Release|Any CPU.Build.0 = Release|Any CPU
		{A059E0A6-8A78-4A53-B2A9-4EC0EFDFF71B}.Release|ARM.ActiveCfg = Release|ARM
		{A059E0A6-8A78-4A53-B2A9-4EC0EFDFF71B}.Release|ARM.Build.0 = Release|ARM
		{A059E0A6-8A78-4A53-B2A9-4EC0EFDFF71B}.Release|Mixed Platforms.ActiveCfg = Release|Any CPU
		{A059E0A6-8A78-4A53-B2A9-4EC0EFDFF71B}.Release|Mixed Platforms.Build.0 = Release|Any CPU
		{A059E0A6-8A78-4A53-B2A9-4EC0EFDFF71B}.Release|x64.ActiveCfg = Release|Any CPU
		{A059E0A6-8A78-4A53-B2A9-4EC0EFDFF71B}.Release|x86.ActiveCfg = Release|x86
		{A059E0A6-8A78-4A53-B2A9-4EC0EFDFF71B}.Release|x86.Build.0 = Release|x86
		{36C64212-92F6-47CC-B21B-D5BF1BF47FEE}.Debug|Any CPU.ActiveCfg = Debug|Any CPU
		{36C64212-92F6-47CC-B21B-D5BF1BF47FEE}.Debug|Any CPU.Build.0 = Debug|Any CPU
		{36C64212-92F6-47CC-B21B-D5BF1BF47FEE}.Debug|ARM.ActiveCfg = Debug|ARM
		{36C64212-92F6-47CC-B21B-D5BF1BF47FEE}.Debug|ARM.Build.0 = Debug|ARM
		{36C64212-92F6-47CC-B21B-D5BF1BF47FEE}.Debug|Mixed Platforms.ActiveCfg = Debug|Any CPU
		{36C64212-92F6-47CC-B21B-D5BF1BF47FEE}.Debug|Mixed Platforms.Build.0 = Debug|Any CPU
		{36C64212-92F6-47CC-B21B-D5BF1BF47FEE}.Debug|x64.ActiveCfg = Debug|Any CPU
		{36C64212-92F6-47CC-B21B-D5BF1BF47FEE}.Debug|x86.ActiveCfg = Debug|x86
		{36C64212-92F6-47CC-B21B-D5BF1BF47FEE}.Debug|x86.Build.0 = Debug|x86
		{36C64212-92F6-47CC-B21B-D5BF1BF47FEE}.Release|Any CPU.ActiveCfg = Release|Any CPU
		{36C64212-92F6-47CC-B21B-D5BF1BF47FEE}.Release|Any CPU.Build.0 = Release|Any CPU
		{36C64212-92F6-47CC-B21B-D5BF1BF47FEE}.Release|ARM.ActiveCfg = Release|ARM
		{36C64212-92F6-47CC-B21B-D5BF1BF47FEE}.Release|ARM.Build.0 = Release|ARM
		{36C64212-92F6-47CC-B21B-D5BF1BF47FEE}.Release|Mixed Platforms.ActiveCfg = Release|Any CPU
		{36C64212-92F6-47CC-B21B-D5BF1BF47FEE}.Release|Mixed Platforms.Build.0 = Release|Any CPU
		{36C64212-92F6-47CC-B21B-D5BF1BF47FEE}.Release|x64.ActiveCfg = Release|Any CPU
		{36C64212-92F6-47CC-B21B-D5BF1BF47FEE}.Release|x86.ActiveCfg = Release|x86
		{36C64212-92F6-47CC-B21B-D5BF1BF47FEE}.Release|x86.Build.0 = Release|x86
		{1C3DD8B9-2783-4EB4-945C-B0E9634A374A}.Debug|Any CPU.ActiveCfg = Debug|x86
		{1C3DD8B9-2783-4EB4-945C-B0E9634A374A}.Debug|ARM.ActiveCfg = Debug|ARM
		{1C3DD8B9-2783-4EB4-945C-B0E9634A374A}.Debug|ARM.Build.0 = Debug|ARM
		{1C3DD8B9-2783-4EB4-945C-B0E9634A374A}.Debug|ARM.Deploy.0 = Debug|ARM
		{1C3DD8B9-2783-4EB4-945C-B0E9634A374A}.Debug|Mixed Platforms.ActiveCfg = Debug|x86
		{1C3DD8B9-2783-4EB4-945C-B0E9634A374A}.Debug|Mixed Platforms.Build.0 = Debug|x86
		{1C3DD8B9-2783-4EB4-945C-B0E9634A374A}.Debug|Mixed Platforms.Deploy.0 = Debug|x86
		{1C3DD8B9-2783-4EB4-945C-B0E9634A374A}.Debug|x64.ActiveCfg = Debug|x86
		{1C3DD8B9-2783-4EB4-945C-B0E9634A374A}.Debug|x86.ActiveCfg = Debug|x86
		{1C3DD8B9-2783-4EB4-945C-B0E9634A374A}.Debug|x86.Build.0 = Debug|x86
		{1C3DD8B9-2783-4EB4-945C-B0E9634A374A}.Debug|x86.Deploy.0 = Debug|x86
		{1C3DD8B9-2783-4EB4-945C-B0E9634A374A}.Release|Any CPU.ActiveCfg = Release|x86
		{1C3DD8B9-2783-4EB4-945C-B0E9634A374A}.Release|ARM.ActiveCfg = Release|ARM
		{1C3DD8B9-2783-4EB4-945C-B0E9634A374A}.Release|ARM.Build.0 = Release|ARM
		{1C3DD8B9-2783-4EB4-945C-B0E9634A374A}.Release|ARM.Deploy.0 = Release|ARM
		{1C3DD8B9-2783-4EB4-945C-B0E9634A374A}.Release|Mixed Platforms.ActiveCfg = Release|x86
		{1C3DD8B9-2783-4EB4-945C-B0E9634A374A}.Release|Mixed Platforms.Build.0 = Release|x86
		{1C3DD8B9-2783-4EB4-945C-B0E9634A374A}.Release|Mixed Platforms.Deploy.0 = Release|x86
		{1C3DD8B9-2783-4EB4-945C-B0E9634A374A}.Release|x64.ActiveCfg = Release|x86
		{1C3DD8B9-2783-4EB4-945C-B0E9634A374A}.Release|x86.ActiveCfg = Release|x86
		{1C3DD8B9-2783-4EB4-945C-B0E9634A374A}.Release|x86.Build.0 = Release|x86
		{1C3DD8B9-2783-4EB4-945C-B0E9634A374A}.Release|x86.Deploy.0 = Release|x86
		{F2136F77-9111-40F7-95EC-548041B9C1F9}.Debug|Any CPU.ActiveCfg = Debug|x86
		{F2136F77-9111-40F7-95EC-548041B9C1F9}.Debug|ARM.ActiveCfg = Debug|ARM
		{F2136F77-9111-40F7-95EC-548041B9C1F9}.Debug|ARM.Build.0 = Debug|ARM
		{F2136F77-9111-40F7-95EC-548041B9C1F9}.Debug|ARM.Deploy.0 = Debug|ARM
		{F2136F77-9111-40F7-95EC-548041B9C1F9}.Debug|Mixed Platforms.ActiveCfg = Debug|x86
		{F2136F77-9111-40F7-95EC-548041B9C1F9}.Debug|Mixed Platforms.Build.0 = Debug|x86
		{F2136F77-9111-40F7-95EC-548041B9C1F9}.Debug|Mixed Platforms.Deploy.0 = Debug|x86
		{F2136F77-9111-40F7-95EC-548041B9C1F9}.Debug|x64.ActiveCfg = Debug|x86
		{F2136F77-9111-40F7-95EC-548041B9C1F9}.Debug|x86.ActiveCfg = Debug|x86
		{F2136F77-9111-40F7-95EC-548041B9C1F9}.Debug|x86.Build.0 = Debug|x86
		{F2136F77-9111-40F7-95EC-548041B9C1F9}.Debug|x86.Deploy.0 = Debug|x86
		{F2136F77-9111-40F7-95EC-548041B9C1F9}.Release|Any CPU.ActiveCfg = Release|x86
		{F2136F77-9111-40F7-95EC-548041B9C1F9}.Release|ARM.ActiveCfg = Release|ARM
		{F2136F77-9111-40F7-95EC-548041B9C1F9}.Release|ARM.Build.0 = Release|ARM
		{F2136F77-9111-40F7-95EC-548041B9C1F9}.Release|ARM.Deploy.0 = Release|ARM
		{F2136F77-9111-40F7-95EC-548041B9C1F9}.Release|Mixed Platforms.ActiveCfg = Release|x86
		{F2136F77-9111-40F7-95EC-548041B9C1F9}.Release|Mixed Platforms.Build.0 = Release|x86
		{F2136F77-9111-40F7-95EC-548041B9C1F9}.Release|Mixed Platforms.Deploy.0 = Release|x86
		{F2136F77-9111-40F7-95EC-548041B9C1F9}.Release|x64.ActiveCfg = Release|x86
		{F2136F77-9111-40F7-95EC-548041B9C1F9}.Release|x86.ActiveCfg = Release|x86
		{F2136F77-9111-40F7-95EC-548041B9C1F9}.Release|x86.Build.0 = Release|x86
		{F2136F77-9111-40F7-95EC-548041B9C1F9}.Release|x86.Deploy.0 = Release|x86
		{A17B2A22-55BD-4B0C-80ED-AE068BF35504}.Debug|Any CPU.ActiveCfg = Debug|Any CPU
		{A17B2A22-55BD-4B0C-80ED-AE068BF35504}.Debug|Any CPU.Build.0 = Debug|Any CPU
		{A17B2A22-55BD-4B0C-80ED-AE068BF35504}.Debug|Any CPU.Deploy.0 = Debug|Any CPU
		{A17B2A22-55BD-4B0C-80ED-AE068BF35504}.Debug|ARM.ActiveCfg = Debug|ARM
		{A17B2A22-55BD-4B0C-80ED-AE068BF35504}.Debug|Mixed Platforms.ActiveCfg = Debug|x86
		{A17B2A22-55BD-4B0C-80ED-AE068BF35504}.Debug|Mixed Platforms.Build.0 = Debug|x86
		{A17B2A22-55BD-4B0C-80ED-AE068BF35504}.Debug|Mixed Platforms.Deploy.0 = Debug|x86
		{A17B2A22-55BD-4B0C-80ED-AE068BF35504}.Debug|x64.ActiveCfg = Debug|x64
		{A17B2A22-55BD-4B0C-80ED-AE068BF35504}.Debug|x64.Build.0 = Debug|x64
		{A17B2A22-55BD-4B0C-80ED-AE068BF35504}.Debug|x64.Deploy.0 = Debug|x64
		{A17B2A22-55BD-4B0C-80ED-AE068BF35504}.Debug|x86.ActiveCfg = Debug|x86
		{A17B2A22-55BD-4B0C-80ED-AE068BF35504}.Debug|x86.Build.0 = Debug|x86
		{A17B2A22-55BD-4B0C-80ED-AE068BF35504}.Debug|x86.Deploy.0 = Debug|x86
		{A17B2A22-55BD-4B0C-80ED-AE068BF35504}.Release|Any CPU.ActiveCfg = Release|Any CPU
		{A17B2A22-55BD-4B0C-80ED-AE068BF35504}.Release|Any CPU.Build.0 = Release|Any CPU
		{A17B2A22-55BD-4B0C-80ED-AE068BF35504}.Release|Any CPU.Deploy.0 = Release|Any CPU
		{A17B2A22-55BD-4B0C-80ED-AE068BF35504}.Release|ARM.ActiveCfg = Release|ARM
		{A17B2A22-55BD-4B0C-80ED-AE068BF35504}.Release|ARM.Build.0 = Release|ARM
		{A17B2A22-55BD-4B0C-80ED-AE068BF35504}.Release|ARM.Deploy.0 = Release|ARM
		{A17B2A22-55BD-4B0C-80ED-AE068BF35504}.Release|Mixed Platforms.ActiveCfg = Release|x86
		{A17B2A22-55BD-4B0C-80ED-AE068BF35504}.Release|Mixed Platforms.Build.0 = Release|x86
		{A17B2A22-55BD-4B0C-80ED-AE068BF35504}.Release|Mixed Platforms.Deploy.0 = Release|x86
		{A17B2A22-55BD-4B0C-80ED-AE068BF35504}.Release|x64.ActiveCfg = Release|x64
		{A17B2A22-55BD-4B0C-80ED-AE068BF35504}.Release|x64.Build.0 = Release|x64
		{A17B2A22-55BD-4B0C-80ED-AE068BF35504}.Release|x64.Deploy.0 = Release|x64
		{A17B2A22-55BD-4B0C-80ED-AE068BF35504}.Release|x86.ActiveCfg = Release|x86
		{A17B2A22-55BD-4B0C-80ED-AE068BF35504}.Release|x86.Build.0 = Release|x86
		{A17B2A22-55BD-4B0C-80ED-AE068BF35504}.Release|x86.Deploy.0 = Release|x86
		{D8B64B2E-B03C-4FF7-A91F-E192EA378B4E}.Debug|Any CPU.ActiveCfg = Debug|Any CPU
		{D8B64B2E-B03C-4FF7-A91F-E192EA378B4E}.Debug|Any CPU.Build.0 = Debug|Any CPU
		{D8B64B2E-B03C-4FF7-A91F-E192EA378B4E}.Debug|Any CPU.Deploy.0 = Debug|Any CPU
		{D8B64B2E-B03C-4FF7-A91F-E192EA378B4E}.Debug|ARM.ActiveCfg = Debug|ARM
		{D8B64B2E-B03C-4FF7-A91F-E192EA378B4E}.Debug|Mixed Platforms.ActiveCfg = Debug|x86
		{D8B64B2E-B03C-4FF7-A91F-E192EA378B4E}.Debug|Mixed Platforms.Build.0 = Debug|x86
		{D8B64B2E-B03C-4FF7-A91F-E192EA378B4E}.Debug|Mixed Platforms.Deploy.0 = Debug|x86
		{D8B64B2E-B03C-4FF7-A91F-E192EA378B4E}.Debug|x64.ActiveCfg = Debug|x64
		{D8B64B2E-B03C-4FF7-A91F-E192EA378B4E}.Debug|x64.Build.0 = Debug|x64
		{D8B64B2E-B03C-4FF7-A91F-E192EA378B4E}.Debug|x64.Deploy.0 = Debug|x64
		{D8B64B2E-B03C-4FF7-A91F-E192EA378B4E}.Debug|x86.ActiveCfg = Debug|x86
		{D8B64B2E-B03C-4FF7-A91F-E192EA378B4E}.Debug|x86.Build.0 = Debug|x86
		{D8B64B2E-B03C-4FF7-A91F-E192EA378B4E}.Debug|x86.Deploy.0 = Debug|x86
		{D8B64B2E-B03C-4FF7-A91F-E192EA378B4E}.Release|Any CPU.ActiveCfg = Release|Any CPU
		{D8B64B2E-B03C-4FF7-A91F-E192EA378B4E}.Release|Any CPU.Build.0 = Release|Any CPU
		{D8B64B2E-B03C-4FF7-A91F-E192EA378B4E}.Release|Any CPU.Deploy.0 = Release|Any CPU
		{D8B64B2E-B03C-4FF7-A91F-E192EA378B4E}.Release|ARM.ActiveCfg = Release|ARM
		{D8B64B2E-B03C-4FF7-A91F-E192EA378B4E}.Release|ARM.Build.0 = Release|ARM
		{D8B64B2E-B03C-4FF7-A91F-E192EA378B4E}.Release|ARM.Deploy.0 = Release|ARM
		{D8B64B2E-B03C-4FF7-A91F-E192EA378B4E}.Release|Mixed Platforms.ActiveCfg = Release|x86
		{D8B64B2E-B03C-4FF7-A91F-E192EA378B4E}.Release|Mixed Platforms.Build.0 = Release|x86
		{D8B64B2E-B03C-4FF7-A91F-E192EA378B4E}.Release|Mixed Platforms.Deploy.0 = Release|x86
		{D8B64B2E-B03C-4FF7-A91F-E192EA378B4E}.Release|x64.ActiveCfg = Release|x64
		{D8B64B2E-B03C-4FF7-A91F-E192EA378B4E}.Release|x64.Build.0 = Release|x64
		{D8B64B2E-B03C-4FF7-A91F-E192EA378B4E}.Release|x64.Deploy.0 = Release|x64
		{D8B64B2E-B03C-4FF7-A91F-E192EA378B4E}.Release|x86.ActiveCfg = Release|x86
		{D8B64B2E-B03C-4FF7-A91F-E192EA378B4E}.Release|x86.Build.0 = Release|x86
		{D8B64B2E-B03C-4FF7-A91F-E192EA378B4E}.Release|x86.Deploy.0 = Release|x86
		{3E659F3B-A23D-4D6A-AD9D-684EB0C51E91}.Debug|Any CPU.ActiveCfg = Debug|Any CPU
		{3E659F3B-A23D-4D6A-AD9D-684EB0C51E91}.Debug|Any CPU.Build.0 = Debug|Any CPU
		{3E659F3B-A23D-4D6A-AD9D-684EB0C51E91}.Debug|Any CPU.Deploy.0 = Debug|Any CPU
		{3E659F3B-A23D-4D6A-AD9D-684EB0C51E91}.Debug|ARM.ActiveCfg = Debug|ARM
		{3E659F3B-A23D-4D6A-AD9D-684EB0C51E91}.Debug|ARM.Build.0 = Debug|ARM
		{3E659F3B-A23D-4D6A-AD9D-684EB0C51E91}.Debug|ARM.Deploy.0 = Debug|ARM
		{3E659F3B-A23D-4D6A-AD9D-684EB0C51E91}.Debug|Mixed Platforms.ActiveCfg = Debug|x86
		{3E659F3B-A23D-4D6A-AD9D-684EB0C51E91}.Debug|Mixed Platforms.Build.0 = Debug|x86
		{3E659F3B-A23D-4D6A-AD9D-684EB0C51E91}.Debug|Mixed Platforms.Deploy.0 = Debug|x86
		{3E659F3B-A23D-4D6A-AD9D-684EB0C51E91}.Debug|x64.ActiveCfg = Debug|Any CPU
		{3E659F3B-A23D-4D6A-AD9D-684EB0C51E91}.Debug|x86.ActiveCfg = Debug|x86
		{3E659F3B-A23D-4D6A-AD9D-684EB0C51E91}.Debug|x86.Build.0 = Debug|x86
		{3E659F3B-A23D-4D6A-AD9D-684EB0C51E91}.Debug|x86.Deploy.0 = Debug|x86
		{3E659F3B-A23D-4D6A-AD9D-684EB0C51E91}.Release|Any CPU.ActiveCfg = Release|Any CPU
		{3E659F3B-A23D-4D6A-AD9D-684EB0C51E91}.Release|Any CPU.Build.0 = Release|Any CPU
		{3E659F3B-A23D-4D6A-AD9D-684EB0C51E91}.Release|Any CPU.Deploy.0 = Release|Any CPU
		{3E659F3B-A23D-4D6A-AD9D-684EB0C51E91}.Release|ARM.ActiveCfg = Release|ARM
		{3E659F3B-A23D-4D6A-AD9D-684EB0C51E91}.Release|ARM.Build.0 = Release|ARM
		{3E659F3B-A23D-4D6A-AD9D-684EB0C51E91}.Release|ARM.Deploy.0 = Release|ARM
		{3E659F3B-A23D-4D6A-AD9D-684EB0C51E91}.Release|Mixed Platforms.ActiveCfg = Release|x86
		{3E659F3B-A23D-4D6A-AD9D-684EB0C51E91}.Release|Mixed Platforms.Build.0 = Release|x86
		{3E659F3B-A23D-4D6A-AD9D-684EB0C51E91}.Release|Mixed Platforms.Deploy.0 = Release|x86
		{3E659F3B-A23D-4D6A-AD9D-684EB0C51E91}.Release|x64.ActiveCfg = Release|Any CPU
		{3E659F3B-A23D-4D6A-AD9D-684EB0C51E91}.Release|x86.ActiveCfg = Release|x86
		{3E659F3B-A23D-4D6A-AD9D-684EB0C51E91}.Release|x86.Build.0 = Release|x86
		{3E659F3B-A23D-4D6A-AD9D-684EB0C51E91}.Release|x86.Deploy.0 = Release|x86
		{D939C457-A5A0-4E43-9259-EB0EE2245C14}.Debug|Any CPU.ActiveCfg = Debug|Any CPU
		{D939C457-A5A0-4E43-9259-EB0EE2245C14}.Debug|Any CPU.Build.0 = Debug|Any CPU
		{D939C457-A5A0-4E43-9259-EB0EE2245C14}.Debug|Any CPU.Deploy.0 = Debug|Any CPU
		{D939C457-A5A0-4E43-9259-EB0EE2245C14}.Debug|ARM.ActiveCfg = Debug|ARM
		{D939C457-A5A0-4E43-9259-EB0EE2245C14}.Debug|Mixed Platforms.ActiveCfg = Debug|x86
		{D939C457-A5A0-4E43-9259-EB0EE2245C14}.Debug|Mixed Platforms.Build.0 = Debug|x86
		{D939C457-A5A0-4E43-9259-EB0EE2245C14}.Debug|Mixed Platforms.Deploy.0 = Debug|x86
		{D939C457-A5A0-4E43-9259-EB0EE2245C14}.Debug|x64.ActiveCfg = Debug|x64
		{D939C457-A5A0-4E43-9259-EB0EE2245C14}.Debug|x64.Build.0 = Debug|x64
		{D939C457-A5A0-4E43-9259-EB0EE2245C14}.Debug|x64.Deploy.0 = Debug|x64
		{D939C457-A5A0-4E43-9259-EB0EE2245C14}.Debug|x86.ActiveCfg = Debug|x86
		{D939C457-A5A0-4E43-9259-EB0EE2245C14}.Debug|x86.Build.0 = Debug|x86
		{D939C457-A5A0-4E43-9259-EB0EE2245C14}.Debug|x86.Deploy.0 = Debug|x86
		{D939C457-A5A0-4E43-9259-EB0EE2245C14}.Release|Any CPU.ActiveCfg = Release|Any CPU
		{D939C457-A5A0-4E43-9259-EB0EE2245C14}.Release|Any CPU.Build.0 = Release|Any CPU
		{D939C457-A5A0-4E43-9259-EB0EE2245C14}.Release|Any CPU.Deploy.0 = Release|Any CPU
		{D939C457-A5A0-4E43-9259-EB0EE2245C14}.Release|ARM.ActiveCfg = Release|ARM
		{D939C457-A5A0-4E43-9259-EB0EE2245C14}.Release|ARM.Build.0 = Release|ARM
		{D939C457-A5A0-4E43-9259-EB0EE2245C14}.Release|ARM.Deploy.0 = Release|ARM
		{D939C457-A5A0-4E43-9259-EB0EE2245C14}.Release|Mixed Platforms.ActiveCfg = Release|x86
		{D939C457-A5A0-4E43-9259-EB0EE2245C14}.Release|Mixed Platforms.Build.0 = Release|x86
		{D939C457-A5A0-4E43-9259-EB0EE2245C14}.Release|Mixed Platforms.Deploy.0 = Release|x86
		{D939C457-A5A0-4E43-9259-EB0EE2245C14}.Release|x64.ActiveCfg = Release|x64
		{D939C457-A5A0-4E43-9259-EB0EE2245C14}.Release|x64.Build.0 = Release|x64
		{D939C457-A5A0-4E43-9259-EB0EE2245C14}.Release|x64.Deploy.0 = Release|x64
		{D939C457-A5A0-4E43-9259-EB0EE2245C14}.Release|x86.ActiveCfg = Release|x86
		{D939C457-A5A0-4E43-9259-EB0EE2245C14}.Release|x86.Build.0 = Release|x86
		{D939C457-A5A0-4E43-9259-EB0EE2245C14}.Release|x86.Deploy.0 = Release|x86
	EndGlobalSection
	GlobalSection(SolutionProperties) = preSolution
		HideSolutionNode = FALSE
	EndGlobalSection
	GlobalSection(NestedProjects) = preSolution
		{C5A679B8-8F8E-451A-8A8E-45DDBEB3C57D} = {A6E65B99-E2A2-4188-BEEC-07E3C8620F93}
		{3C371094-033F-4F31-9E34-D52AB65DE73C} = {A6E65B99-E2A2-4188-BEEC-07E3C8620F93}
		{BD887228-1E81-4CA3-AA3E-13B82248299B} = {A6E65B99-E2A2-4188-BEEC-07E3C8620F93}
		{13217199-7407-4525-97DE-005E4775F498} = {A6E65B99-E2A2-4188-BEEC-07E3C8620F93}
		{92A7EEDD-8D3E-482C-80C6-1DA8F2B33126} = {A6E65B99-E2A2-4188-BEEC-07E3C8620F93}
		{1A92E92D-0011-4EA1-8419-EEB6523B9C9A} = {A6E65B99-E2A2-4188-BEEC-07E3C8620F93}
		{51D4C81F-AC59-4516-B307-AFF1A779E11F} = {92A7EEDD-8D3E-482C-80C6-1DA8F2B33126}
		{E222AB54-2F09-4B90-846F-B2A3EB893233} = {1A92E92D-0011-4EA1-8419-EEB6523B9C9A}
		{60A7D9B5-1117-4146-A27A-E5E5111DF59D} = {A6E65B99-E2A2-4188-BEEC-07E3C8620F93}
		{28E2EE97-79F2-4149-8DC3-CF8C93542376} = {92A7EEDD-8D3E-482C-80C6-1DA8F2B33126}
		{17D45B8A-6118-4502-B079-227C45968C7C} = {92A7EEDD-8D3E-482C-80C6-1DA8F2B33126}
		{FB2F492D-F022-4436-838A-F7C48DE0DBA4} = {92A7EEDD-8D3E-482C-80C6-1DA8F2B33126}
		{D3500B1E-2074-4E90-BCDA-7BF56447BB2F} = {92A7EEDD-8D3E-482C-80C6-1DA8F2B33126}
		{7B995881-1066-4B64-9B58-92FE40397667} = {1A92E92D-0011-4EA1-8419-EEB6523B9C9A}
		{CE35F282-6085-4910-BFE2-38A93C50CD8B} = {1A92E92D-0011-4EA1-8419-EEB6523B9C9A}
		{A059E0A6-8A78-4A53-B2A9-4EC0EFDFF71B} = {1A92E92D-0011-4EA1-8419-EEB6523B9C9A}
		{36C64212-92F6-47CC-B21B-D5BF1BF47FEE} = {1A92E92D-0011-4EA1-8419-EEB6523B9C9A}
		{45BCA6E4-3370-460B-886B-954210D25710} = {5E3FFD0A-A66B-4352-9D51-60E0CEBF7A5E}
		{10FE926F-D7C5-4913-8DB8-D82C58AB7F2A} = {5E3FFD0A-A66B-4352-9D51-60E0CEBF7A5E}
		{1C3DD8B9-2783-4EB4-945C-B0E9634A374A} = {10FE926F-D7C5-4913-8DB8-D82C58AB7F2A}
		{F2136F77-9111-40F7-95EC-548041B9C1F9} = {10FE926F-D7C5-4913-8DB8-D82C58AB7F2A}
		{FFC34CA4-6A2C-45C4-91E3-F8CA2FC762AC} = {5E3FFD0A-A66B-4352-9D51-60E0CEBF7A5E}
		{073CFBD8-A2FB-4E23-BA1F-AFA6632CFC3E} = {FFC34CA4-6A2C-45C4-91E3-F8CA2FC762AC}
		{781EE956-C158-4CA0-96B0-CDAD31210026} = {FFC34CA4-6A2C-45C4-91E3-F8CA2FC762AC}
		{A17B2A22-55BD-4B0C-80ED-AE068BF35504} = {45BCA6E4-3370-460B-886B-954210D25710}
		{D8B64B2E-B03C-4FF7-A91F-E192EA378B4E} = {45BCA6E4-3370-460B-886B-954210D25710}
		{B9A9236C-1D52-458A-AF63-2D3DAE72EC3F} = {FFC34CA4-6A2C-45C4-91E3-F8CA2FC762AC}
		{3E659F3B-A23D-4D6A-AD9D-684EB0C51E91} = {1A92E92D-0011-4EA1-8419-EEB6523B9C9A}
		{8439660C-1AE2-4C77-B6C3-F12F1E66036F} = {A6E65B99-E2A2-4188-BEEC-07E3C8620F93}
		{D939C457-A5A0-4E43-9259-EB0EE2245C14} = {92A7EEDD-8D3E-482C-80C6-1DA8F2B33126}
	EndGlobalSection
EndGlobal
